{
  "version": 4,
  "terraform_version": "1.9.5",
  "serial": 101,
  "lineage": "3e37191c-92ff-4c6a-7432-4efe363d6166",
  "outputs": {
    "internet-gateway-id": {
      "value": "igw-0e9acfb127825d6aa",
      "type": "string"
    },
    "nat-gateway-id": {
      "value": [
        [
          "nat-0739ecea6ac9a91b6"
        ]
      ],
      "type": [
        "tuple",
        [
          [
            "tuple",
            [
              "string"
            ]
          ]
        ]
      ]
    },
    "subnets-private-id": {
      "value": [
        [
          "subnet-035f1f4e847aa5bb6",
          "subnet-0e5e219090ecc593d",
          "subnet-096b21d8817cc1694"
        ]
      ],
      "type": [
        "tuple",
        [
          [
            "tuple",
            [
              "string",
              "string",
              "string"
            ]
          ]
        ]
      ]
    },
    "subnets-public-id": {
      "value": [
        [
          "subnet-00ec33ddad4c46e29",
          "subnet-06e49870dbdc23e4b",
          "subnet-08b1d08c6678db557"
        ]
      ],
      "type": [
        "tuple",
        [
          [
            "tuple",
            [
              "string",
              "string",
              "string"
            ]
          ]
        ]
      ]
    },
    "vpc-id": {
      "value": "vpc-0b16be7e91ed1450b",
      "type": "string"
    }
  },
  "resources": [
    {
      "module": "module.network",
      "mode": "data",
      "type": "aws_availability_zone",
      "name": "az",
      "provider": "provider[\"registry.terraform.io/hashicorp/aws\"]",
      "instances": [
        {
          "index_key": 0,
          "schema_version": 0,
          "attributes": {
            "all_availability_zones": null,
            "filter": null,
            "group_name": "sa-east-1",
            "id": "sa-east-1a",
            "name": "sa-east-1a",
            "name_suffix": "a",
            "network_border_group": "sa-east-1",
            "opt_in_status": "opt-in-not-required",
            "parent_zone_id": "",
            "parent_zone_name": "",
            "region": "sa-east-1",
            "state": "available",
            "timeouts": null,
            "zone_id": "sae1-az1",
            "zone_type": "availability-zone"
          },
          "sensitive_attributes": []
        },
        {
          "index_key": 1,
          "schema_version": 0,
          "attributes": {
            "all_availability_zones": null,
            "filter": null,
            "group_name": "sa-east-1",
            "id": "sa-east-1b",
            "name": "sa-east-1b",
            "name_suffix": "b",
            "network_border_group": "sa-east-1",
            "opt_in_status": "opt-in-not-required",
            "parent_zone_id": "",
            "parent_zone_name": "",
            "region": "sa-east-1",
            "state": "available",
            "timeouts": null,
            "zone_id": "sae1-az2",
            "zone_type": "availability-zone"
          },
          "sensitive_attributes": []
        },
        {
          "index_key": 2,
          "schema_version": 0,
          "attributes": {
            "all_availability_zones": null,
            "filter": null,
            "group_name": "sa-east-1",
            "id": "sa-east-1c",
            "name": "sa-east-1c",
            "name_suffix": "c",
            "network_border_group": "sa-east-1",
            "opt_in_status": "opt-in-not-required",
            "parent_zone_id": "",
            "parent_zone_name": "",
            "region": "sa-east-1",
            "state": "available",
            "timeouts": null,
            "zone_id": "sae1-az3",
            "zone_type": "availability-zone"
          },
          "sensitive_attributes": []
        }
      ]
    },
    {
      "module": "module.network",
      "mode": "data",
      "type": "aws_availability_zones",
      "name": "available",
      "provider": "provider[\"registry.terraform.io/hashicorp/aws\"]",
      "instances": [
        {
          "schema_version": 0,
          "attributes": {
            "all_availability_zones": null,
            "exclude_names": null,
            "exclude_zone_ids": null,
            "filter": null,
            "group_names": [
              "sa-east-1"
            ],
            "id": "sa-east-1",
            "names": [
              "sa-east-1a",
              "sa-east-1b",
              "sa-east-1c"
            ],
            "state": null,
            "timeouts": null,
            "zone_ids": [
              "sae1-az1",
              "sae1-az2",
              "sae1-az3"
            ]
          },
          "sensitive_attributes": []
        }
      ]
    },
    {
      "module": "module.network",
      "mode": "data",
      "type": "aws_ec2_managed_prefix_list",
      "name": "s3",
      "provider": "provider[\"registry.terraform.io/hashicorp/aws\"]",
      "instances": [
        {
          "schema_version": 0,
          "attributes": {
            "address_family": "IPv4",
            "arn": "arn:aws:ec2:sa-east-1:aws:prefix-list/pl-6aa54003",
            "entries": [
              {
                "cidr": "16.12.0.0/23",
                "description": ""
              },
              {
                "cidr": "16.12.2.0/24",
                "description": ""
              },
              {
                "cidr": "3.5.232.0/22",
                "description": ""
              },
              {
                "cidr": "52.95.163.0/24",
                "description": ""
              },
              {
                "cidr": "52.95.164.0/23",
                "description": ""
              }
            ],
            "filter": null,
            "id": "pl-6aa54003",
            "max_entries": 0,
            "name": "com.amazonaws.sa-east-1.s3",
            "owner_id": "AWS",
            "tags": {},
            "timeouts": null,
            "version": 0
          },
          "sensitive_attributes": []
        }
      ]
    },
    {
      "module": "module.network",
      "mode": "data",
      "type": "aws_region",
      "name": "current",
      "provider": "provider[\"registry.terraform.io/hashicorp/aws\"]",
      "instances": [
        {
          "schema_version": 0,
          "attributes": {
            "description": "South America (Sao Paulo)",
            "endpoint": "ec2.sa-east-1.amazonaws.com",
            "id": "sa-east-1",
            "name": "sa-east-1"
          },
          "sensitive_attributes": []
        }
      ]
    },
    {
      "module": "module.network",
      "mode": "managed",
      "type": "aws_cloudformation_stack",
      "name": "tf_exports",
      "provider": "provider[\"registry.terraform.io/hashicorp/aws\"]",
      "instances": [
        {
          "schema_version": 0,
          "attributes": {
            "capabilities": null,
            "disable_rollback": false,
            "iam_role_arn": "",
            "id": "arn:aws:cloudformation:sa-east-1:547029308115:stack/terraform-exports-network-MyVPC/62174c00-5f49-11ef-a6bb-0a367d2e35ff",
            "name": "terraform-exports-network-MyVPC",
            "notification_arns": null,
            "on_failure": null,
            "outputs": {
              "CidrBlock": "10.1.0.0/16",
              "DbSubnetGroupId": "myvpc-dbsubnet",
              "InternetGatewayId": "igw-0e9acfb127825d6aa",
              "NatGatewayIds": "nat-0739ecea6ac9a91b6",
              "PrivateSubnetCidrs": "10.1.5.0/24,10.1.6.0/24,10.1.7.0/24",
              "PrivateSubnetIds": "subnet-035f1f4e847aa5bb6,subnet-0e5e219090ecc593d,subnet-096b21d8817cc1694",
              "PublicSubnetCidrs": "10.1.0.0/24,10.1.1.0/24,10.1.2.0/24",
              "PublicSubnetIds": "subnet-00ec33ddad4c46e29,subnet-06e49870dbdc23e4b,subnet-08b1d08c6678db557",
              "SecureSubnetCidrs": "10.1.10.0/24,10.1.11.0/24,10.1.12.0/24",
              "SecureSubnetIds": "subnet-03c629408074d0766,subnet-0d79d8412c61cbc1e,subnet-04f1401b7a5fd5f87",
              "VpcId": "vpc-0b16be7e91ed1450b"
            },
            "parameters": {},
            "policy_body": null,
            "policy_url": null,
            "tags": {},
            "tags_all": {},
            "template_body": "---\nAWSTemplateFormatVersion: '2010-09-09'\nDescription: 'CloudFormation exports'\n\nConditions:\n  HasNot: !Equals [ 'true', 'false' ]\n\nResources:\n  NullResource:\n    Type: 'Custom::NullResource'\n    Condition: HasNot\n\nOutputs:\n  CidrBlock:\n    Value: '10.1.0.0/16'\n    Export:\n      Name: 'TfExport-Network-MyVPC-CidrBlock'\n  DbSubnetGroupId:\n    Value: 'myvpc-dbsubnet'\n    Export:\n      Name: 'TfExport-Network-MyVPC-DbSubnetGroupId'\n  InternetGatewayId:\n    Value: 'igw-0e9acfb127825d6aa'\n    Export:\n      Name: 'TfExport-Network-MyVPC-InternetGatewayId'\n  NatGatewayIds:\n    Value: 'nat-0739ecea6ac9a91b6'\n    Export:\n      Name: 'TfExport-Network-MyVPC-NatGatewayIds'\n  PrivateSubnetCidrs:\n    Value: '10.1.5.0/24,10.1.6.0/24,10.1.7.0/24'\n    Export:\n      Name: 'TfExport-Network-MyVPC-PrivateSubnetCidrs'\n  PrivateSubnetIds:\n    Value: 'subnet-035f1f4e847aa5bb6,subnet-0e5e219090ecc593d,subnet-096b21d8817cc1694'\n    Export:\n      Name: 'TfExport-Network-MyVPC-PrivateSubnetIds'\n  PublicSubnetCidrs:\n    Value: '10.1.0.0/24,10.1.1.0/24,10.1.2.0/24'\n    Export:\n      Name: 'TfExport-Network-MyVPC-PublicSubnetCidrs'\n  PublicSubnetIds:\n    Value: 'subnet-00ec33ddad4c46e29,subnet-06e49870dbdc23e4b,subnet-08b1d08c6678db557'\n    Export:\n      Name: 'TfExport-Network-MyVPC-PublicSubnetIds'\n  SecureSubnetCidrs:\n    Value: '10.1.10.0/24,10.1.11.0/24,10.1.12.0/24'\n    Export:\n      Name: 'TfExport-Network-MyVPC-SecureSubnetCidrs'\n  SecureSubnetIds:\n    Value: 'subnet-03c629408074d0766,subnet-0d79d8412c61cbc1e,subnet-04f1401b7a5fd5f87'\n    Export:\n      Name: 'TfExport-Network-MyVPC-SecureSubnetIds'\n  VpcId:\n    Value: 'vpc-0b16be7e91ed1450b'\n    Export:\n      Name: 'TfExport-Network-MyVPC-VpcId'\n",
            "template_url": null,
            "timeout_in_minutes": 0,
            "timeouts": null
          },
          "sensitive_attributes": [],
          "private": "eyJlMmJmYjczMC1lY2FhLTExZTYtOGY4OC0zNDM2M2JjN2M0YzAiOnsiY3JlYXRlIjoxODAwMDAwMDAwMDAwLCJkZWxldGUiOjE4MDAwMDAwMDAwMDAsInVwZGF0ZSI6MTgwMDAwMDAwMDAwMH19",
          "dependencies": [
            "module.network.aws_db_subnet_group.secure",
            "module.network.aws_eip.nat_eip",
            "module.network.aws_internet_gateway.default",
            "module.network.aws_nat_gateway.nat_gw",
            "module.network.aws_subnet.private",
            "module.network.aws_subnet.public",
            "module.network.aws_subnet.secure",
            "module.network.aws_vpc.default",
            "module.network.data.aws_availability_zone.az",
            "module.network.data.aws_availability_zones.available"
          ]
        }
      ]
    },
    {
      "module": "module.network",
      "mode": "managed",
      "type": "aws_cloudwatch_log_group",
      "name": "vpc_flow_logs",
      "provider": "provider[\"registry.terraform.io/hashicorp/aws\"]",
      "instances": [
        {
          "index_key": 0,
          "schema_version": 0,
          "attributes": {
            "arn": "arn:aws:logs:sa-east-1:547029308115:log-group:/aws/vpc/MyVPC-VPC/flow-logs",
            "id": "/aws/vpc/MyVPC-VPC/flow-logs",
            "kms_key_id": "",
            "log_group_class": "STANDARD",
            "name": "/aws/vpc/MyVPC-VPC/flow-logs",
            "name_prefix": "",
            "retention_in_days": 365,
            "skip_destroy": false,
            "tags": {
              "EnvName": "MyVPC",
              "Name": "MyVPC-VPC-Flow-LogGroup"
            },
            "tags_all": {
              "EnvName": "MyVPC",
              "Name": "MyVPC-VPC-Flow-LogGroup"
            }
          },
          "sensitive_attributes": [],
          "private": "bnVsbA=="
        }
      ]
    },
    {
      "module": "module.network",
      "mode": "managed",
      "type": "aws_db_subnet_group",
      "name": "secure",
      "provider": "provider[\"registry.terraform.io/hashicorp/aws\"]",
      "instances": [
        {
          "schema_version": 0,
          "attributes": {
            "arn": "arn:aws:rds:sa-east-1:547029308115:subgrp:myvpc-dbsubnet",
            "description": "Managed by Terraform",
            "id": "myvpc-dbsubnet",
            "name": "myvpc-dbsubnet",
            "name_prefix": "",
            "subnet_ids": [
              "subnet-03c629408074d0766",
              "subnet-04f1401b7a5fd5f87",
              "subnet-0d79d8412c61cbc1e"
            ],
            "supported_network_types": [
              "IPV4"
            ],
            "tags": {
              "EnvName": "MyVPC",
              "Name": "MyVPC-DBSubnet",
              "Scheme": "secure"
            },
            "tags_all": {
              "EnvName": "MyVPC",
              "Name": "MyVPC-DBSubnet",
              "Scheme": "secure"
            },
            "vpc_id": "vpc-0b16be7e91ed1450b"
          },
          "sensitive_attributes": [],
          "private": "bnVsbA==",
          "dependencies": [
            "module.network.aws_eip.nat_eip",
            "module.network.aws_nat_gateway.nat_gw",
            "module.network.aws_subnet.public",
            "module.network.aws_subnet.secure",
            "module.network.aws_vpc.default",
            "module.network.data.aws_availability_zone.az",
            "module.network.data.aws_availability_zones.available"
          ]
        }
      ]
    },
    {
      "module": "module.network",
      "mode": "managed",
      "type": "aws_eip",
      "name": "nat_eip",
      "provider": "provider[\"registry.terraform.io/hashicorp/aws\"]",
      "instances": [
        {
          "index_key": 0,
          "schema_version": 0,
          "attributes": {
            "address": null,
            "allocation_id": "eipalloc-0cd77a44cb0dad4bb",
            "arn": "arn:aws:ec2:sa-east-1:547029308115:elastic-ip/eipalloc-0cd77a44cb0dad4bb",
            "associate_with_private_ip": null,
            "association_id": "eipassoc-032cc71c48ac82f29",
            "carrier_ip": "",
            "customer_owned_ip": "",
            "customer_owned_ipv4_pool": "",
            "domain": "vpc",
            "id": "eipalloc-0cd77a44cb0dad4bb",
            "instance": "",
            "network_border_group": "sa-east-1",
            "network_interface": "eni-068ef1e610a3cc7a9",
            "private_dns": "ip-10-1-0-150.sa-east-1.compute.internal",
            "private_ip": "10.1.0.150",
            "ptr_record": "",
            "public_dns": "ec2-54-94-46-65.sa-east-1.compute.amazonaws.com",
            "public_ip": "54.94.46.65",
            "public_ipv4_pool": "amazon",
            "tags": {
              "EnvName": "MyVPC",
              "Name": "MyVPC-EIP-0"
            },
            "tags_all": {
              "EnvName": "MyVPC",
              "Name": "MyVPC-EIP-0"
            },
            "timeouts": null,
            "vpc": true
          },
          "sensitive_attributes": [],
          "private": "eyJlMmJmYjczMC1lY2FhLTExZTYtOGY4OC0zNDM2M2JjN2M0YzAiOnsiZGVsZXRlIjoxODAwMDAwMDAwMDAsInJlYWQiOjkwMDAwMDAwMDAwMCwidXBkYXRlIjozMDAwMDAwMDAwMDB9fQ==",
          "dependencies": [
            "module.network.data.aws_availability_zones.available"
          ],
          "create_before_destroy": true
        }
      ]
    },
    {
      "module": "module.network",
      "mode": "managed",
      "type": "aws_flow_log",
      "name": "vpc",
      "provider": "provider[\"registry.terraform.io/hashicorp/aws\"]",
      "instances": [
        {
          "index_key": 0,
          "schema_version": 0,
          "attributes": {
            "arn": "arn:aws:ec2:sa-east-1:547029308115:vpc-flow-log/fl-08be63e859c02066a",
            "deliver_cross_account_role": "",
            "destination_options": [],
            "eni_id": null,
            "iam_role_arn": "arn:aws:iam::547029308115:role/MyVPC-sa-east-1-VPC-flow-logs",
            "id": "fl-08be63e859c02066a",
            "log_destination": "arn:aws:logs:sa-east-1:547029308115:log-group:/aws/vpc/MyVPC-VPC/flow-logs",
            "log_destination_type": "cloud-watch-logs",
            "log_format": "${version} ${account-id} ${interface-id} ${srcaddr} ${dstaddr} ${srcport} ${dstport} ${protocol} ${packets} ${bytes} ${start} ${end} ${action} ${log-status}",
            "log_group_name": "/aws/vpc/MyVPC-VPC/flow-logs",
            "max_aggregation_interval": 600,
            "subnet_id": null,
            "tags": {},
            "tags_all": {},
            "traffic_type": "ALL",
            "transit_gateway_attachment_id": null,
            "transit_gateway_id": null,
            "vpc_id": "vpc-0b16be7e91ed1450b"
          },
          "sensitive_attributes": [],
          "private": "bnVsbA==",
          "dependencies": [
            "module.network.aws_cloudwatch_log_group.vpc_flow_logs",
            "module.network.aws_iam_role.vpc_flow_logs",
            "module.network.aws_vpc.default",
            "module.network.data.aws_region.current"
          ]
        }
      ]
    },
    {
      "module": "module.network",
      "mode": "managed",
      "type": "aws_iam_role",
      "name": "vpc_flow_logs",
      "provider": "provider[\"registry.terraform.io/hashicorp/aws\"]",
      "instances": [
        {
          "index_key": 0,
          "schema_version": 0,
          "attributes": {
            "arn": "arn:aws:iam::547029308115:role/MyVPC-sa-east-1-VPC-flow-logs",
            "assume_role_policy": "{\"Statement\":[{\"Action\":\"sts:AssumeRole\",\"Effect\":\"Allow\",\"Principal\":{\"Service\":\"vpc-flow-logs.amazonaws.com\"},\"Sid\":\"\"}],\"Version\":\"2012-10-17\"}",
            "create_date": "2024-08-20T23:08:05Z",
            "description": "",
            "force_detach_policies": false,
            "id": "MyVPC-sa-east-1-VPC-flow-logs",
            "inline_policy": [
              {
                "name": "MyVPC-sa-east-1-VPC-flow-logs",
                "policy": "{\"Version\":\"2012-10-17\",\"Statement\":[{\"Action\":[\"logs:CreateLogGroup\",\"logs:CreateLogStream\",\"logs:PutLogEvents\",\"logs:DescribeLogGroups\",\"logs:DescribeLogStreams\"],\"Effect\":\"Allow\",\"Resource\":\"*\"}]}"
              }
            ],
            "managed_policy_arns": [],
            "max_session_duration": 3600,
            "name": "MyVPC-sa-east-1-VPC-flow-logs",
            "name_prefix": "",
            "path": "/",
            "permissions_boundary": "",
            "tags": {
              "EnvName": "MyVPC",
              "Name": "MyVPC-VPC-Flow-IAM-Role",
              "Region": "sa-east-1"
            },
            "tags_all": {
              "EnvName": "MyVPC",
              "Name": "MyVPC-VPC-Flow-IAM-Role",
              "Region": "sa-east-1"
            },
            "unique_id": "AROAX6XL42LJY32AKJ6AF"
          },
          "sensitive_attributes": [],
          "private": "bnVsbA==",
          "dependencies": [
            "module.network.data.aws_region.current"
          ]
        }
      ]
    },
    {
      "module": "module.network",
      "mode": "managed",
      "type": "aws_iam_role_policy",
      "name": "vpc_flow_log",
      "provider": "provider[\"registry.terraform.io/hashicorp/aws\"]",
      "instances": [
        {
          "index_key": 0,
          "schema_version": 0,
          "attributes": {
            "id": "MyVPC-sa-east-1-VPC-flow-logs:MyVPC-sa-east-1-VPC-flow-logs",
            "name": "MyVPC-sa-east-1-VPC-flow-logs",
            "name_prefix": "",
            "policy": "{\"Version\":\"2012-10-17\",\"Statement\":[{\"Action\":[\"logs:CreateLogGroup\",\"logs:CreateLogStream\",\"logs:PutLogEvents\",\"logs:DescribeLogGroups\",\"logs:DescribeLogStreams\"],\"Effect\":\"Allow\",\"Resource\":\"*\"}]}",
            "role": "MyVPC-sa-east-1-VPC-flow-logs"
          },
          "sensitive_attributes": [],
          "private": "bnVsbA==",
          "dependencies": [
            "module.network.aws_iam_role.vpc_flow_logs",
            "module.network.data.aws_region.current"
          ]
        }
      ]
    },
    {
      "module": "module.network",
      "mode": "managed",
      "type": "aws_internet_gateway",
      "name": "default",
      "provider": "provider[\"registry.terraform.io/hashicorp/aws\"]",
      "instances": [
        {
          "schema_version": 0,
          "attributes": {
            "arn": "arn:aws:ec2:sa-east-1:547029308115:internet-gateway/igw-0e9acfb127825d6aa",
            "id": "igw-0e9acfb127825d6aa",
            "owner_id": "547029308115",
            "tags": {
              "EnvName": "MyVPC",
              "Name": "MyVPC-IG"
            },
            "tags_all": {
              "EnvName": "MyVPC",
              "Name": "MyVPC-IG"
            },
            "timeouts": null,
            "vpc_id": "vpc-0b16be7e91ed1450b"
          },
          "sensitive_attributes": [],
          "private": "eyJlMmJmYjczMC1lY2FhLTExZTYtOGY4OC0zNDM2M2JjN2M0YzAiOnsiY3JlYXRlIjoxMjAwMDAwMDAwMDAwLCJkZWxldGUiOjEyMDAwMDAwMDAwMDAsInVwZGF0ZSI6MTIwMDAwMDAwMDAwMH19",
          "dependencies": [
            "module.network.aws_vpc.default"
          ],
          "create_before_destroy": true
        }
      ]
    },
    {
      "module": "module.network",
      "mode": "managed",
      "type": "aws_nat_gateway",
      "name": "nat_gw",
      "provider": "provider[\"registry.terraform.io/hashicorp/aws\"]",
      "instances": [
        {
          "index_key": 0,
          "schema_version": 0,
          "attributes": {
            "allocation_id": "eipalloc-0cd77a44cb0dad4bb",
            "association_id": "eipassoc-032cc71c48ac82f29",
            "connectivity_type": "public",
            "id": "nat-0739ecea6ac9a91b6",
            "network_interface_id": "eni-068ef1e610a3cc7a9",
            "private_ip": "10.1.0.150",
            "public_ip": "54.94.46.65",
            "secondary_allocation_ids": [],
            "secondary_private_ip_address_count": 0,
            "secondary_private_ip_addresses": [],
            "subnet_id": "subnet-00ec33ddad4c46e29",
            "tags": {
              "EnvName": "MyVPC",
              "Name": "MyVPC-NATGW-0"
            },
            "tags_all": {
              "EnvName": "MyVPC",
              "Name": "MyVPC-NATGW-0"
            },
            "timeouts": null
          },
          "sensitive_attributes": [],
          "private": "eyJlMmJmYjczMC1lY2FhLTExZTYtOGY4OC0zNDM2M2JjN2M0YzAiOnsiY3JlYXRlIjo2MDAwMDAwMDAwMDAsImRlbGV0ZSI6MTgwMDAwMDAwMDAwMCwidXBkYXRlIjo2MDAwMDAwMDAwMDB9fQ==",
          "dependencies": [
            "module.network.aws_eip.nat_eip",
            "module.network.aws_subnet.public",
            "module.network.aws_vpc.default",
            "module.network.data.aws_availability_zone.az",
            "module.network.data.aws_availability_zones.available"
          ],
          "create_before_destroy": true
        }
      ]
    },
    {
      "module": "module.network",
      "mode": "managed",
      "type": "aws_network_acl",
      "name": "private",
      "provider": "provider[\"registry.terraform.io/hashicorp/aws\"]",
      "instances": [
        {
          "schema_version": 0,
          "attributes": {
            "arn": "arn:aws:ec2:sa-east-1:547029308115:network-acl/acl-0291eeaab0188692c",
            "egress": [
              {
                "action": "allow",
                "cidr_block": "0.0.0.0/0",
                "from_port": 0,
                "icmp_code": 0,
                "icmp_type": 0,
                "ipv6_cidr_block": "",
                "protocol": "-1",
                "rule_no": 1,
                "to_port": 0
              },
              {
                "action": "allow",
                "cidr_block": "16.12.0.0/23",
                "from_port": 0,
                "icmp_code": 0,
                "icmp_type": 0,
                "ipv6_cidr_block": "",
                "protocol": "-1",
                "rule_no": 801,
                "to_port": 0
              },
              {
                "action": "allow",
                "cidr_block": "16.12.2.0/24",
                "from_port": 0,
                "icmp_code": 0,
                "icmp_type": 0,
                "ipv6_cidr_block": "",
                "protocol": "-1",
                "rule_no": 802,
                "to_port": 0
              },
              {
                "action": "allow",
                "cidr_block": "3.5.232.0/22",
                "from_port": 0,
                "icmp_code": 0,
                "icmp_type": 0,
                "ipv6_cidr_block": "",
                "protocol": "-1",
                "rule_no": 803,
                "to_port": 0
              },
              {
                "action": "allow",
                "cidr_block": "52.95.163.0/24",
                "from_port": 0,
                "icmp_code": 0,
                "icmp_type": 0,
                "ipv6_cidr_block": "",
                "protocol": "-1",
                "rule_no": 804,
                "to_port": 0
              },
              {
                "action": "allow",
                "cidr_block": "52.95.164.0/23",
                "from_port": 0,
                "icmp_code": 0,
                "icmp_type": 0,
                "ipv6_cidr_block": "",
                "protocol": "-1",
                "rule_no": 805,
                "to_port": 0
              }
            ],
            "id": "acl-0291eeaab0188692c",
            "ingress": [
              {
                "action": "allow",
                "cidr_block": "0.0.0.0/0",
                "from_port": 0,
                "icmp_code": -1,
                "icmp_type": 0,
                "ipv6_cidr_block": "",
                "protocol": "1",
                "rule_no": 100,
                "to_port": 0
              },
              {
                "action": "allow",
                "cidr_block": "0.0.0.0/0",
                "from_port": 1024,
                "icmp_code": 0,
                "icmp_type": 0,
                "ipv6_cidr_block": "",
                "protocol": "6",
                "rule_no": 1,
                "to_port": 65535
              },
              {
                "action": "allow",
                "cidr_block": "10.1.0.0/24",
                "from_port": 0,
                "icmp_code": 0,
                "icmp_type": 0,
                "ipv6_cidr_block": "",
                "protocol": "-1",
                "rule_no": 301,
                "to_port": 0
              },
              {
                "action": "allow",
                "cidr_block": "10.1.1.0/24",
                "from_port": 0,
                "icmp_code": 0,
                "icmp_type": 0,
                "ipv6_cidr_block": "",
                "protocol": "-1",
                "rule_no": 302,
                "to_port": 0
              },
              {
                "action": "allow",
                "cidr_block": "10.1.10.0/24",
                "from_port": 0,
                "icmp_code": 0,
                "icmp_type": 0,
                "ipv6_cidr_block": "",
                "protocol": "-1",
                "rule_no": 401,
                "to_port": 0
              },
              {
                "action": "allow",
                "cidr_block": "10.1.11.0/24",
                "from_port": 0,
                "icmp_code": 0,
                "icmp_type": 0,
                "ipv6_cidr_block": "",
                "protocol": "-1",
                "rule_no": 402,
                "to_port": 0
              },
              {
                "action": "allow",
                "cidr_block": "10.1.12.0/24",
                "from_port": 0,
                "icmp_code": 0,
                "icmp_type": 0,
                "ipv6_cidr_block": "",
                "protocol": "-1",
                "rule_no": 403,
                "to_port": 0
              },
              {
                "action": "allow",
                "cidr_block": "10.1.2.0/24",
                "from_port": 0,
                "icmp_code": 0,
                "icmp_type": 0,
                "ipv6_cidr_block": "",
                "protocol": "-1",
                "rule_no": 303,
                "to_port": 0
              },
              {
                "action": "allow",
                "cidr_block": "10.1.5.0/24",
                "from_port": 0,
                "icmp_code": 0,
                "icmp_type": 0,
                "ipv6_cidr_block": "",
                "protocol": "-1",
                "rule_no": 201,
                "to_port": 0
              },
              {
                "action": "allow",
                "cidr_block": "10.1.6.0/24",
                "from_port": 0,
                "icmp_code": 0,
                "icmp_type": 0,
                "ipv6_cidr_block": "",
                "protocol": "-1",
                "rule_no": 202,
                "to_port": 0
              },
              {
                "action": "allow",
                "cidr_block": "10.1.7.0/24",
                "from_port": 0,
                "icmp_code": 0,
                "icmp_type": 0,
                "ipv6_cidr_block": "",
                "protocol": "-1",
                "rule_no": 203,
                "to_port": 0
              },
              {
                "action": "allow",
                "cidr_block": "16.12.0.0/23",
                "from_port": 0,
                "icmp_code": 0,
                "icmp_type": 0,
                "ipv6_cidr_block": "",
                "protocol": "-1",
                "rule_no": 801,
                "to_port": 0
              },
              {
                "action": "allow",
                "cidr_block": "16.12.2.0/24",
                "from_port": 0,
                "icmp_code": 0,
                "icmp_type": 0,
                "ipv6_cidr_block": "",
                "protocol": "-1",
                "rule_no": 802,
                "to_port": 0
              },
              {
                "action": "allow",
                "cidr_block": "3.5.232.0/22",
                "from_port": 0,
                "icmp_code": 0,
                "icmp_type": 0,
                "ipv6_cidr_block": "",
                "protocol": "-1",
                "rule_no": 803,
                "to_port": 0
              },
              {
                "action": "allow",
                "cidr_block": "52.95.163.0/24",
                "from_port": 0,
                "icmp_code": 0,
                "icmp_type": 0,
                "ipv6_cidr_block": "",
                "protocol": "-1",
                "rule_no": 804,
                "to_port": 0
              },
              {
                "action": "allow",
                "cidr_block": "52.95.164.0/23",
                "from_port": 0,
                "icmp_code": 0,
                "icmp_type": 0,
                "ipv6_cidr_block": "",
                "protocol": "-1",
                "rule_no": 805,
                "to_port": 0
              }
            ],
            "owner_id": "547029308115",
            "subnet_ids": [
              "subnet-035f1f4e847aa5bb6",
              "subnet-096b21d8817cc1694",
              "subnet-0e5e219090ecc593d"
            ],
            "tags": {
              "EnvName": "MyVPC",
              "Name": "MyVPC-ACL-Private",
              "Scheme": "private"
            },
            "tags_all": {
              "EnvName": "MyVPC",
              "Name": "MyVPC-ACL-Private",
              "Scheme": "private"
            },
            "vpc_id": "vpc-0b16be7e91ed1450b"
          },
          "sensitive_attributes": [],
          "private": "bnVsbA==",
          "dependencies": [
            "module.network.aws_eip.nat_eip",
            "module.network.aws_nat_gateway.nat_gw",
            "module.network.aws_subnet.private",
            "module.network.aws_subnet.public",
            "module.network.aws_vpc.default",
            "module.network.data.aws_availability_zone.az",
            "module.network.data.aws_availability_zones.available"
          ]
        }
      ]
    },
    {
      "module": "module.network",
      "mode": "managed",
      "type": "aws_network_acl",
      "name": "public",
      "provider": "provider[\"registry.terraform.io/hashicorp/aws\"]",
      "instances": [
        {
          "schema_version": 0,
          "attributes": {
            "arn": "arn:aws:ec2:sa-east-1:547029308115:network-acl/acl-051b2023eeff90e77",
            "egress": [
              {
                "action": "allow",
                "cidr_block": "0.0.0.0/0",
                "from_port": 0,
                "icmp_code": 0,
                "icmp_type": 0,
                "ipv6_cidr_block": "",
                "protocol": "-1",
                "rule_no": 100,
                "to_port": 0
              }
            ],
            "id": "acl-051b2023eeff90e77",
            "ingress": [
              {
                "action": "allow",
                "cidr_block": "0.0.0.0/0",
                "from_port": 0,
                "icmp_code": -1,
                "icmp_type": 0,
                "ipv6_cidr_block": "",
                "protocol": "1",
                "rule_no": 501,
                "to_port": 0
              },
              {
                "action": "allow",
                "cidr_block": "0.0.0.0/0",
                "from_port": 1024,
                "icmp_code": 0,
                "icmp_type": 0,
                "ipv6_cidr_block": "",
                "protocol": "17",
                "rule_no": 401,
                "to_port": 65535
              },
              {
                "action": "allow",
                "cidr_block": "0.0.0.0/0",
                "from_port": 1024,
                "icmp_code": 0,
                "icmp_type": 0,
                "ipv6_cidr_block": "",
                "protocol": "6",
                "rule_no": 201,
                "to_port": 65535
              },
              {
                "action": "allow",
                "cidr_block": "0.0.0.0/0",
                "from_port": 1194,
                "icmp_code": 0,
                "icmp_type": 0,
                "ipv6_cidr_block": "",
                "protocol": "6",
                "rule_no": 104,
                "to_port": 1194
              },
              {
                "action": "allow",
                "cidr_block": "0.0.0.0/0",
                "from_port": 22,
                "icmp_code": 0,
                "icmp_type": 0,
                "ipv6_cidr_block": "",
                "protocol": "6",
                "rule_no": 103,
                "to_port": 22
              },
              {
                "action": "allow",
                "cidr_block": "0.0.0.0/0",
                "from_port": 443,
                "icmp_code": 0,
                "icmp_type": 0,
                "ipv6_cidr_block": "",
                "protocol": "6",
                "rule_no": 102,
                "to_port": 443
              },
              {
                "action": "allow",
                "cidr_block": "0.0.0.0/0",
                "from_port": 80,
                "icmp_code": 0,
                "icmp_type": 0,
                "ipv6_cidr_block": "",
                "protocol": "6",
                "rule_no": 101,
                "to_port": 80
              },
              {
                "action": "allow",
                "cidr_block": "10.1.0.0/16",
                "from_port": 0,
                "icmp_code": 0,
                "icmp_type": 0,
                "ipv6_cidr_block": "",
                "protocol": "-1",
                "rule_no": 1,
                "to_port": 0
              },
              {
                "action": "allow",
                "cidr_block": "10.1.5.0/24",
                "from_port": 0,
                "icmp_code": 0,
                "icmp_type": 0,
                "ipv6_cidr_block": "",
                "protocol": "-1",
                "rule_no": 601,
                "to_port": 0
              },
              {
                "action": "allow",
                "cidr_block": "10.1.6.0/24",
                "from_port": 0,
                "icmp_code": 0,
                "icmp_type": 0,
                "ipv6_cidr_block": "",
                "protocol": "-1",
                "rule_no": 602,
                "to_port": 0
              },
              {
                "action": "allow",
                "cidr_block": "10.1.7.0/24",
                "from_port": 0,
                "icmp_code": 0,
                "icmp_type": 0,
                "ipv6_cidr_block": "",
                "protocol": "-1",
                "rule_no": 603,
                "to_port": 0
              }
            ],
            "owner_id": "547029308115",
            "subnet_ids": [
              "subnet-00ec33ddad4c46e29",
              "subnet-06e49870dbdc23e4b",
              "subnet-08b1d08c6678db557"
            ],
            "tags": {
              "EnvName": "MyVPC",
              "Name": "MyVPC-ACL-Public",
              "Scheme": "public"
            },
            "tags_all": {
              "EnvName": "MyVPC",
              "Name": "MyVPC-ACL-Public",
              "Scheme": "public"
            },
            "vpc_id": "vpc-0b16be7e91ed1450b"
          },
          "sensitive_attributes": [],
          "private": "bnVsbA==",
          "dependencies": [
            "module.network.aws_subnet.public",
            "module.network.aws_vpc.default",
            "module.network.data.aws_availability_zone.az",
            "module.network.data.aws_availability_zones.available"
          ]
        }
      ]
    },
    {
      "module": "module.network",
      "mode": "managed",
      "type": "aws_network_acl",
      "name": "secure",
      "provider": "provider[\"registry.terraform.io/hashicorp/aws\"]",
      "instances": [
        {
          "schema_version": 0,
          "attributes": {
            "arn": "arn:aws:ec2:sa-east-1:547029308115:network-acl/acl-0e109ec87a3a39b61",
            "egress": [
              {
                "action": "allow",
                "cidr_block": "10.1.10.0/24",
                "from_port": 0,
                "icmp_code": 0,
                "icmp_type": 0,
                "ipv6_cidr_block": "",
                "protocol": "-1",
                "rule_no": 1,
                "to_port": 0
              },
              {
                "action": "allow",
                "cidr_block": "10.1.11.0/24",
                "from_port": 0,
                "icmp_code": 0,
                "icmp_type": 0,
                "ipv6_cidr_block": "",
                "protocol": "-1",
                "rule_no": 2,
                "to_port": 0
              },
              {
                "action": "allow",
                "cidr_block": "10.1.12.0/24",
                "from_port": 0,
                "icmp_code": 0,
                "icmp_type": 0,
                "ipv6_cidr_block": "",
                "protocol": "-1",
                "rule_no": 3,
                "to_port": 0
              },
              {
                "action": "allow",
                "cidr_block": "10.1.5.0/24",
                "from_port": 0,
                "icmp_code": 0,
                "icmp_type": 0,
                "ipv6_cidr_block": "",
                "protocol": "-1",
                "rule_no": 101,
                "to_port": 0
              },
              {
                "action": "allow",
                "cidr_block": "10.1.6.0/24",
                "from_port": 0,
                "icmp_code": 0,
                "icmp_type": 0,
                "ipv6_cidr_block": "",
                "protocol": "-1",
                "rule_no": 102,
                "to_port": 0
              },
              {
                "action": "allow",
                "cidr_block": "10.1.7.0/24",
                "from_port": 0,
                "icmp_code": 0,
                "icmp_type": 0,
                "ipv6_cidr_block": "",
                "protocol": "-1",
                "rule_no": 103,
                "to_port": 0
              },
              {
                "action": "allow",
                "cidr_block": "16.12.0.0/23",
                "from_port": 0,
                "icmp_code": 0,
                "icmp_type": 0,
                "ipv6_cidr_block": "",
                "protocol": "-1",
                "rule_no": 501,
                "to_port": 0
              },
              {
                "action": "allow",
                "cidr_block": "16.12.2.0/24",
                "from_port": 0,
                "icmp_code": 0,
                "icmp_type": 0,
                "ipv6_cidr_block": "",
                "protocol": "-1",
                "rule_no": 502,
                "to_port": 0
              },
              {
                "action": "allow",
                "cidr_block": "3.5.232.0/22",
                "from_port": 0,
                "icmp_code": 0,
                "icmp_type": 0,
                "ipv6_cidr_block": "",
                "protocol": "-1",
                "rule_no": 503,
                "to_port": 0
              },
              {
                "action": "allow",
                "cidr_block": "52.95.163.0/24",
                "from_port": 0,
                "icmp_code": 0,
                "icmp_type": 0,
                "ipv6_cidr_block": "",
                "protocol": "-1",
                "rule_no": 504,
                "to_port": 0
              },
              {
                "action": "allow",
                "cidr_block": "52.95.164.0/23",
                "from_port": 0,
                "icmp_code": 0,
                "icmp_type": 0,
                "ipv6_cidr_block": "",
                "protocol": "-1",
                "rule_no": 505,
                "to_port": 0
              }
            ],
            "id": "acl-0e109ec87a3a39b61",
            "ingress": [
              {
                "action": "allow",
                "cidr_block": "10.1.10.0/24",
                "from_port": 0,
                "icmp_code": 0,
                "icmp_type": 0,
                "ipv6_cidr_block": "",
                "protocol": "-1",
                "rule_no": 101,
                "to_port": 0
              },
              {
                "action": "allow",
                "cidr_block": "10.1.11.0/24",
                "from_port": 0,
                "icmp_code": 0,
                "icmp_type": 0,
                "ipv6_cidr_block": "",
                "protocol": "-1",
                "rule_no": 102,
                "to_port": 0
              },
              {
                "action": "allow",
                "cidr_block": "10.1.12.0/24",
                "from_port": 0,
                "icmp_code": 0,
                "icmp_type": 0,
                "ipv6_cidr_block": "",
                "protocol": "-1",
                "rule_no": 103,
                "to_port": 0
              },
              {
                "action": "allow",
                "cidr_block": "10.1.5.0/24",
                "from_port": 0,
                "icmp_code": 0,
                "icmp_type": 0,
                "ipv6_cidr_block": "",
                "protocol": "-1",
                "rule_no": 201,
                "to_port": 0
              },
              {
                "action": "allow",
                "cidr_block": "10.1.6.0/24",
                "from_port": 0,
                "icmp_code": 0,
                "icmp_type": 0,
                "ipv6_cidr_block": "",
                "protocol": "-1",
                "rule_no": 202,
                "to_port": 0
              },
              {
                "action": "allow",
                "cidr_block": "10.1.7.0/24",
                "from_port": 0,
                "icmp_code": 0,
                "icmp_type": 0,
                "ipv6_cidr_block": "",
                "protocol": "-1",
                "rule_no": 203,
                "to_port": 0
              },
              {
                "action": "allow",
                "cidr_block": "16.12.0.0/23",
                "from_port": 0,
                "icmp_code": 0,
                "icmp_type": 0,
                "ipv6_cidr_block": "",
                "protocol": "-1",
                "rule_no": 501,
                "to_port": 0
              },
              {
                "action": "allow",
                "cidr_block": "16.12.2.0/24",
                "from_port": 0,
                "icmp_code": 0,
                "icmp_type": 0,
                "ipv6_cidr_block": "",
                "protocol": "-1",
                "rule_no": 502,
                "to_port": 0
              },
              {
                "action": "allow",
                "cidr_block": "3.5.232.0/22",
                "from_port": 0,
                "icmp_code": 0,
                "icmp_type": 0,
                "ipv6_cidr_block": "",
                "protocol": "-1",
                "rule_no": 503,
                "to_port": 0
              },
              {
                "action": "allow",
                "cidr_block": "52.95.163.0/24",
                "from_port": 0,
                "icmp_code": 0,
                "icmp_type": 0,
                "ipv6_cidr_block": "",
                "protocol": "-1",
                "rule_no": 504,
                "to_port": 0
              },
              {
                "action": "allow",
                "cidr_block": "52.95.164.0/23",
                "from_port": 0,
                "icmp_code": 0,
                "icmp_type": 0,
                "ipv6_cidr_block": "",
                "protocol": "-1",
                "rule_no": 505,
                "to_port": 0
              }
            ],
            "owner_id": "547029308115",
            "subnet_ids": [
              "subnet-03c629408074d0766",
              "subnet-04f1401b7a5fd5f87",
              "subnet-0d79d8412c61cbc1e"
            ],
            "tags": {
              "EnvName": "MyVPC",
              "Name": "MyVPC-ACL-Secure",
              "Scheme": "secure"
            },
            "tags_all": {
              "EnvName": "MyVPC",
              "Name": "MyVPC-ACL-Secure",
              "Scheme": "secure"
            },
            "vpc_id": "vpc-0b16be7e91ed1450b"
          },
          "sensitive_attributes": [],
          "private": "bnVsbA==",
          "dependencies": [
            "module.network.aws_eip.nat_eip",
            "module.network.aws_nat_gateway.nat_gw",
            "module.network.aws_subnet.public",
            "module.network.aws_subnet.secure",
            "module.network.aws_vpc.default",
            "module.network.data.aws_availability_zone.az",
            "module.network.data.aws_availability_zones.available"
          ]
        }
      ]
    },
    {
      "module": "module.network",
      "mode": "managed",
      "type": "aws_network_acl_rule",
      "name": "in_private_from_private",
      "provider": "provider[\"registry.terraform.io/hashicorp/aws\"]",
      "instances": [
        {
          "index_key": 0,
          "schema_version": 0,
          "attributes": {
            "cidr_block": "10.1.5.0/24",
            "egress": false,
            "from_port": 0,
            "icmp_code": null,
            "icmp_type": null,
            "id": "nacl-1083737098",
            "ipv6_cidr_block": "",
            "network_acl_id": "acl-0291eeaab0188692c",
            "protocol": "-1",
            "rule_action": "allow",
            "rule_number": 201,
            "to_port": 0
          },
          "sensitive_attributes": [],
          "private": "bnVsbA==",
          "dependencies": [
            "module.network.aws_eip.nat_eip",
            "module.network.aws_nat_gateway.nat_gw",
            "module.network.aws_network_acl.private",
            "module.network.aws_subnet.private",
            "module.network.aws_subnet.public",
            "module.network.aws_vpc.default",
            "module.network.data.aws_availability_zone.az",
            "module.network.data.aws_availability_zones.available"
          ]
        },
        {
          "index_key": 1,
          "schema_version": 0,
          "attributes": {
            "cidr_block": "10.1.6.0/24",
            "egress": false,
            "from_port": 0,
            "icmp_code": null,
            "icmp_type": null,
            "id": "nacl-3648709131",
            "ipv6_cidr_block": "",
            "network_acl_id": "acl-0291eeaab0188692c",
            "protocol": "-1",
            "rule_action": "allow",
            "rule_number": 202,
            "to_port": 0
          },
          "sensitive_attributes": [],
          "private": "bnVsbA==",
          "dependencies": [
            "module.network.aws_eip.nat_eip",
            "module.network.aws_nat_gateway.nat_gw",
            "module.network.aws_network_acl.private",
            "module.network.aws_subnet.private",
            "module.network.aws_subnet.public",
            "module.network.aws_vpc.default",
            "module.network.data.aws_availability_zone.az",
            "module.network.data.aws_availability_zones.available"
          ]
        },
        {
          "index_key": 2,
          "schema_version": 0,
          "attributes": {
            "cidr_block": "10.1.7.0/24",
            "egress": false,
            "from_port": 0,
            "icmp_code": null,
            "icmp_type": null,
            "id": "nacl-418659787",
            "ipv6_cidr_block": "",
            "network_acl_id": "acl-0291eeaab0188692c",
            "protocol": "-1",
            "rule_action": "allow",
            "rule_number": 203,
            "to_port": 0
          },
          "sensitive_attributes": [],
          "private": "bnVsbA==",
          "dependencies": [
            "module.network.aws_eip.nat_eip",
            "module.network.aws_nat_gateway.nat_gw",
            "module.network.aws_network_acl.private",
            "module.network.aws_subnet.private",
            "module.network.aws_subnet.public",
            "module.network.aws_vpc.default",
            "module.network.data.aws_availability_zone.az",
            "module.network.data.aws_availability_zones.available"
          ]
        }
      ]
    },
    {
      "module": "module.network",
      "mode": "managed",
      "type": "aws_network_acl_rule",
      "name": "in_private_from_public",
      "provider": "provider[\"registry.terraform.io/hashicorp/aws\"]",
      "instances": [
        {
          "index_key": 0,
          "schema_version": 0,
          "attributes": {
            "cidr_block": "10.1.0.0/24",
            "egress": false,
            "from_port": 0,
            "icmp_code": null,
            "icmp_type": null,
            "id": "nacl-2634964367",
            "ipv6_cidr_block": "",
            "network_acl_id": "acl-0291eeaab0188692c",
            "protocol": "-1",
            "rule_action": "allow",
            "rule_number": 301,
            "to_port": 0
          },
          "sensitive_attributes": [],
          "private": "bnVsbA==",
          "dependencies": [
            "module.network.aws_eip.nat_eip",
            "module.network.aws_nat_gateway.nat_gw",
            "module.network.aws_network_acl.private",
            "module.network.aws_subnet.private",
            "module.network.aws_subnet.public",
            "module.network.aws_vpc.default",
            "module.network.data.aws_availability_zone.az",
            "module.network.data.aws_availability_zones.available"
          ]
        },
        {
          "index_key": 1,
          "schema_version": 0,
          "attributes": {
            "cidr_block": "10.1.1.0/24",
            "egress": false,
            "from_port": 0,
            "icmp_code": null,
            "icmp_type": null,
            "id": "nacl-82590606",
            "ipv6_cidr_block": "",
            "network_acl_id": "acl-0291eeaab0188692c",
            "protocol": "-1",
            "rule_action": "allow",
            "rule_number": 302,
            "to_port": 0
          },
          "sensitive_attributes": [],
          "private": "bnVsbA==",
          "dependencies": [
            "module.network.aws_eip.nat_eip",
            "module.network.aws_nat_gateway.nat_gw",
            "module.network.aws_network_acl.private",
            "module.network.aws_subnet.private",
            "module.network.aws_subnet.public",
            "module.network.aws_vpc.default",
            "module.network.data.aws_availability_zone.az",
            "module.network.data.aws_availability_zones.available"
          ]
        },
        {
          "index_key": 2,
          "schema_version": 0,
          "attributes": {
            "cidr_block": "10.1.2.0/24",
            "egress": false,
            "from_port": 0,
            "icmp_code": null,
            "icmp_type": null,
            "id": "nacl-3311592526",
            "ipv6_cidr_block": "",
            "network_acl_id": "acl-0291eeaab0188692c",
            "protocol": "-1",
            "rule_action": "allow",
            "rule_number": 303,
            "to_port": 0
          },
          "sensitive_attributes": [],
          "private": "bnVsbA==",
          "dependencies": [
            "module.network.aws_eip.nat_eip",
            "module.network.aws_nat_gateway.nat_gw",
            "module.network.aws_network_acl.private",
            "module.network.aws_subnet.private",
            "module.network.aws_subnet.public",
            "module.network.aws_vpc.default",
            "module.network.data.aws_availability_zone.az",
            "module.network.data.aws_availability_zones.available"
          ]
        }
      ]
    },
    {
      "module": "module.network",
      "mode": "managed",
      "type": "aws_network_acl_rule",
      "name": "in_private_from_s3",
      "provider": "provider[\"registry.terraform.io/hashicorp/aws\"]",
      "instances": [
        {
          "index_key": 0,
          "schema_version": 0,
          "attributes": {
            "cidr_block": "16.12.0.0/23",
            "egress": false,
            "from_port": 0,
            "icmp_code": null,
            "icmp_type": null,
            "id": "nacl-2059919916",
            "ipv6_cidr_block": "",
            "network_acl_id": "acl-0291eeaab0188692c",
            "protocol": "-1",
            "rule_action": "allow",
            "rule_number": 801,
            "to_port": 0
          },
          "sensitive_attributes": [],
          "private": "bnVsbA==",
          "dependencies": [
            "module.network.aws_eip.nat_eip",
            "module.network.aws_nat_gateway.nat_gw",
            "module.network.aws_network_acl.private",
            "module.network.aws_subnet.private",
            "module.network.aws_subnet.public",
            "module.network.aws_vpc.default",
            "module.network.data.aws_availability_zone.az",
            "module.network.data.aws_availability_zones.available",
            "module.network.data.aws_ec2_managed_prefix_list.s3",
            "module.network.data.aws_region.current"
          ]
        },
        {
          "index_key": 1,
          "schema_version": 0,
          "attributes": {
            "cidr_block": "16.12.2.0/24",
            "egress": false,
            "from_port": 0,
            "icmp_code": null,
            "icmp_type": null,
            "id": "nacl-3810886701",
            "ipv6_cidr_block": "",
            "network_acl_id": "acl-0291eeaab0188692c",
            "protocol": "-1",
            "rule_action": "allow",
            "rule_number": 802,
            "to_port": 0
          },
          "sensitive_attributes": [],
          "private": "bnVsbA==",
          "dependencies": [
            "module.network.aws_eip.nat_eip",
            "module.network.aws_nat_gateway.nat_gw",
            "module.network.aws_network_acl.private",
            "module.network.aws_subnet.private",
            "module.network.aws_subnet.public",
            "module.network.aws_vpc.default",
            "module.network.data.aws_availability_zone.az",
            "module.network.data.aws_availability_zones.available",
            "module.network.data.aws_ec2_managed_prefix_list.s3",
            "module.network.data.aws_region.current"
          ]
        },
        {
          "index_key": 2,
          "schema_version": 0,
          "attributes": {
            "cidr_block": "3.5.232.0/22",
            "egress": false,
            "from_port": 0,
            "icmp_code": null,
            "icmp_type": null,
            "id": "nacl-581655533",
            "ipv6_cidr_block": "",
            "network_acl_id": "acl-0291eeaab0188692c",
            "protocol": "-1",
            "rule_action": "allow",
            "rule_number": 803,
            "to_port": 0
          },
          "sensitive_attributes": [],
          "private": "bnVsbA==",
          "dependencies": [
            "module.network.aws_eip.nat_eip",
            "module.network.aws_nat_gateway.nat_gw",
            "module.network.aws_network_acl.private",
            "module.network.aws_subnet.private",
            "module.network.aws_subnet.public",
            "module.network.aws_vpc.default",
            "module.network.data.aws_availability_zone.az",
            "module.network.data.aws_availability_zones.available",
            "module.network.data.aws_ec2_managed_prefix_list.s3",
            "module.network.data.aws_region.current"
          ]
        },
        {
          "index_key": 3,
          "schema_version": 0,
          "attributes": {
            "cidr_block": "52.95.163.0/24",
            "egress": false,
            "from_port": 0,
            "icmp_code": null,
            "icmp_type": null,
            "id": "nacl-194006638",
            "ipv6_cidr_block": "",
            "network_acl_id": "acl-0291eeaab0188692c",
            "protocol": "-1",
            "rule_action": "allow",
            "rule_number": 804,
            "to_port": 0
          },
          "sensitive_attributes": [],
          "private": "bnVsbA==",
          "dependencies": [
            "module.network.aws_eip.nat_eip",
            "module.network.aws_nat_gateway.nat_gw",
            "module.network.aws_network_acl.private",
            "module.network.aws_subnet.private",
            "module.network.aws_subnet.public",
            "module.network.aws_vpc.default",
            "module.network.data.aws_availability_zone.az",
            "module.network.data.aws_availability_zones.available",
            "module.network.data.aws_ec2_managed_prefix_list.s3",
            "module.network.data.aws_region.current"
          ]
        },
        {
          "index_key": 4,
          "schema_version": 0,
          "attributes": {
            "cidr_block": "52.95.164.0/23",
            "egress": false,
            "from_port": 0,
            "icmp_code": null,
            "icmp_type": null,
            "id": "nacl-3391001006",
            "ipv6_cidr_block": "",
            "network_acl_id": "acl-0291eeaab0188692c",
            "protocol": "-1",
            "rule_action": "allow",
            "rule_number": 805,
            "to_port": 0
          },
          "sensitive_attributes": [],
          "private": "bnVsbA==",
          "dependencies": [
            "module.network.aws_eip.nat_eip",
            "module.network.aws_nat_gateway.nat_gw",
            "module.network.aws_network_acl.private",
            "module.network.aws_subnet.private",
            "module.network.aws_subnet.public",
            "module.network.aws_vpc.default",
            "module.network.data.aws_availability_zone.az",
            "module.network.data.aws_availability_zones.available",
            "module.network.data.aws_ec2_managed_prefix_list.s3",
            "module.network.data.aws_region.current"
          ]
        }
      ]
    },
    {
      "module": "module.network",
      "mode": "managed",
      "type": "aws_network_acl_rule",
      "name": "in_private_from_secure",
      "provider": "provider[\"registry.terraform.io/hashicorp/aws\"]",
      "instances": [
        {
          "index_key": 0,
          "schema_version": 0,
          "attributes": {
            "cidr_block": "10.1.10.0/24",
            "egress": false,
            "from_port": 0,
            "icmp_code": null,
            "icmp_type": null,
            "id": "nacl-3766311895",
            "ipv6_cidr_block": "",
            "network_acl_id": "acl-0291eeaab0188692c",
            "protocol": "-1",
            "rule_action": "allow",
            "rule_number": 401,
            "to_port": 0
          },
          "sensitive_attributes": [],
          "private": "bnVsbA==",
          "dependencies": [
            "module.network.aws_eip.nat_eip",
            "module.network.aws_nat_gateway.nat_gw",
            "module.network.aws_network_acl.private",
            "module.network.aws_subnet.private",
            "module.network.aws_subnet.public",
            "module.network.aws_subnet.secure",
            "module.network.aws_vpc.default",
            "module.network.data.aws_availability_zone.az",
            "module.network.data.aws_availability_zones.available"
          ]
        },
        {
          "index_key": 1,
          "schema_version": 0,
          "attributes": {
            "cidr_block": "10.1.11.0/24",
            "egress": false,
            "from_port": 0,
            "icmp_code": null,
            "icmp_type": null,
            "id": "nacl-2040479190",
            "ipv6_cidr_block": "",
            "network_acl_id": "acl-0291eeaab0188692c",
            "protocol": "-1",
            "rule_action": "allow",
            "rule_number": 402,
            "to_port": 0
          },
          "sensitive_attributes": [],
          "private": "bnVsbA==",
          "dependencies": [
            "module.network.aws_eip.nat_eip",
            "module.network.aws_nat_gateway.nat_gw",
            "module.network.aws_network_acl.private",
            "module.network.aws_subnet.private",
            "module.network.aws_subnet.public",
            "module.network.aws_subnet.secure",
            "module.network.aws_vpc.default",
            "module.network.data.aws_availability_zone.az",
            "module.network.data.aws_availability_zones.available"
          ]
        },
        {
          "index_key": 2,
          "schema_version": 0,
          "attributes": {
            "cidr_block": "10.1.12.0/24",
            "egress": false,
            "from_port": 0,
            "icmp_code": null,
            "icmp_type": null,
            "id": "nacl-3088179734",
            "ipv6_cidr_block": "",
            "network_acl_id": "acl-0291eeaab0188692c",
            "protocol": "-1",
            "rule_action": "allow",
            "rule_number": 403,
            "to_port": 0
          },
          "sensitive_attributes": [],
          "private": "bnVsbA==",
          "dependencies": [
            "module.network.aws_eip.nat_eip",
            "module.network.aws_nat_gateway.nat_gw",
            "module.network.aws_network_acl.private",
            "module.network.aws_subnet.private",
            "module.network.aws_subnet.public",
            "module.network.aws_subnet.secure",
            "module.network.aws_vpc.default",
            "module.network.data.aws_availability_zone.az",
            "module.network.data.aws_availability_zones.available"
          ]
        }
      ]
    },
    {
      "module": "module.network",
      "mode": "managed",
      "type": "aws_network_acl_rule",
      "name": "in_private_from_world_icmp_reply",
      "provider": "provider[\"registry.terraform.io/hashicorp/aws\"]",
      "instances": [
        {
          "schema_version": 0,
          "attributes": {
            "cidr_block": "0.0.0.0/0",
            "egress": false,
            "from_port": null,
            "icmp_code": -1,
            "icmp_type": 0,
            "id": "nacl-1258676171",
            "ipv6_cidr_block": "",
            "network_acl_id": "acl-0291eeaab0188692c",
            "protocol": "1",
            "rule_action": "allow",
            "rule_number": 100,
            "to_port": null
          },
          "sensitive_attributes": [],
          "private": "bnVsbA==",
          "dependencies": [
            "module.network.aws_eip.nat_eip",
            "module.network.aws_nat_gateway.nat_gw",
            "module.network.aws_network_acl.private",
            "module.network.aws_subnet.private",
            "module.network.aws_subnet.public",
            "module.network.aws_vpc.default",
            "module.network.data.aws_availability_zone.az",
            "module.network.data.aws_availability_zones.available"
          ]
        }
      ]
    },
    {
      "module": "module.network",
      "mode": "managed",
      "type": "aws_network_acl_rule",
      "name": "in_private_from_world_tcp",
      "provider": "provider[\"registry.terraform.io/hashicorp/aws\"]",
      "instances": [
        {
          "schema_version": 0,
          "attributes": {
            "cidr_block": "0.0.0.0/0",
            "egress": false,
            "from_port": 1024,
            "icmp_code": null,
            "icmp_type": null,
            "id": "nacl-1903129812",
            "ipv6_cidr_block": "",
            "network_acl_id": "acl-0291eeaab0188692c",
            "protocol": "6",
            "rule_action": "allow",
            "rule_number": 1,
            "to_port": 65535
          },
          "sensitive_attributes": [],
          "private": "bnVsbA==",
          "dependencies": [
            "module.network.aws_eip.nat_eip",
            "module.network.aws_nat_gateway.nat_gw",
            "module.network.aws_network_acl.private",
            "module.network.aws_subnet.private",
            "module.network.aws_subnet.public",
            "module.network.aws_vpc.default",
            "module.network.data.aws_availability_zone.az",
            "module.network.data.aws_availability_zones.available"
          ]
        }
      ]
    },
    {
      "module": "module.network",
      "mode": "managed",
      "type": "aws_network_acl_rule",
      "name": "in_public_from_private",
      "provider": "provider[\"registry.terraform.io/hashicorp/aws\"]",
      "instances": [
        {
          "index_key": 0,
          "schema_version": 0,
          "attributes": {
            "cidr_block": "10.1.5.0/24",
            "egress": false,
            "from_port": 0,
            "icmp_code": null,
            "icmp_type": null,
            "id": "nacl-150565277",
            "ipv6_cidr_block": "",
            "network_acl_id": "acl-051b2023eeff90e77",
            "protocol": "-1",
            "rule_action": "allow",
            "rule_number": 601,
            "to_port": 0
          },
          "sensitive_attributes": [],
          "private": "bnVsbA==",
          "dependencies": [
            "module.network.aws_eip.nat_eip",
            "module.network.aws_nat_gateway.nat_gw",
            "module.network.aws_network_acl.public",
            "module.network.aws_subnet.private",
            "module.network.aws_subnet.public",
            "module.network.aws_vpc.default",
            "module.network.data.aws_availability_zone.az",
            "module.network.data.aws_availability_zones.available"
          ]
        },
        {
          "index_key": 1,
          "schema_version": 0,
          "attributes": {
            "cidr_block": "10.1.6.0/24",
            "egress": false,
            "from_port": 0,
            "icmp_code": null,
            "icmp_type": null,
            "id": "nacl-2434471836",
            "ipv6_cidr_block": "",
            "network_acl_id": "acl-051b2023eeff90e77",
            "protocol": "-1",
            "rule_action": "allow",
            "rule_number": 602,
            "to_port": 0
          },
          "sensitive_attributes": [],
          "private": "bnVsbA==",
          "dependencies": [
            "module.network.aws_eip.nat_eip",
            "module.network.aws_nat_gateway.nat_gw",
            "module.network.aws_network_acl.public",
            "module.network.aws_subnet.private",
            "module.network.aws_subnet.public",
            "module.network.aws_vpc.default",
            "module.network.data.aws_availability_zone.az",
            "module.network.data.aws_availability_zones.available"
          ]
        },
        {
          "index_key": 2,
          "schema_version": 0,
          "attributes": {
            "cidr_block": "10.1.7.0/24",
            "egress": false,
            "from_port": 0,
            "icmp_code": null,
            "icmp_type": null,
            "id": "nacl-1351993436",
            "ipv6_cidr_block": "",
            "network_acl_id": "acl-051b2023eeff90e77",
            "protocol": "-1",
            "rule_action": "allow",
            "rule_number": 603,
            "to_port": 0
          },
          "sensitive_attributes": [],
          "private": "bnVsbA==",
          "dependencies": [
            "module.network.aws_eip.nat_eip",
            "module.network.aws_nat_gateway.nat_gw",
            "module.network.aws_network_acl.public",
            "module.network.aws_subnet.private",
            "module.network.aws_subnet.public",
            "module.network.aws_vpc.default",
            "module.network.data.aws_availability_zone.az",
            "module.network.data.aws_availability_zones.available"
          ]
        }
      ]
    },
    {
      "module": "module.network",
      "mode": "managed",
      "type": "aws_network_acl_rule",
      "name": "in_public_icmp",
      "provider": "provider[\"registry.terraform.io/hashicorp/aws\"]",
      "instances": [
        {
          "schema_version": 0,
          "attributes": {
            "cidr_block": "0.0.0.0/0",
            "egress": false,
            "from_port": null,
            "icmp_code": -1,
            "icmp_type": 0,
            "id": "nacl-1698976865",
            "ipv6_cidr_block": "",
            "network_acl_id": "acl-051b2023eeff90e77",
            "protocol": "1",
            "rule_action": "allow",
            "rule_number": 501,
            "to_port": null
          },
          "sensitive_attributes": [],
          "private": "bnVsbA==",
          "dependencies": [
            "module.network.aws_network_acl.public",
            "module.network.aws_subnet.public",
            "module.network.aws_vpc.default",
            "module.network.data.aws_availability_zone.az",
            "module.network.data.aws_availability_zones.available"
          ]
        }
      ]
    },
    {
      "module": "module.network",
      "mode": "managed",
      "type": "aws_network_acl_rule",
      "name": "in_public_local",
      "provider": "provider[\"registry.terraform.io/hashicorp/aws\"]",
      "instances": [
        {
          "schema_version": 0,
          "attributes": {
            "cidr_block": "10.1.0.0/16",
            "egress": false,
            "from_port": 0,
            "icmp_code": null,
            "icmp_type": null,
            "id": "nacl-2320499978",
            "ipv6_cidr_block": "",
            "network_acl_id": "acl-051b2023eeff90e77",
            "protocol": "-1",
            "rule_action": "allow",
            "rule_number": 1,
            "to_port": 0
          },
          "sensitive_attributes": [],
          "private": "bnVsbA==",
          "dependencies": [
            "module.network.aws_network_acl.public",
            "module.network.aws_subnet.public",
            "module.network.aws_vpc.default",
            "module.network.data.aws_availability_zone.az",
            "module.network.data.aws_availability_zones.available"
          ]
        }
      ]
    },
    {
      "module": "module.network",
      "mode": "managed",
      "type": "aws_network_acl_rule",
      "name": "in_public_tcp",
      "provider": "provider[\"registry.terraform.io/hashicorp/aws\"]",
      "instances": [
        {
          "index_key": 0,
          "schema_version": 0,
          "attributes": {
            "cidr_block": "0.0.0.0/0",
            "egress": false,
            "from_port": 80,
            "icmp_code": null,
            "icmp_type": null,
            "id": "nacl-2861471327",
            "ipv6_cidr_block": "",
            "network_acl_id": "acl-051b2023eeff90e77",
            "protocol": "6",
            "rule_action": "allow",
            "rule_number": 101,
            "to_port": 80
          },
          "sensitive_attributes": [],
          "private": "bnVsbA==",
          "dependencies": [
            "module.network.aws_network_acl.public",
            "module.network.aws_subnet.public",
            "module.network.aws_vpc.default",
            "module.network.data.aws_availability_zone.az",
            "module.network.data.aws_availability_zones.available"
          ]
        },
        {
          "index_key": 1,
          "schema_version": 0,
          "attributes": {
            "cidr_block": "0.0.0.0/0",
            "egress": false,
            "from_port": 443,
            "icmp_code": null,
            "icmp_type": null,
            "id": "nacl-3708830895",
            "ipv6_cidr_block": "",
            "network_acl_id": "acl-051b2023eeff90e77",
            "protocol": "6",
            "rule_action": "allow",
            "rule_number": 102,
            "to_port": 443
          },
          "sensitive_attributes": [],
          "private": "bnVsbA==",
          "dependencies": [
            "module.network.aws_network_acl.public",
            "module.network.aws_subnet.public",
            "module.network.aws_vpc.default",
            "module.network.data.aws_availability_zone.az",
            "module.network.data.aws_availability_zones.available"
          ]
        },
        {
          "index_key": 2,
          "schema_version": 0,
          "attributes": {
            "cidr_block": "0.0.0.0/0",
            "egress": false,
            "from_port": 22,
            "icmp_code": null,
            "icmp_type": null,
            "id": "nacl-1186269376",
            "ipv6_cidr_block": "",
            "network_acl_id": "acl-051b2023eeff90e77",
            "protocol": "6",
            "rule_action": "allow",
            "rule_number": 103,
            "to_port": 22
          },
          "sensitive_attributes": [],
          "private": "bnVsbA==",
          "dependencies": [
            "module.network.aws_network_acl.public",
            "module.network.aws_subnet.public",
            "module.network.aws_vpc.default",
            "module.network.data.aws_availability_zone.az",
            "module.network.data.aws_availability_zones.available"
          ]
        },
        {
          "index_key": 3,
          "schema_version": 0,
          "attributes": {
            "cidr_block": "0.0.0.0/0",
            "egress": false,
            "from_port": 1194,
            "icmp_code": null,
            "icmp_type": null,
            "id": "nacl-841867599",
            "ipv6_cidr_block": "",
            "network_acl_id": "acl-051b2023eeff90e77",
            "protocol": "6",
            "rule_action": "allow",
            "rule_number": 104,
            "to_port": 1194
          },
          "sensitive_attributes": [],
          "private": "bnVsbA==",
          "dependencies": [
            "module.network.aws_network_acl.public",
            "module.network.aws_subnet.public",
            "module.network.aws_vpc.default",
            "module.network.data.aws_availability_zone.az",
            "module.network.data.aws_availability_zones.available"
          ]
        }
      ]
    },
    {
      "module": "module.network",
      "mode": "managed",
      "type": "aws_network_acl_rule",
      "name": "in_public_tcp_return",
      "provider": "provider[\"registry.terraform.io/hashicorp/aws\"]",
      "instances": [
        {
          "schema_version": 0,
          "attributes": {
            "cidr_block": "0.0.0.0/0",
            "egress": false,
            "from_port": 1024,
            "icmp_code": null,
            "icmp_type": null,
            "id": "nacl-3606033284",
            "ipv6_cidr_block": "",
            "network_acl_id": "acl-051b2023eeff90e77",
            "protocol": "6",
            "rule_action": "allow",
            "rule_number": 201,
            "to_port": 65535
          },
          "sensitive_attributes": [],
          "private": "bnVsbA==",
          "dependencies": [
            "module.network.aws_network_acl.public",
            "module.network.aws_subnet.public",
            "module.network.aws_vpc.default",
            "module.network.data.aws_availability_zone.az",
            "module.network.data.aws_availability_zones.available"
          ]
        }
      ]
    },
    {
      "module": "module.network",
      "mode": "managed",
      "type": "aws_network_acl_rule",
      "name": "in_public_udp_return",
      "provider": "provider[\"registry.terraform.io/hashicorp/aws\"]",
      "instances": [
        {
          "schema_version": 0,
          "attributes": {
            "cidr_block": "0.0.0.0/0",
            "egress": false,
            "from_port": 1024,
            "icmp_code": null,
            "icmp_type": null,
            "id": "nacl-2480835026",
            "ipv6_cidr_block": "",
            "network_acl_id": "acl-051b2023eeff90e77",
            "protocol": "17",
            "rule_action": "allow",
            "rule_number": 401,
            "to_port": 65535
          },
          "sensitive_attributes": [],
          "private": "bnVsbA==",
          "dependencies": [
            "module.network.aws_network_acl.public",
            "module.network.aws_subnet.public",
            "module.network.aws_vpc.default",
            "module.network.data.aws_availability_zone.az",
            "module.network.data.aws_availability_zones.available"
          ]
        }
      ]
    },
    {
      "module": "module.network",
      "mode": "managed",
      "type": "aws_network_acl_rule",
      "name": "in_secure_from_private",
      "provider": "provider[\"registry.terraform.io/hashicorp/aws\"]",
      "instances": [
        {
          "index_key": 0,
          "schema_version": 0,
          "attributes": {
            "cidr_block": "10.1.5.0/24",
            "egress": false,
            "from_port": null,
            "icmp_code": null,
            "icmp_type": null,
            "id": "nacl-2221434929",
            "ipv6_cidr_block": "",
            "network_acl_id": "acl-0e109ec87a3a39b61",
            "protocol": "-1",
            "rule_action": "allow",
            "rule_number": 201,
            "to_port": null
          },
          "sensitive_attributes": [],
          "private": "bnVsbA==",
          "dependencies": [
            "module.network.aws_eip.nat_eip",
            "module.network.aws_nat_gateway.nat_gw",
            "module.network.aws_network_acl.secure",
            "module.network.aws_subnet.private",
            "module.network.aws_subnet.public",
            "module.network.aws_subnet.secure",
            "module.network.aws_vpc.default",
            "module.network.data.aws_availability_zone.az",
            "module.network.data.aws_availability_zones.available"
          ]
        },
        {
          "index_key": 1,
          "schema_version": 0,
          "attributes": {
            "cidr_block": "10.1.6.0/24",
            "egress": false,
            "from_port": null,
            "icmp_code": null,
            "icmp_type": null,
            "id": "nacl-495586864",
            "ipv6_cidr_block": "",
            "network_acl_id": "acl-0e109ec87a3a39b61",
            "protocol": "-1",
            "rule_action": "allow",
            "rule_number": 202,
            "to_port": null
          },
          "sensitive_attributes": [],
          "private": "bnVsbA==",
          "dependencies": [
            "module.network.aws_eip.nat_eip",
            "module.network.aws_nat_gateway.nat_gw",
            "module.network.aws_network_acl.secure",
            "module.network.aws_subnet.private",
            "module.network.aws_subnet.public",
            "module.network.aws_subnet.secure",
            "module.network.aws_vpc.default",
            "module.network.data.aws_availability_zone.az",
            "module.network.data.aws_availability_zones.available"
          ]
        },
        {
          "index_key": 2,
          "schema_version": 0,
          "attributes": {
            "cidr_block": "10.1.7.0/24",
            "egress": false,
            "from_port": null,
            "icmp_code": null,
            "icmp_type": null,
            "id": "nacl-3691303408",
            "ipv6_cidr_block": "",
            "network_acl_id": "acl-0e109ec87a3a39b61",
            "protocol": "-1",
            "rule_action": "allow",
            "rule_number": 203,
            "to_port": null
          },
          "sensitive_attributes": [],
          "private": "bnVsbA==",
          "dependencies": [
            "module.network.aws_eip.nat_eip",
            "module.network.aws_nat_gateway.nat_gw",
            "module.network.aws_network_acl.secure",
            "module.network.aws_subnet.private",
            "module.network.aws_subnet.public",
            "module.network.aws_subnet.secure",
            "module.network.aws_vpc.default",
            "module.network.data.aws_availability_zone.az",
            "module.network.data.aws_availability_zones.available"
          ]
        }
      ]
    },
    {
      "module": "module.network",
      "mode": "managed",
      "type": "aws_network_acl_rule",
      "name": "in_secure_from_s3",
      "provider": "provider[\"registry.terraform.io/hashicorp/aws\"]",
      "instances": [
        {
          "index_key": 0,
          "schema_version": 0,
          "attributes": {
            "cidr_block": "16.12.0.0/23",
            "egress": false,
            "from_port": 0,
            "icmp_code": null,
            "icmp_type": null,
            "id": "nacl-4179324521",
            "ipv6_cidr_block": "",
            "network_acl_id": "acl-0e109ec87a3a39b61",
            "protocol": "-1",
            "rule_action": "allow",
            "rule_number": 501,
            "to_port": 0
          },
          "sensitive_attributes": [],
          "private": "bnVsbA==",
          "dependencies": [
            "module.network.aws_eip.nat_eip",
            "module.network.aws_nat_gateway.nat_gw",
            "module.network.aws_network_acl.secure",
            "module.network.aws_subnet.public",
            "module.network.aws_subnet.secure",
            "module.network.aws_vpc.default",
            "module.network.data.aws_availability_zone.az",
            "module.network.data.aws_availability_zones.available",
            "module.network.data.aws_ec2_managed_prefix_list.s3",
            "module.network.data.aws_region.current"
          ]
        },
        {
          "index_key": 1,
          "schema_version": 0,
          "attributes": {
            "cidr_block": "16.12.2.0/24",
            "egress": false,
            "from_port": 0,
            "icmp_code": null,
            "icmp_type": null,
            "id": "nacl-1626933352",
            "ipv6_cidr_block": "",
            "network_acl_id": "acl-0e109ec87a3a39b61",
            "protocol": "-1",
            "rule_action": "allow",
            "rule_number": 502,
            "to_port": 0
          },
          "sensitive_attributes": [],
          "private": "bnVsbA==",
          "dependencies": [
            "module.network.aws_eip.nat_eip",
            "module.network.aws_nat_gateway.nat_gw",
            "module.network.aws_network_acl.secure",
            "module.network.aws_subnet.public",
            "module.network.aws_subnet.secure",
            "module.network.aws_vpc.default",
            "module.network.data.aws_availability_zone.az",
            "module.network.data.aws_availability_zones.available",
            "module.network.data.aws_ec2_managed_prefix_list.s3",
            "module.network.data.aws_region.current"
          ]
        },
        {
          "index_key": 2,
          "schema_version": 0,
          "attributes": {
            "cidr_block": "3.5.232.0/22",
            "egress": false,
            "from_port": 0,
            "icmp_code": null,
            "icmp_type": null,
            "id": "nacl-2708985768",
            "ipv6_cidr_block": "",
            "network_acl_id": "acl-0e109ec87a3a39b61",
            "protocol": "-1",
            "rule_action": "allow",
            "rule_number": 503,
            "to_port": 0
          },
          "sensitive_attributes": [],
          "private": "bnVsbA==",
          "dependencies": [
            "module.network.aws_eip.nat_eip",
            "module.network.aws_nat_gateway.nat_gw",
            "module.network.aws_network_acl.secure",
            "module.network.aws_subnet.public",
            "module.network.aws_subnet.secure",
            "module.network.aws_vpc.default",
            "module.network.data.aws_availability_zone.az",
            "module.network.data.aws_availability_zones.available",
            "module.network.data.aws_ec2_managed_prefix_list.s3",
            "module.network.data.aws_region.current"
          ]
        },
        {
          "index_key": 3,
          "schema_version": 0,
          "attributes": {
            "cidr_block": "52.95.163.0/24",
            "egress": false,
            "from_port": 0,
            "icmp_code": null,
            "icmp_type": null,
            "id": "nacl-2286731819",
            "ipv6_cidr_block": "",
            "network_acl_id": "acl-0e109ec87a3a39b61",
            "protocol": "-1",
            "rule_action": "allow",
            "rule_number": 504,
            "to_port": 0
          },
          "sensitive_attributes": [],
          "private": "bnVsbA==",
          "dependencies": [
            "module.network.aws_eip.nat_eip",
            "module.network.aws_nat_gateway.nat_gw",
            "module.network.aws_network_acl.secure",
            "module.network.aws_subnet.public",
            "module.network.aws_subnet.secure",
            "module.network.aws_vpc.default",
            "module.network.data.aws_availability_zone.az",
            "module.network.data.aws_availability_zones.available",
            "module.network.data.aws_ec2_managed_prefix_list.s3",
            "module.network.data.aws_region.current"
          ]
        },
        {
          "index_key": 4,
          "schema_version": 0,
          "attributes": {
            "cidr_block": "52.95.164.0/23",
            "egress": false,
            "from_port": 0,
            "icmp_code": null,
            "icmp_type": null,
            "id": "nacl-1237458411",
            "ipv6_cidr_block": "",
            "network_acl_id": "acl-0e109ec87a3a39b61",
            "protocol": "-1",
            "rule_action": "allow",
            "rule_number": 505,
            "to_port": 0
          },
          "sensitive_attributes": [],
          "private": "bnVsbA==",
          "dependencies": [
            "module.network.aws_eip.nat_eip",
            "module.network.aws_nat_gateway.nat_gw",
            "module.network.aws_network_acl.secure",
            "module.network.aws_subnet.public",
            "module.network.aws_subnet.secure",
            "module.network.aws_vpc.default",
            "module.network.data.aws_availability_zone.az",
            "module.network.data.aws_availability_zones.available",
            "module.network.data.aws_ec2_managed_prefix_list.s3",
            "module.network.data.aws_region.current"
          ]
        }
      ]
    },
    {
      "module": "module.network",
      "mode": "managed",
      "type": "aws_network_acl_rule",
      "name": "in_secure_from_secure",
      "provider": "provider[\"registry.terraform.io/hashicorp/aws\"]",
      "instances": [
        {
          "index_key": 0,
          "schema_version": 0,
          "attributes": {
            "cidr_block": "10.1.10.0/24",
            "egress": false,
            "from_port": null,
            "icmp_code": null,
            "icmp_type": null,
            "id": "nacl-966919423",
            "ipv6_cidr_block": "",
            "network_acl_id": "acl-0e109ec87a3a39b61",
            "protocol": "-1",
            "rule_action": "allow",
            "rule_number": 101,
            "to_port": null
          },
          "sensitive_attributes": [],
          "private": "bnVsbA==",
          "dependencies": [
            "module.network.aws_eip.nat_eip",
            "module.network.aws_nat_gateway.nat_gw",
            "module.network.aws_network_acl.secure",
            "module.network.aws_subnet.public",
            "module.network.aws_subnet.secure",
            "module.network.aws_vpc.default",
            "module.network.data.aws_availability_zone.az",
            "module.network.data.aws_availability_zones.available"
          ]
        },
        {
          "index_key": 1,
          "schema_version": 0,
          "attributes": {
            "cidr_block": "10.1.11.0/24",
            "egress": false,
            "from_port": null,
            "icmp_code": null,
            "icmp_type": null,
            "id": "nacl-2688574206",
            "ipv6_cidr_block": "",
            "network_acl_id": "acl-0e109ec87a3a39b61",
            "protocol": "-1",
            "rule_action": "allow",
            "rule_number": 102,
            "to_port": null
          },
          "sensitive_attributes": [],
          "private": "bnVsbA==",
          "dependencies": [
            "module.network.aws_eip.nat_eip",
            "module.network.aws_nat_gateway.nat_gw",
            "module.network.aws_network_acl.secure",
            "module.network.aws_subnet.public",
            "module.network.aws_subnet.secure",
            "module.network.aws_vpc.default",
            "module.network.data.aws_availability_zone.az",
            "module.network.data.aws_availability_zones.available"
          ]
        },
        {
          "index_key": 2,
          "schema_version": 0,
          "attributes": {
            "cidr_block": "10.1.12.0/24",
            "egress": false,
            "from_port": null,
            "icmp_code": null,
            "icmp_type": null,
            "id": "nacl-1640938814",
            "ipv6_cidr_block": "",
            "network_acl_id": "acl-0e109ec87a3a39b61",
            "protocol": "-1",
            "rule_action": "allow",
            "rule_number": 103,
            "to_port": null
          },
          "sensitive_attributes": [],
          "private": "bnVsbA==",
          "dependencies": [
            "module.network.aws_eip.nat_eip",
            "module.network.aws_nat_gateway.nat_gw",
            "module.network.aws_network_acl.secure",
            "module.network.aws_subnet.public",
            "module.network.aws_subnet.secure",
            "module.network.aws_vpc.default",
            "module.network.data.aws_availability_zone.az",
            "module.network.data.aws_availability_zones.available"
          ]
        }
      ]
    },
    {
      "module": "module.network",
      "mode": "managed",
      "type": "aws_network_acl_rule",
      "name": "out_private_to_s3",
      "provider": "provider[\"registry.terraform.io/hashicorp/aws\"]",
      "instances": [
        {
          "index_key": 0,
          "schema_version": 0,
          "attributes": {
            "cidr_block": "16.12.0.0/23",
            "egress": true,
            "from_port": 0,
            "icmp_code": null,
            "icmp_type": null,
            "id": "nacl-2916418612",
            "ipv6_cidr_block": "",
            "network_acl_id": "acl-0291eeaab0188692c",
            "protocol": "-1",
            "rule_action": "allow",
            "rule_number": 801,
            "to_port": 0
          },
          "sensitive_attributes": [],
          "private": "bnVsbA==",
          "dependencies": [
            "module.network.aws_eip.nat_eip",
            "module.network.aws_nat_gateway.nat_gw",
            "module.network.aws_network_acl.private",
            "module.network.aws_subnet.private",
            "module.network.aws_subnet.public",
            "module.network.aws_vpc.default",
            "module.network.data.aws_availability_zone.az",
            "module.network.data.aws_availability_zones.available",
            "module.network.data.aws_ec2_managed_prefix_list.s3",
            "module.network.data.aws_region.current"
          ]
        },
        {
          "index_key": 1,
          "schema_version": 0,
          "attributes": {
            "cidr_block": "16.12.2.0/24",
            "egress": true,
            "from_port": 0,
            "icmp_code": null,
            "icmp_type": null,
            "id": "nacl-1189265207",
            "ipv6_cidr_block": "",
            "network_acl_id": "acl-0291eeaab0188692c",
            "protocol": "-1",
            "rule_action": "allow",
            "rule_number": 802,
            "to_port": 0
          },
          "sensitive_attributes": [],
          "private": "bnVsbA==",
          "dependencies": [
            "module.network.aws_eip.nat_eip",
            "module.network.aws_nat_gateway.nat_gw",
            "module.network.aws_network_acl.private",
            "module.network.aws_subnet.private",
            "module.network.aws_subnet.public",
            "module.network.aws_vpc.default",
            "module.network.data.aws_availability_zone.az",
            "module.network.data.aws_availability_zones.available",
            "module.network.data.aws_ec2_managed_prefix_list.s3",
            "module.network.data.aws_region.current"
          ]
        },
        {
          "index_key": 2,
          "schema_version": 0,
          "attributes": {
            "cidr_block": "3.5.232.0/22",
            "egress": true,
            "from_port": 0,
            "icmp_code": null,
            "icmp_type": null,
            "id": "nacl-2837500937",
            "ipv6_cidr_block": "",
            "network_acl_id": "acl-0291eeaab0188692c",
            "protocol": "-1",
            "rule_action": "allow",
            "rule_number": 803,
            "to_port": 0
          },
          "sensitive_attributes": [],
          "private": "bnVsbA==",
          "dependencies": [
            "module.network.aws_eip.nat_eip",
            "module.network.aws_nat_gateway.nat_gw",
            "module.network.aws_network_acl.private",
            "module.network.aws_subnet.private",
            "module.network.aws_subnet.public",
            "module.network.aws_vpc.default",
            "module.network.data.aws_availability_zone.az",
            "module.network.data.aws_availability_zones.available",
            "module.network.data.aws_ec2_managed_prefix_list.s3",
            "module.network.data.aws_region.current"
          ]
        },
        {
          "index_key": 3,
          "schema_version": 0,
          "attributes": {
            "cidr_block": "52.95.163.0/24",
            "egress": true,
            "from_port": 0,
            "icmp_code": null,
            "icmp_type": null,
            "id": "nacl-1274859376",
            "ipv6_cidr_block": "",
            "network_acl_id": "acl-0291eeaab0188692c",
            "protocol": "-1",
            "rule_action": "allow",
            "rule_number": 804,
            "to_port": 0
          },
          "sensitive_attributes": [],
          "private": "bnVsbA==",
          "dependencies": [
            "module.network.aws_eip.nat_eip",
            "module.network.aws_nat_gateway.nat_gw",
            "module.network.aws_network_acl.private",
            "module.network.aws_subnet.private",
            "module.network.aws_subnet.public",
            "module.network.aws_vpc.default",
            "module.network.data.aws_availability_zone.az",
            "module.network.data.aws_availability_zones.available",
            "module.network.data.aws_ec2_managed_prefix_list.s3",
            "module.network.data.aws_region.current"
          ]
        },
        {
          "index_key": 4,
          "schema_version": 0,
          "attributes": {
            "cidr_block": "52.95.164.0/23",
            "egress": true,
            "from_port": 0,
            "icmp_code": null,
            "icmp_type": null,
            "id": "nacl-2755568718",
            "ipv6_cidr_block": "",
            "network_acl_id": "acl-0291eeaab0188692c",
            "protocol": "-1",
            "rule_action": "allow",
            "rule_number": 805,
            "to_port": 0
          },
          "sensitive_attributes": [],
          "private": "bnVsbA==",
          "dependencies": [
            "module.network.aws_eip.nat_eip",
            "module.network.aws_nat_gateway.nat_gw",
            "module.network.aws_network_acl.private",
            "module.network.aws_subnet.private",
            "module.network.aws_subnet.public",
            "module.network.aws_vpc.default",
            "module.network.data.aws_availability_zone.az",
            "module.network.data.aws_availability_zones.available",
            "module.network.data.aws_ec2_managed_prefix_list.s3",
            "module.network.data.aws_region.current"
          ]
        }
      ]
    },
    {
      "module": "module.network",
      "mode": "managed",
      "type": "aws_network_acl_rule",
      "name": "out_private_to_world",
      "provider": "provider[\"registry.terraform.io/hashicorp/aws\"]",
      "instances": [
        {
          "schema_version": 0,
          "attributes": {
            "cidr_block": "0.0.0.0/0",
            "egress": true,
            "from_port": 0,
            "icmp_code": null,
            "icmp_type": null,
            "id": "nacl-3460032643",
            "ipv6_cidr_block": "",
            "network_acl_id": "acl-0291eeaab0188692c",
            "protocol": "-1",
            "rule_action": "allow",
            "rule_number": 1,
            "to_port": 0
          },
          "sensitive_attributes": [],
          "private": "bnVsbA==",
          "dependencies": [
            "module.network.aws_eip.nat_eip",
            "module.network.aws_nat_gateway.nat_gw",
            "module.network.aws_network_acl.private",
            "module.network.aws_subnet.private",
            "module.network.aws_subnet.public",
            "module.network.aws_vpc.default",
            "module.network.data.aws_availability_zone.az",
            "module.network.data.aws_availability_zones.available"
          ]
        }
      ]
    },
    {
      "module": "module.network",
      "mode": "managed",
      "type": "aws_network_acl_rule",
      "name": "out_public_world",
      "provider": "provider[\"registry.terraform.io/hashicorp/aws\"]",
      "instances": [
        {
          "schema_version": 0,
          "attributes": {
            "cidr_block": "0.0.0.0/0",
            "egress": true,
            "from_port": 0,
            "icmp_code": null,
            "icmp_type": null,
            "id": "nacl-259764803",
            "ipv6_cidr_block": "",
            "network_acl_id": "acl-051b2023eeff90e77",
            "protocol": "-1",
            "rule_action": "allow",
            "rule_number": 100,
            "to_port": 0
          },
          "sensitive_attributes": [],
          "private": "bnVsbA==",
          "dependencies": [
            "module.network.aws_network_acl.public",
            "module.network.aws_subnet.public",
            "module.network.aws_vpc.default",
            "module.network.data.aws_availability_zone.az",
            "module.network.data.aws_availability_zones.available"
          ]
        }
      ]
    },
    {
      "module": "module.network",
      "mode": "managed",
      "type": "aws_network_acl_rule",
      "name": "out_secure_to_private",
      "provider": "provider[\"registry.terraform.io/hashicorp/aws\"]",
      "instances": [
        {
          "index_key": 0,
          "schema_version": 0,
          "attributes": {
            "cidr_block": "10.1.5.0/24",
            "egress": true,
            "from_port": null,
            "icmp_code": null,
            "icmp_type": null,
            "id": "nacl-2715467100",
            "ipv6_cidr_block": "",
            "network_acl_id": "acl-0e109ec87a3a39b61",
            "protocol": "-1",
            "rule_action": "allow",
            "rule_number": 101,
            "to_port": null
          },
          "sensitive_attributes": [],
          "private": "bnVsbA==",
          "dependencies": [
            "module.network.aws_eip.nat_eip",
            "module.network.aws_nat_gateway.nat_gw",
            "module.network.aws_network_acl.secure",
            "module.network.aws_subnet.private",
            "module.network.aws_subnet.public",
            "module.network.aws_subnet.secure",
            "module.network.aws_vpc.default",
            "module.network.data.aws_availability_zone.az",
            "module.network.data.aws_availability_zones.available"
          ]
        },
        {
          "index_key": 1,
          "schema_version": 0,
          "attributes": {
            "cidr_block": "10.1.6.0/24",
            "egress": true,
            "from_port": null,
            "icmp_code": null,
            "icmp_type": null,
            "id": "nacl-1257047647",
            "ipv6_cidr_block": "",
            "network_acl_id": "acl-0e109ec87a3a39b61",
            "protocol": "-1",
            "rule_action": "allow",
            "rule_number": 102,
            "to_port": null
          },
          "sensitive_attributes": [],
          "private": "bnVsbA==",
          "dependencies": [
            "module.network.aws_eip.nat_eip",
            "module.network.aws_nat_gateway.nat_gw",
            "module.network.aws_network_acl.secure",
            "module.network.aws_subnet.private",
            "module.network.aws_subnet.public",
            "module.network.aws_subnet.secure",
            "module.network.aws_vpc.default",
            "module.network.data.aws_availability_zone.az",
            "module.network.data.aws_availability_zones.available"
          ]
        },
        {
          "index_key": 2,
          "schema_version": 0,
          "attributes": {
            "cidr_block": "10.1.7.0/24",
            "egress": true,
            "from_port": null,
            "icmp_code": null,
            "icmp_type": null,
            "id": "nacl-2771348833",
            "ipv6_cidr_block": "",
            "network_acl_id": "acl-0e109ec87a3a39b61",
            "protocol": "-1",
            "rule_action": "allow",
            "rule_number": 103,
            "to_port": null
          },
          "sensitive_attributes": [],
          "private": "bnVsbA==",
          "dependencies": [
            "module.network.aws_eip.nat_eip",
            "module.network.aws_nat_gateway.nat_gw",
            "module.network.aws_network_acl.secure",
            "module.network.aws_subnet.private",
            "module.network.aws_subnet.public",
            "module.network.aws_subnet.secure",
            "module.network.aws_vpc.default",
            "module.network.data.aws_availability_zone.az",
            "module.network.data.aws_availability_zones.available"
          ]
        }
      ]
    },
    {
      "module": "module.network",
      "mode": "managed",
      "type": "aws_network_acl_rule",
      "name": "out_secure_to_s3",
      "provider": "provider[\"registry.terraform.io/hashicorp/aws\"]",
      "instances": [
        {
          "index_key": 0,
          "schema_version": 0,
          "attributes": {
            "cidr_block": "16.12.0.0/23",
            "egress": true,
            "from_port": 0,
            "icmp_code": null,
            "icmp_type": null,
            "id": "nacl-2732361251",
            "ipv6_cidr_block": "",
            "network_acl_id": "acl-0e109ec87a3a39b61",
            "protocol": "-1",
            "rule_action": "allow",
            "rule_number": 501,
            "to_port": 0
          },
          "sensitive_attributes": [],
          "private": "bnVsbA==",
          "dependencies": [
            "module.network.aws_eip.nat_eip",
            "module.network.aws_nat_gateway.nat_gw",
            "module.network.aws_network_acl.secure",
            "module.network.aws_subnet.public",
            "module.network.aws_subnet.secure",
            "module.network.aws_vpc.default",
            "module.network.data.aws_availability_zone.az",
            "module.network.data.aws_availability_zones.available",
            "module.network.data.aws_ec2_managed_prefix_list.s3",
            "module.network.data.aws_region.current"
          ]
        },
        {
          "index_key": 1,
          "schema_version": 0,
          "attributes": {
            "cidr_block": "16.12.2.0/24",
            "egress": true,
            "from_port": 0,
            "icmp_code": null,
            "icmp_type": null,
            "id": "nacl-1240153376",
            "ipv6_cidr_block": "",
            "network_acl_id": "acl-0e109ec87a3a39b61",
            "protocol": "-1",
            "rule_action": "allow",
            "rule_number": 502,
            "to_port": 0
          },
          "sensitive_attributes": [],
          "private": "bnVsbA==",
          "dependencies": [
            "module.network.aws_eip.nat_eip",
            "module.network.aws_nat_gateway.nat_gw",
            "module.network.aws_network_acl.secure",
            "module.network.aws_subnet.public",
            "module.network.aws_subnet.secure",
            "module.network.aws_vpc.default",
            "module.network.data.aws_availability_zone.az",
            "module.network.data.aws_availability_zones.available",
            "module.network.data.aws_ec2_managed_prefix_list.s3",
            "module.network.data.aws_region.current"
          ]
        },
        {
          "index_key": 2,
          "schema_version": 0,
          "attributes": {
            "cidr_block": "3.5.232.0/22",
            "egress": true,
            "from_port": 0,
            "icmp_code": null,
            "icmp_type": null,
            "id": "nacl-2787726878",
            "ipv6_cidr_block": "",
            "network_acl_id": "acl-0e109ec87a3a39b61",
            "protocol": "-1",
            "rule_action": "allow",
            "rule_number": 503,
            "to_port": 0
          },
          "sensitive_attributes": [],
          "private": "bnVsbA==",
          "dependencies": [
            "module.network.aws_eip.nat_eip",
            "module.network.aws_nat_gateway.nat_gw",
            "module.network.aws_network_acl.secure",
            "module.network.aws_subnet.public",
            "module.network.aws_subnet.secure",
            "module.network.aws_vpc.default",
            "module.network.data.aws_availability_zone.az",
            "module.network.data.aws_availability_zones.available",
            "module.network.data.aws_ec2_managed_prefix_list.s3",
            "module.network.data.aws_region.current"
          ]
        },
        {
          "index_key": 3,
          "schema_version": 0,
          "attributes": {
            "cidr_block": "52.95.163.0/24",
            "egress": true,
            "from_port": 0,
            "icmp_code": null,
            "icmp_type": null,
            "id": "nacl-1156926823",
            "ipv6_cidr_block": "",
            "network_acl_id": "acl-0e109ec87a3a39b61",
            "protocol": "-1",
            "rule_action": "allow",
            "rule_number": 504,
            "to_port": 0
          },
          "sensitive_attributes": [],
          "private": "bnVsbA==",
          "dependencies": [
            "module.network.aws_eip.nat_eip",
            "module.network.aws_nat_gateway.nat_gw",
            "module.network.aws_network_acl.secure",
            "module.network.aws_subnet.public",
            "module.network.aws_subnet.secure",
            "module.network.aws_vpc.default",
            "module.network.data.aws_availability_zone.az",
            "module.network.data.aws_availability_zones.available",
            "module.network.data.aws_ec2_managed_prefix_list.s3",
            "module.network.data.aws_region.current"
          ]
        },
        {
          "index_key": 4,
          "schema_version": 0,
          "attributes": {
            "cidr_block": "52.95.164.0/23",
            "egress": true,
            "from_port": 0,
            "icmp_code": null,
            "icmp_type": null,
            "id": "nacl-2872518233",
            "ipv6_cidr_block": "",
            "network_acl_id": "acl-0e109ec87a3a39b61",
            "protocol": "-1",
            "rule_action": "allow",
            "rule_number": 505,
            "to_port": 0
          },
          "sensitive_attributes": [],
          "private": "bnVsbA==",
          "dependencies": [
            "module.network.aws_eip.nat_eip",
            "module.network.aws_nat_gateway.nat_gw",
            "module.network.aws_network_acl.secure",
            "module.network.aws_subnet.public",
            "module.network.aws_subnet.secure",
            "module.network.aws_vpc.default",
            "module.network.data.aws_availability_zone.az",
            "module.network.data.aws_availability_zones.available",
            "module.network.data.aws_ec2_managed_prefix_list.s3",
            "module.network.data.aws_region.current"
          ]
        }
      ]
    },
    {
      "module": "module.network",
      "mode": "managed",
      "type": "aws_network_acl_rule",
      "name": "out_secure_to_secure",
      "provider": "provider[\"registry.terraform.io/hashicorp/aws\"]",
      "instances": [
        {
          "index_key": 0,
          "schema_version": 0,
          "attributes": {
            "cidr_block": "10.1.10.0/24",
            "egress": true,
            "from_port": null,
            "icmp_code": null,
            "icmp_type": null,
            "id": "nacl-4138336575",
            "ipv6_cidr_block": "",
            "network_acl_id": "acl-0e109ec87a3a39b61",
            "protocol": "-1",
            "rule_action": "allow",
            "rule_number": 1,
            "to_port": null
          },
          "sensitive_attributes": [],
          "private": "bnVsbA==",
          "dependencies": [
            "module.network.aws_eip.nat_eip",
            "module.network.aws_nat_gateway.nat_gw",
            "module.network.aws_network_acl.secure",
            "module.network.aws_subnet.public",
            "module.network.aws_subnet.secure",
            "module.network.aws_vpc.default",
            "module.network.data.aws_availability_zone.az",
            "module.network.data.aws_availability_zones.available"
          ]
        },
        {
          "index_key": 1,
          "schema_version": 0,
          "attributes": {
            "cidr_block": "10.1.11.0/24",
            "egress": true,
            "from_port": null,
            "icmp_code": null,
            "icmp_type": null,
            "id": "nacl-496876092",
            "ipv6_cidr_block": "",
            "network_acl_id": "acl-0e109ec87a3a39b61",
            "protocol": "-1",
            "rule_action": "allow",
            "rule_number": 2,
            "to_port": null
          },
          "sensitive_attributes": [],
          "private": "bnVsbA==",
          "dependencies": [
            "module.network.aws_eip.nat_eip",
            "module.network.aws_nat_gateway.nat_gw",
            "module.network.aws_network_acl.secure",
            "module.network.aws_subnet.public",
            "module.network.aws_subnet.secure",
            "module.network.aws_vpc.default",
            "module.network.data.aws_availability_zone.az",
            "module.network.data.aws_availability_zones.available"
          ]
        },
        {
          "index_key": 2,
          "schema_version": 0,
          "attributes": {
            "cidr_block": "10.1.12.0/24",
            "egress": true,
            "from_port": null,
            "icmp_code": null,
            "icmp_type": null,
            "id": "nacl-4066365698",
            "ipv6_cidr_block": "",
            "network_acl_id": "acl-0e109ec87a3a39b61",
            "protocol": "-1",
            "rule_action": "allow",
            "rule_number": 3,
            "to_port": null
          },
          "sensitive_attributes": [],
          "private": "bnVsbA==",
          "dependencies": [
            "module.network.aws_eip.nat_eip",
            "module.network.aws_nat_gateway.nat_gw",
            "module.network.aws_network_acl.secure",
            "module.network.aws_subnet.public",
            "module.network.aws_subnet.secure",
            "module.network.aws_vpc.default",
            "module.network.data.aws_availability_zone.az",
            "module.network.data.aws_availability_zones.available"
          ]
        }
      ]
    },
    {
      "module": "module.network",
      "mode": "managed",
      "type": "aws_route",
      "name": "nat_route",
      "provider": "provider[\"registry.terraform.io/hashicorp/aws\"]",
      "instances": [
        {
          "index_key": 0,
          "schema_version": 0,
          "attributes": {
            "carrier_gateway_id": "",
            "core_network_arn": "",
            "destination_cidr_block": "0.0.0.0/0",
            "destination_ipv6_cidr_block": "",
            "destination_prefix_list_id": "",
            "egress_only_gateway_id": "",
            "gateway_id": "",
            "id": "r-rtb-004266d28b5ee0b2e1080289494",
            "instance_id": "",
            "instance_owner_id": "",
            "local_gateway_id": "",
            "nat_gateway_id": "nat-0739ecea6ac9a91b6",
            "network_interface_id": "",
            "origin": "CreateRoute",
            "route_table_id": "rtb-004266d28b5ee0b2e",
            "state": "active",
            "timeouts": null,
            "transit_gateway_id": "",
            "vpc_endpoint_id": "",
            "vpc_peering_connection_id": ""
          },
          "sensitive_attributes": [],
          "private": "eyJlMmJmYjczMC1lY2FhLTExZTYtOGY4OC0zNDM2M2JjN2M0YzAiOnsiY3JlYXRlIjozMDAwMDAwMDAwMDAsImRlbGV0ZSI6MzAwMDAwMDAwMDAwLCJ1cGRhdGUiOjEyMDAwMDAwMDAwMH19",
          "dependencies": [
            "module.network.aws_eip.nat_eip",
            "module.network.aws_nat_gateway.nat_gw",
            "module.network.aws_route_table.private",
            "module.network.aws_subnet.public",
            "module.network.aws_vpc.default",
            "module.network.data.aws_availability_zone.az",
            "module.network.data.aws_availability_zones.available"
          ],
          "create_before_destroy": true
        }
      ]
    },
    {
      "module": "module.network",
      "mode": "managed",
      "type": "aws_route",
      "name": "public_internet_route",
      "provider": "provider[\"registry.terraform.io/hashicorp/aws\"]",
      "instances": [
        {
          "schema_version": 0,
          "attributes": {
            "carrier_gateway_id": "",
            "core_network_arn": "",
            "destination_cidr_block": "0.0.0.0/0",
            "destination_ipv6_cidr_block": "",
            "destination_prefix_list_id": "",
            "egress_only_gateway_id": "",
            "gateway_id": "igw-0e9acfb127825d6aa",
            "id": "r-rtb-0c01bb3b4238222771080289494",
            "instance_id": "",
            "instance_owner_id": "",
            "local_gateway_id": "",
            "nat_gateway_id": "",
            "network_interface_id": "",
            "origin": "CreateRoute",
            "route_table_id": "rtb-0c01bb3b423822277",
            "state": "active",
            "timeouts": null,
            "transit_gateway_id": "",
            "vpc_endpoint_id": "",
            "vpc_peering_connection_id": ""
          },
          "sensitive_attributes": [],
          "private": "eyJlMmJmYjczMC1lY2FhLTExZTYtOGY4OC0zNDM2M2JjN2M0YzAiOnsiY3JlYXRlIjozMDAwMDAwMDAwMDAsImRlbGV0ZSI6MzAwMDAwMDAwMDAwLCJ1cGRhdGUiOjEyMDAwMDAwMDAwMH19",
          "dependencies": [
            "module.network.aws_internet_gateway.default",
            "module.network.aws_route_table.public",
            "module.network.aws_vpc.default"
          ],
          "create_before_destroy": true
        }
      ]
    },
    {
      "module": "module.network",
      "mode": "managed",
      "type": "aws_route_table",
      "name": "private",
      "provider": "provider[\"registry.terraform.io/hashicorp/aws\"]",
      "instances": [
        {
          "index_key": 0,
          "schema_version": 0,
          "attributes": {
            "arn": "arn:aws:ec2:sa-east-1:547029308115:route-table/rtb-004266d28b5ee0b2e",
            "id": "rtb-004266d28b5ee0b2e",
            "owner_id": "547029308115",
            "propagating_vgws": [],
            "route": [
              {
                "carrier_gateway_id": "",
                "cidr_block": "0.0.0.0/0",
                "core_network_arn": "",
                "destination_prefix_list_id": "",
                "egress_only_gateway_id": "",
                "gateway_id": "",
                "ipv6_cidr_block": "",
                "local_gateway_id": "",
                "nat_gateway_id": "nat-0739ecea6ac9a91b6",
                "network_interface_id": "",
                "transit_gateway_id": "",
                "vpc_endpoint_id": "",
                "vpc_peering_connection_id": ""
              }
            ],
            "tags": {
              "EnvName": "MyVPC",
              "Name": "MyVPC-RouteTable-Private-0",
              "Scheme": "private"
            },
            "tags_all": {
              "EnvName": "MyVPC",
              "Name": "MyVPC-RouteTable-Private-0",
              "Scheme": "private"
            },
            "timeouts": null,
            "vpc_id": "vpc-0b16be7e91ed1450b"
          },
          "sensitive_attributes": [],
          "private": "eyJlMmJmYjczMC1lY2FhLTExZTYtOGY4OC0zNDM2M2JjN2M0YzAiOnsiY3JlYXRlIjozMDAwMDAwMDAwMDAsImRlbGV0ZSI6MzAwMDAwMDAwMDAwLCJ1cGRhdGUiOjEyMDAwMDAwMDAwMH19",
          "dependencies": [
            "module.network.aws_vpc.default",
            "module.network.data.aws_availability_zones.available"
          ],
          "create_before_destroy": true
        }
      ]
    },
    {
      "module": "module.network",
      "mode": "managed",
      "type": "aws_route_table",
      "name": "public",
      "provider": "provider[\"registry.terraform.io/hashicorp/aws\"]",
      "instances": [
        {
          "schema_version": 0,
          "attributes": {
            "arn": "arn:aws:ec2:sa-east-1:547029308115:route-table/rtb-0c01bb3b423822277",
            "id": "rtb-0c01bb3b423822277",
            "owner_id": "547029308115",
            "propagating_vgws": [],
            "route": [
              {
                "carrier_gateway_id": "",
                "cidr_block": "0.0.0.0/0",
                "core_network_arn": "",
                "destination_prefix_list_id": "",
                "egress_only_gateway_id": "",
                "gateway_id": "igw-0e9acfb127825d6aa",
                "ipv6_cidr_block": "",
                "local_gateway_id": "",
                "nat_gateway_id": "",
                "network_interface_id": "",
                "transit_gateway_id": "",
                "vpc_endpoint_id": "",
                "vpc_peering_connection_id": ""
              }
            ],
            "tags": {
              "EnvName": "MyVPC",
              "Name": "MyVPC-RouteTable-Public",
              "Scheme": "public"
            },
            "tags_all": {
              "EnvName": "MyVPC",
              "Name": "MyVPC-RouteTable-Public",
              "Scheme": "public"
            },
            "timeouts": null,
            "vpc_id": "vpc-0b16be7e91ed1450b"
          },
          "sensitive_attributes": [],
          "private": "eyJlMmJmYjczMC1lY2FhLTExZTYtOGY4OC0zNDM2M2JjN2M0YzAiOnsiY3JlYXRlIjozMDAwMDAwMDAwMDAsImRlbGV0ZSI6MzAwMDAwMDAwMDAwLCJ1cGRhdGUiOjEyMDAwMDAwMDAwMH19",
          "dependencies": [
            "module.network.aws_vpc.default"
          ],
          "create_before_destroy": true
        }
      ]
    },
    {
      "module": "module.network",
      "mode": "managed",
      "type": "aws_route_table",
      "name": "secure",
      "provider": "provider[\"registry.terraform.io/hashicorp/aws\"]",
      "instances": [
        {
          "schema_version": 0,
          "attributes": {
            "arn": "arn:aws:ec2:sa-east-1:547029308115:route-table/rtb-0d7aae3e1fdfc5851",
            "id": "rtb-0d7aae3e1fdfc5851",
            "owner_id": "547029308115",
            "propagating_vgws": [],
            "route": [],
            "tags": {
              "EnvName": "MyVPC",
              "Name": "MyVPC-RouteTable-Secure",
              "Scheme": "secure"
            },
            "tags_all": {
              "EnvName": "MyVPC",
              "Name": "MyVPC-RouteTable-Secure",
              "Scheme": "secure"
            },
            "timeouts": null,
            "vpc_id": "vpc-0b16be7e91ed1450b"
          },
          "sensitive_attributes": [],
          "private": "eyJlMmJmYjczMC1lY2FhLTExZTYtOGY4OC0zNDM2M2JjN2M0YzAiOnsiY3JlYXRlIjozMDAwMDAwMDAwMDAsImRlbGV0ZSI6MzAwMDAwMDAwMDAwLCJ1cGRhdGUiOjEyMDAwMDAwMDAwMH19",
          "dependencies": [
            "module.network.aws_vpc.default"
          ],
          "create_before_destroy": true
        }
      ]
    },
    {
      "module": "module.network",
      "mode": "managed",
      "type": "aws_route_table_association",
      "name": "private",
      "provider": "provider[\"registry.terraform.io/hashicorp/aws\"]",
      "instances": [
        {
          "index_key": 0,
          "schema_version": 0,
          "attributes": {
            "gateway_id": "",
            "id": "rtbassoc-079619421e024e0a4",
            "route_table_id": "rtb-004266d28b5ee0b2e",
            "subnet_id": "subnet-035f1f4e847aa5bb6",
            "timeouts": null
          },
          "sensitive_attributes": [],
          "private": "eyJlMmJmYjczMC1lY2FhLTExZTYtOGY4OC0zNDM2M2JjN2M0YzAiOnsiY3JlYXRlIjozMDAwMDAwMDAwMDAsImRlbGV0ZSI6MzAwMDAwMDAwMDAwLCJ1cGRhdGUiOjEyMDAwMDAwMDAwMH19",
          "dependencies": [
            "module.network.aws_eip.nat_eip",
            "module.network.aws_nat_gateway.nat_gw",
            "module.network.aws_route_table.private",
            "module.network.aws_subnet.private",
            "module.network.aws_subnet.public",
            "module.network.aws_vpc.default",
            "module.network.data.aws_availability_zone.az",
            "module.network.data.aws_availability_zones.available"
          ],
          "create_before_destroy": true
        },
        {
          "index_key": 1,
          "schema_version": 0,
          "attributes": {
            "gateway_id": "",
            "id": "rtbassoc-07a7b5b54bac3f126",
            "route_table_id": "rtb-004266d28b5ee0b2e",
            "subnet_id": "subnet-0e5e219090ecc593d",
            "timeouts": null
          },
          "sensitive_attributes": [],
          "private": "eyJlMmJmYjczMC1lY2FhLTExZTYtOGY4OC0zNDM2M2JjN2M0YzAiOnsiY3JlYXRlIjozMDAwMDAwMDAwMDAsImRlbGV0ZSI6MzAwMDAwMDAwMDAwLCJ1cGRhdGUiOjEyMDAwMDAwMDAwMH19",
          "dependencies": [
            "module.network.aws_eip.nat_eip",
            "module.network.aws_nat_gateway.nat_gw",
            "module.network.aws_route_table.private",
            "module.network.aws_subnet.private",
            "module.network.aws_subnet.public",
            "module.network.aws_vpc.default",
            "module.network.data.aws_availability_zone.az",
            "module.network.data.aws_availability_zones.available"
          ],
          "create_before_destroy": true
        },
        {
          "index_key": 2,
          "schema_version": 0,
          "attributes": {
            "gateway_id": "",
            "id": "rtbassoc-0dcbce166375faaf3",
            "route_table_id": "rtb-004266d28b5ee0b2e",
            "subnet_id": "subnet-096b21d8817cc1694",
            "timeouts": null
          },
          "sensitive_attributes": [],
          "private": "eyJlMmJmYjczMC1lY2FhLTExZTYtOGY4OC0zNDM2M2JjN2M0YzAiOnsiY3JlYXRlIjozMDAwMDAwMDAwMDAsImRlbGV0ZSI6MzAwMDAwMDAwMDAwLCJ1cGRhdGUiOjEyMDAwMDAwMDAwMH19",
          "dependencies": [
            "module.network.aws_eip.nat_eip",
            "module.network.aws_nat_gateway.nat_gw",
            "module.network.aws_route_table.private",
            "module.network.aws_subnet.private",
            "module.network.aws_subnet.public",
            "module.network.aws_vpc.default",
            "module.network.data.aws_availability_zone.az",
            "module.network.data.aws_availability_zones.available"
          ],
          "create_before_destroy": true
        }
      ]
    },
    {
      "module": "module.network",
      "mode": "managed",
      "type": "aws_route_table_association",
      "name": "public",
      "provider": "provider[\"registry.terraform.io/hashicorp/aws\"]",
      "instances": [
        {
          "index_key": 0,
          "schema_version": 0,
          "attributes": {
            "gateway_id": "",
            "id": "rtbassoc-0310c4e7f7aee321c",
            "route_table_id": "rtb-0c01bb3b423822277",
            "subnet_id": "subnet-00ec33ddad4c46e29",
            "timeouts": null
          },
          "sensitive_attributes": [],
          "private": "eyJlMmJmYjczMC1lY2FhLTExZTYtOGY4OC0zNDM2M2JjN2M0YzAiOnsiY3JlYXRlIjozMDAwMDAwMDAwMDAsImRlbGV0ZSI6MzAwMDAwMDAwMDAwLCJ1cGRhdGUiOjEyMDAwMDAwMDAwMH19",
          "dependencies": [
            "module.network.aws_route_table.public",
            "module.network.aws_subnet.public",
            "module.network.aws_vpc.default",
            "module.network.data.aws_availability_zone.az",
            "module.network.data.aws_availability_zones.available"
          ],
          "create_before_destroy": true
        },
        {
          "index_key": 1,
          "schema_version": 0,
          "attributes": {
            "gateway_id": "",
            "id": "rtbassoc-060980d79c7376bf4",
            "route_table_id": "rtb-0c01bb3b423822277",
            "subnet_id": "subnet-06e49870dbdc23e4b",
            "timeouts": null
          },
          "sensitive_attributes": [],
          "private": "eyJlMmJmYjczMC1lY2FhLTExZTYtOGY4OC0zNDM2M2JjN2M0YzAiOnsiY3JlYXRlIjozMDAwMDAwMDAwMDAsImRlbGV0ZSI6MzAwMDAwMDAwMDAwLCJ1cGRhdGUiOjEyMDAwMDAwMDAwMH19",
          "dependencies": [
            "module.network.aws_route_table.public",
            "module.network.aws_subnet.public",
            "module.network.aws_vpc.default",
            "module.network.data.aws_availability_zone.az",
            "module.network.data.aws_availability_zones.available"
          ],
          "create_before_destroy": true
        },
        {
          "index_key": 2,
          "schema_version": 0,
          "attributes": {
            "gateway_id": "",
            "id": "rtbassoc-0437af3c5bc7f8718",
            "route_table_id": "rtb-0c01bb3b423822277",
            "subnet_id": "subnet-08b1d08c6678db557",
            "timeouts": null
          },
          "sensitive_attributes": [],
          "private": "eyJlMmJmYjczMC1lY2FhLTExZTYtOGY4OC0zNDM2M2JjN2M0YzAiOnsiY3JlYXRlIjozMDAwMDAwMDAwMDAsImRlbGV0ZSI6MzAwMDAwMDAwMDAwLCJ1cGRhdGUiOjEyMDAwMDAwMDAwMH19",
          "dependencies": [
            "module.network.aws_route_table.public",
            "module.network.aws_subnet.public",
            "module.network.aws_vpc.default",
            "module.network.data.aws_availability_zone.az",
            "module.network.data.aws_availability_zones.available"
          ],
          "create_before_destroy": true
        }
      ]
    },
    {
      "module": "module.network",
      "mode": "managed",
      "type": "aws_route_table_association",
      "name": "secure",
      "provider": "provider[\"registry.terraform.io/hashicorp/aws\"]",
      "instances": [
        {
          "index_key": 0,
          "schema_version": 0,
          "attributes": {
            "gateway_id": "",
            "id": "rtbassoc-03a5c6781f6d05fba",
            "route_table_id": "rtb-0d7aae3e1fdfc5851",
            "subnet_id": "subnet-03c629408074d0766",
            "timeouts": null
          },
          "sensitive_attributes": [],
          "private": "eyJlMmJmYjczMC1lY2FhLTExZTYtOGY4OC0zNDM2M2JjN2M0YzAiOnsiY3JlYXRlIjozMDAwMDAwMDAwMDAsImRlbGV0ZSI6MzAwMDAwMDAwMDAwLCJ1cGRhdGUiOjEyMDAwMDAwMDAwMH19",
          "dependencies": [
            "module.network.aws_eip.nat_eip",
            "module.network.aws_nat_gateway.nat_gw",
            "module.network.aws_route_table.secure",
            "module.network.aws_subnet.public",
            "module.network.aws_subnet.secure",
            "module.network.aws_vpc.default",
            "module.network.data.aws_availability_zone.az",
            "module.network.data.aws_availability_zones.available"
          ],
          "create_before_destroy": true
        },
        {
          "index_key": 1,
          "schema_version": 0,
          "attributes": {
            "gateway_id": "",
            "id": "rtbassoc-074cf5acf117ab438",
            "route_table_id": "rtb-0d7aae3e1fdfc5851",
            "subnet_id": "subnet-0d79d8412c61cbc1e",
            "timeouts": null
          },
          "sensitive_attributes": [],
          "private": "eyJlMmJmYjczMC1lY2FhLTExZTYtOGY4OC0zNDM2M2JjN2M0YzAiOnsiY3JlYXRlIjozMDAwMDAwMDAwMDAsImRlbGV0ZSI6MzAwMDAwMDAwMDAwLCJ1cGRhdGUiOjEyMDAwMDAwMDAwMH19",
          "dependencies": [
            "module.network.aws_eip.nat_eip",
            "module.network.aws_nat_gateway.nat_gw",
            "module.network.aws_route_table.secure",
            "module.network.aws_subnet.public",
            "module.network.aws_subnet.secure",
            "module.network.aws_vpc.default",
            "module.network.data.aws_availability_zone.az",
            "module.network.data.aws_availability_zones.available"
          ],
          "create_before_destroy": true
        },
        {
          "index_key": 2,
          "schema_version": 0,
          "attributes": {
            "gateway_id": "",
            "id": "rtbassoc-025d7bb3621501f02",
            "route_table_id": "rtb-0d7aae3e1fdfc5851",
            "subnet_id": "subnet-04f1401b7a5fd5f87",
            "timeouts": null
          },
          "sensitive_attributes": [],
          "private": "eyJlMmJmYjczMC1lY2FhLTExZTYtOGY4OC0zNDM2M2JjN2M0YzAiOnsiY3JlYXRlIjozMDAwMDAwMDAwMDAsImRlbGV0ZSI6MzAwMDAwMDAwMDAwLCJ1cGRhdGUiOjEyMDAwMDAwMDAwMH19",
          "dependencies": [
            "module.network.aws_eip.nat_eip",
            "module.network.aws_nat_gateway.nat_gw",
            "module.network.aws_route_table.secure",
            "module.network.aws_subnet.public",
            "module.network.aws_subnet.secure",
            "module.network.aws_vpc.default",
            "module.network.data.aws_availability_zone.az",
            "module.network.data.aws_availability_zones.available"
          ],
          "create_before_destroy": true
        }
      ]
    },
    {
      "module": "module.network",
      "mode": "managed",
      "type": "aws_subnet",
      "name": "private",
      "provider": "provider[\"registry.terraform.io/hashicorp/aws\"]",
      "instances": [
        {
          "index_key": 0,
          "schema_version": 1,
          "attributes": {
            "arn": "arn:aws:ec2:sa-east-1:547029308115:subnet/subnet-035f1f4e847aa5bb6",
            "assign_ipv6_address_on_creation": false,
            "availability_zone": "sa-east-1a",
            "availability_zone_id": "sae1-az1",
            "cidr_block": "10.1.5.0/24",
            "customer_owned_ipv4_pool": "",
            "enable_dns64": false,
            "enable_lni_at_device_index": 0,
            "enable_resource_name_dns_a_record_on_launch": false,
            "enable_resource_name_dns_aaaa_record_on_launch": false,
            "id": "subnet-035f1f4e847aa5bb6",
            "ipv6_cidr_block": "",
            "ipv6_cidr_block_association_id": "",
            "ipv6_native": false,
            "map_customer_owned_ip_on_launch": false,
            "map_public_ip_on_launch": false,
            "outpost_arn": "",
            "owner_id": "547029308115",
            "private_dns_hostname_type_on_launch": "ip-name",
            "tags": {
              "EnvName": "MyVPC",
              "Name": "MyVPC-Subnet-Private-A",
              "Scheme": "private",
              "aws-cdk:subnet-name": "Private",
              "aws-cdk:subnet-type": "Private"
            },
            "tags_all": {
              "EnvName": "MyVPC",
              "Name": "MyVPC-Subnet-Private-A",
              "Scheme": "private",
              "aws-cdk:subnet-name": "Private",
              "aws-cdk:subnet-type": "Private"
            },
            "timeouts": null,
            "vpc_id": "vpc-0b16be7e91ed1450b"
          },
          "sensitive_attributes": [],
          "private": "eyJlMmJmYjczMC1lY2FhLTExZTYtOGY4OC0zNDM2M2JjN2M0YzAiOnsiY3JlYXRlIjo2MDAwMDAwMDAwMDAsImRlbGV0ZSI6MTIwMDAwMDAwMDAwMH0sInNjaGVtYV92ZXJzaW9uIjoiMSJ9",
          "dependencies": [
            "module.network.aws_eip.nat_eip",
            "module.network.aws_nat_gateway.nat_gw",
            "module.network.aws_subnet.public",
            "module.network.aws_vpc.default",
            "module.network.data.aws_availability_zone.az",
            "module.network.data.aws_availability_zones.available"
          ],
          "create_before_destroy": true
        },
        {
          "index_key": 1,
          "schema_version": 1,
          "attributes": {
            "arn": "arn:aws:ec2:sa-east-1:547029308115:subnet/subnet-0e5e219090ecc593d",
            "assign_ipv6_address_on_creation": false,
            "availability_zone": "sa-east-1b",
            "availability_zone_id": "sae1-az2",
            "cidr_block": "10.1.6.0/24",
            "customer_owned_ipv4_pool": "",
            "enable_dns64": false,
            "enable_lni_at_device_index": 0,
            "enable_resource_name_dns_a_record_on_launch": false,
            "enable_resource_name_dns_aaaa_record_on_launch": false,
            "id": "subnet-0e5e219090ecc593d",
            "ipv6_cidr_block": "",
            "ipv6_cidr_block_association_id": "",
            "ipv6_native": false,
            "map_customer_owned_ip_on_launch": false,
            "map_public_ip_on_launch": false,
            "outpost_arn": "",
            "owner_id": "547029308115",
            "private_dns_hostname_type_on_launch": "ip-name",
            "tags": {
              "EnvName": "MyVPC",
              "Name": "MyVPC-Subnet-Private-B",
              "Scheme": "private",
              "aws-cdk:subnet-name": "Private",
              "aws-cdk:subnet-type": "Private"
            },
            "tags_all": {
              "EnvName": "MyVPC",
              "Name": "MyVPC-Subnet-Private-B",
              "Scheme": "private",
              "aws-cdk:subnet-name": "Private",
              "aws-cdk:subnet-type": "Private"
            },
            "timeouts": null,
            "vpc_id": "vpc-0b16be7e91ed1450b"
          },
          "sensitive_attributes": [],
          "private": "eyJlMmJmYjczMC1lY2FhLTExZTYtOGY4OC0zNDM2M2JjN2M0YzAiOnsiY3JlYXRlIjo2MDAwMDAwMDAwMDAsImRlbGV0ZSI6MTIwMDAwMDAwMDAwMH0sInNjaGVtYV92ZXJzaW9uIjoiMSJ9",
          "dependencies": [
            "module.network.aws_eip.nat_eip",
            "module.network.aws_nat_gateway.nat_gw",
            "module.network.aws_subnet.public",
            "module.network.aws_vpc.default",
            "module.network.data.aws_availability_zone.az",
            "module.network.data.aws_availability_zones.available"
          ],
          "create_before_destroy": true
        },
        {
          "index_key": 2,
          "schema_version": 1,
          "attributes": {
            "arn": "arn:aws:ec2:sa-east-1:547029308115:subnet/subnet-096b21d8817cc1694",
            "assign_ipv6_address_on_creation": false,
            "availability_zone": "sa-east-1c",
            "availability_zone_id": "sae1-az3",
            "cidr_block": "10.1.7.0/24",
            "customer_owned_ipv4_pool": "",
            "enable_dns64": false,
            "enable_lni_at_device_index": 0,
            "enable_resource_name_dns_a_record_on_launch": false,
            "enable_resource_name_dns_aaaa_record_on_launch": false,
            "id": "subnet-096b21d8817cc1694",
            "ipv6_cidr_block": "",
            "ipv6_cidr_block_association_id": "",
            "ipv6_native": false,
            "map_customer_owned_ip_on_launch": false,
            "map_public_ip_on_launch": false,
            "outpost_arn": "",
            "owner_id": "547029308115",
            "private_dns_hostname_type_on_launch": "ip-name",
            "tags": {
              "EnvName": "MyVPC",
              "Name": "MyVPC-Subnet-Private-C",
              "Scheme": "private",
              "aws-cdk:subnet-name": "Private",
              "aws-cdk:subnet-type": "Private"
            },
            "tags_all": {
              "EnvName": "MyVPC",
              "Name": "MyVPC-Subnet-Private-C",
              "Scheme": "private",
              "aws-cdk:subnet-name": "Private",
              "aws-cdk:subnet-type": "Private"
            },
            "timeouts": null,
            "vpc_id": "vpc-0b16be7e91ed1450b"
          },
          "sensitive_attributes": [],
          "private": "eyJlMmJmYjczMC1lY2FhLTExZTYtOGY4OC0zNDM2M2JjN2M0YzAiOnsiY3JlYXRlIjo2MDAwMDAwMDAwMDAsImRlbGV0ZSI6MTIwMDAwMDAwMDAwMH0sInNjaGVtYV92ZXJzaW9uIjoiMSJ9",
          "dependencies": [
            "module.network.aws_eip.nat_eip",
            "module.network.aws_nat_gateway.nat_gw",
            "module.network.aws_subnet.public",
            "module.network.aws_vpc.default",
            "module.network.data.aws_availability_zone.az",
            "module.network.data.aws_availability_zones.available"
          ],
          "create_before_destroy": true
        }
      ]
    },
    {
      "module": "module.network",
      "mode": "managed",
      "type": "aws_subnet",
      "name": "public",
      "provider": "provider[\"registry.terraform.io/hashicorp/aws\"]",
      "instances": [
        {
          "index_key": 0,
          "schema_version": 1,
          "attributes": {
            "arn": "arn:aws:ec2:sa-east-1:547029308115:subnet/subnet-00ec33ddad4c46e29",
            "assign_ipv6_address_on_creation": false,
            "availability_zone": "sa-east-1a",
            "availability_zone_id": "sae1-az1",
            "cidr_block": "10.1.0.0/24",
            "customer_owned_ipv4_pool": "",
            "enable_dns64": false,
            "enable_lni_at_device_index": 0,
            "enable_resource_name_dns_a_record_on_launch": false,
            "enable_resource_name_dns_aaaa_record_on_launch": false,
            "id": "subnet-00ec33ddad4c46e29",
            "ipv6_cidr_block": "",
            "ipv6_cidr_block_association_id": "",
            "ipv6_native": false,
            "map_customer_owned_ip_on_launch": false,
            "map_public_ip_on_launch": true,
            "outpost_arn": "",
            "owner_id": "547029308115",
            "private_dns_hostname_type_on_launch": "ip-name",
            "tags": {
              "EnvName": "MyVPC",
              "Name": "MyVPC-Subnet-Public-A",
              "Scheme": "public",
              "aws-cdk:subnet-name": "Public",
              "aws-cdk:subnet-type": "Public"
            },
            "tags_all": {
              "EnvName": "MyVPC",
              "Name": "MyVPC-Subnet-Public-A",
              "Scheme": "public",
              "aws-cdk:subnet-name": "Public",
              "aws-cdk:subnet-type": "Public"
            },
            "timeouts": null,
            "vpc_id": "vpc-0b16be7e91ed1450b"
          },
          "sensitive_attributes": [],
          "private": "eyJlMmJmYjczMC1lY2FhLTExZTYtOGY4OC0zNDM2M2JjN2M0YzAiOnsiY3JlYXRlIjo2MDAwMDAwMDAwMDAsImRlbGV0ZSI6MTIwMDAwMDAwMDAwMH0sInNjaGVtYV92ZXJzaW9uIjoiMSJ9",
          "dependencies": [
            "module.network.aws_vpc.default",
            "module.network.data.aws_availability_zone.az",
            "module.network.data.aws_availability_zones.available"
          ],
          "create_before_destroy": true
        },
        {
          "index_key": 1,
          "schema_version": 1,
          "attributes": {
            "arn": "arn:aws:ec2:sa-east-1:547029308115:subnet/subnet-06e49870dbdc23e4b",
            "assign_ipv6_address_on_creation": false,
            "availability_zone": "sa-east-1b",
            "availability_zone_id": "sae1-az2",
            "cidr_block": "10.1.1.0/24",
            "customer_owned_ipv4_pool": "",
            "enable_dns64": false,
            "enable_lni_at_device_index": 0,
            "enable_resource_name_dns_a_record_on_launch": false,
            "enable_resource_name_dns_aaaa_record_on_launch": false,
            "id": "subnet-06e49870dbdc23e4b",
            "ipv6_cidr_block": "",
            "ipv6_cidr_block_association_id": "",
            "ipv6_native": false,
            "map_customer_owned_ip_on_launch": false,
            "map_public_ip_on_launch": true,
            "outpost_arn": "",
            "owner_id": "547029308115",
            "private_dns_hostname_type_on_launch": "ip-name",
            "tags": {
              "EnvName": "MyVPC",
              "Name": "MyVPC-Subnet-Public-B",
              "Scheme": "public",
              "aws-cdk:subnet-name": "Public",
              "aws-cdk:subnet-type": "Public"
            },
            "tags_all": {
              "EnvName": "MyVPC",
              "Name": "MyVPC-Subnet-Public-B",
              "Scheme": "public",
              "aws-cdk:subnet-name": "Public",
              "aws-cdk:subnet-type": "Public"
            },
            "timeouts": null,
            "vpc_id": "vpc-0b16be7e91ed1450b"
          },
          "sensitive_attributes": [],
          "private": "eyJlMmJmYjczMC1lY2FhLTExZTYtOGY4OC0zNDM2M2JjN2M0YzAiOnsiY3JlYXRlIjo2MDAwMDAwMDAwMDAsImRlbGV0ZSI6MTIwMDAwMDAwMDAwMH0sInNjaGVtYV92ZXJzaW9uIjoiMSJ9",
          "dependencies": [
            "module.network.aws_vpc.default",
            "module.network.data.aws_availability_zone.az",
            "module.network.data.aws_availability_zones.available"
          ],
          "create_before_destroy": true
        },
        {
          "index_key": 2,
          "schema_version": 1,
          "attributes": {
            "arn": "arn:aws:ec2:sa-east-1:547029308115:subnet/subnet-08b1d08c6678db557",
            "assign_ipv6_address_on_creation": false,
            "availability_zone": "sa-east-1c",
            "availability_zone_id": "sae1-az3",
            "cidr_block": "10.1.2.0/24",
            "customer_owned_ipv4_pool": "",
            "enable_dns64": false,
            "enable_lni_at_device_index": 0,
            "enable_resource_name_dns_a_record_on_launch": false,
            "enable_resource_name_dns_aaaa_record_on_launch": false,
            "id": "subnet-08b1d08c6678db557",
            "ipv6_cidr_block": "",
            "ipv6_cidr_block_association_id": "",
            "ipv6_native": false,
            "map_customer_owned_ip_on_launch": false,
            "map_public_ip_on_launch": true,
            "outpost_arn": "",
            "owner_id": "547029308115",
            "private_dns_hostname_type_on_launch": "ip-name",
            "tags": {
              "EnvName": "MyVPC",
              "Name": "MyVPC-Subnet-Public-C",
              "Scheme": "public",
              "aws-cdk:subnet-name": "Public",
              "aws-cdk:subnet-type": "Public"
            },
            "tags_all": {
              "EnvName": "MyVPC",
              "Name": "MyVPC-Subnet-Public-C",
              "Scheme": "public",
              "aws-cdk:subnet-name": "Public",
              "aws-cdk:subnet-type": "Public"
            },
            "timeouts": null,
            "vpc_id": "vpc-0b16be7e91ed1450b"
          },
          "sensitive_attributes": [],
          "private": "eyJlMmJmYjczMC1lY2FhLTExZTYtOGY4OC0zNDM2M2JjN2M0YzAiOnsiY3JlYXRlIjo2MDAwMDAwMDAwMDAsImRlbGV0ZSI6MTIwMDAwMDAwMDAwMH0sInNjaGVtYV92ZXJzaW9uIjoiMSJ9",
          "dependencies": [
            "module.network.aws_vpc.default",
            "module.network.data.aws_availability_zone.az",
            "module.network.data.aws_availability_zones.available"
          ],
          "create_before_destroy": true
        }
      ]
    },
    {
      "module": "module.network",
      "mode": "managed",
      "type": "aws_subnet",
      "name": "secure",
      "provider": "provider[\"registry.terraform.io/hashicorp/aws\"]",
      "instances": [
        {
          "index_key": 0,
          "schema_version": 1,
          "attributes": {
            "arn": "arn:aws:ec2:sa-east-1:547029308115:subnet/subnet-03c629408074d0766",
            "assign_ipv6_address_on_creation": false,
            "availability_zone": "sa-east-1a",
            "availability_zone_id": "sae1-az1",
            "cidr_block": "10.1.10.0/24",
            "customer_owned_ipv4_pool": "",
            "enable_dns64": false,
            "enable_lni_at_device_index": 0,
            "enable_resource_name_dns_a_record_on_launch": false,
            "enable_resource_name_dns_aaaa_record_on_launch": false,
            "id": "subnet-03c629408074d0766",
            "ipv6_cidr_block": "",
            "ipv6_cidr_block_association_id": "",
            "ipv6_native": false,
            "map_customer_owned_ip_on_launch": false,
            "map_public_ip_on_launch": false,
            "outpost_arn": "",
            "owner_id": "547029308115",
            "private_dns_hostname_type_on_launch": "ip-name",
            "tags": {
              "EnvName": "MyVPC",
              "Name": "MyVPC-Subnet-Secure-A",
              "Scheme": "secure",
              "aws-cdk:subnet-name": "Secure",
              "aws-cdk:subnet-type": "Isolated"
            },
            "tags_all": {
              "EnvName": "MyVPC",
              "Name": "MyVPC-Subnet-Secure-A",
              "Scheme": "secure",
              "aws-cdk:subnet-name": "Secure",
              "aws-cdk:subnet-type": "Isolated"
            },
            "timeouts": null,
            "vpc_id": "vpc-0b16be7e91ed1450b"
          },
          "sensitive_attributes": [],
          "private": "eyJlMmJmYjczMC1lY2FhLTExZTYtOGY4OC0zNDM2M2JjN2M0YzAiOnsiY3JlYXRlIjo2MDAwMDAwMDAwMDAsImRlbGV0ZSI6MTIwMDAwMDAwMDAwMH0sInNjaGVtYV92ZXJzaW9uIjoiMSJ9",
          "dependencies": [
            "module.network.aws_eip.nat_eip",
            "module.network.aws_nat_gateway.nat_gw",
            "module.network.aws_subnet.public",
            "module.network.aws_vpc.default",
            "module.network.data.aws_availability_zone.az",
            "module.network.data.aws_availability_zones.available"
          ],
          "create_before_destroy": true
        },
        {
          "index_key": 1,
          "schema_version": 1,
          "attributes": {
            "arn": "arn:aws:ec2:sa-east-1:547029308115:subnet/subnet-0d79d8412c61cbc1e",
            "assign_ipv6_address_on_creation": false,
            "availability_zone": "sa-east-1b",
            "availability_zone_id": "sae1-az2",
            "cidr_block": "10.1.11.0/24",
            "customer_owned_ipv4_pool": "",
            "enable_dns64": false,
            "enable_lni_at_device_index": 0,
            "enable_resource_name_dns_a_record_on_launch": false,
            "enable_resource_name_dns_aaaa_record_on_launch": false,
            "id": "subnet-0d79d8412c61cbc1e",
            "ipv6_cidr_block": "",
            "ipv6_cidr_block_association_id": "",
            "ipv6_native": false,
            "map_customer_owned_ip_on_launch": false,
            "map_public_ip_on_launch": false,
            "outpost_arn": "",
            "owner_id": "547029308115",
            "private_dns_hostname_type_on_launch": "ip-name",
            "tags": {
              "EnvName": "MyVPC",
              "Name": "MyVPC-Subnet-Secure-B",
              "Scheme": "secure",
              "aws-cdk:subnet-name": "Secure",
              "aws-cdk:subnet-type": "Isolated"
            },
            "tags_all": {
              "EnvName": "MyVPC",
              "Name": "MyVPC-Subnet-Secure-B",
              "Scheme": "secure",
              "aws-cdk:subnet-name": "Secure",
              "aws-cdk:subnet-type": "Isolated"
            },
            "timeouts": null,
            "vpc_id": "vpc-0b16be7e91ed1450b"
          },
          "sensitive_attributes": [],
          "private": "eyJlMmJmYjczMC1lY2FhLTExZTYtOGY4OC0zNDM2M2JjN2M0YzAiOnsiY3JlYXRlIjo2MDAwMDAwMDAwMDAsImRlbGV0ZSI6MTIwMDAwMDAwMDAwMH0sInNjaGVtYV92ZXJzaW9uIjoiMSJ9",
          "dependencies": [
            "module.network.aws_eip.nat_eip",
            "module.network.aws_nat_gateway.nat_gw",
            "module.network.aws_subnet.public",
            "module.network.aws_vpc.default",
            "module.network.data.aws_availability_zone.az",
            "module.network.data.aws_availability_zones.available"
          ],
          "create_before_destroy": true
        },
        {
          "index_key": 2,
          "schema_version": 1,
          "attributes": {
            "arn": "arn:aws:ec2:sa-east-1:547029308115:subnet/subnet-04f1401b7a5fd5f87",
            "assign_ipv6_address_on_creation": false,
            "availability_zone": "sa-east-1c",
            "availability_zone_id": "sae1-az3",
            "cidr_block": "10.1.12.0/24",
            "customer_owned_ipv4_pool": "",
            "enable_dns64": false,
            "enable_lni_at_device_index": 0,
            "enable_resource_name_dns_a_record_on_launch": false,
            "enable_resource_name_dns_aaaa_record_on_launch": false,
            "id": "subnet-04f1401b7a5fd5f87",
            "ipv6_cidr_block": "",
            "ipv6_cidr_block_association_id": "",
            "ipv6_native": false,
            "map_customer_owned_ip_on_launch": false,
            "map_public_ip_on_launch": false,
            "outpost_arn": "",
            "owner_id": "547029308115",
            "private_dns_hostname_type_on_launch": "ip-name",
            "tags": {
              "EnvName": "MyVPC",
              "Name": "MyVPC-Subnet-Secure-C",
              "Scheme": "secure",
              "aws-cdk:subnet-name": "Secure",
              "aws-cdk:subnet-type": "Isolated"
            },
            "tags_all": {
              "EnvName": "MyVPC",
              "Name": "MyVPC-Subnet-Secure-C",
              "Scheme": "secure",
              "aws-cdk:subnet-name": "Secure",
              "aws-cdk:subnet-type": "Isolated"
            },
            "timeouts": null,
            "vpc_id": "vpc-0b16be7e91ed1450b"
          },
          "sensitive_attributes": [],
          "private": "eyJlMmJmYjczMC1lY2FhLTExZTYtOGY4OC0zNDM2M2JjN2M0YzAiOnsiY3JlYXRlIjo2MDAwMDAwMDAwMDAsImRlbGV0ZSI6MTIwMDAwMDAwMDAwMH0sInNjaGVtYV92ZXJzaW9uIjoiMSJ9",
          "dependencies": [
            "module.network.aws_eip.nat_eip",
            "module.network.aws_nat_gateway.nat_gw",
            "module.network.aws_subnet.public",
            "module.network.aws_vpc.default",
            "module.network.data.aws_availability_zone.az",
            "module.network.data.aws_availability_zones.available"
          ],
          "create_before_destroy": true
        }
      ]
    },
    {
      "module": "module.network",
      "mode": "managed",
      "type": "aws_vpc",
      "name": "default",
      "provider": "provider[\"registry.terraform.io/hashicorp/aws\"]",
      "instances": [
        {
          "schema_version": 1,
          "attributes": {
            "arn": "arn:aws:ec2:sa-east-1:547029308115:vpc/vpc-0b16be7e91ed1450b",
            "assign_generated_ipv6_cidr_block": false,
            "cidr_block": "10.1.0.0/16",
            "default_network_acl_id": "acl-0406b9259c4565325",
            "default_route_table_id": "rtb-01e0de3a99c631056",
            "default_security_group_id": "sg-0832e7c1d6b52137b",
            "dhcp_options_id": "dopt-07893a2470d0448a3",
            "enable_dns_hostnames": true,
            "enable_dns_support": true,
            "enable_network_address_usage_metrics": false,
            "id": "vpc-0b16be7e91ed1450b",
            "instance_tenancy": "default",
            "ipv4_ipam_pool_id": null,
            "ipv4_netmask_length": null,
            "ipv6_association_id": "",
            "ipv6_cidr_block": "",
            "ipv6_cidr_block_network_border_group": "",
            "ipv6_ipam_pool_id": "",
            "ipv6_netmask_length": 0,
            "main_route_table_id": "rtb-01e0de3a99c631056",
            "owner_id": "547029308115",
            "tags": {
              "EnvName": "MyVPC",
              "Name": "MyVPC-VPC"
            },
            "tags_all": {
              "EnvName": "MyVPC",
              "Name": "MyVPC-VPC"
            }
          },
          "sensitive_attributes": [],
          "private": "eyJzY2hlbWFfdmVyc2lvbiI6IjEifQ==",
          "create_before_destroy": true
        }
      ]
    },
    {
      "module": "module.network",
      "mode": "managed",
      "type": "aws_vpc_endpoint",
      "name": "s3",
      "provider": "provider[\"registry.terraform.io/hashicorp/aws\"]",
      "instances": [
        {
          "index_key": 0,
          "schema_version": 0,
          "attributes": {
            "arn": "arn:aws:ec2:sa-east-1:547029308115:vpc-endpoint/vpce-0bb333f39a15b011f",
            "auto_accept": null,
            "cidr_blocks": [
              "16.12.2.0/24",
              "3.5.232.0/22",
              "16.12.0.0/23",
              "52.95.163.0/24",
              "52.95.164.0/23"
            ],
            "dns_entry": [],
            "dns_options": [],
            "id": "vpce-0bb333f39a15b011f",
            "ip_address_type": "",
            "network_interface_ids": [],
            "owner_id": "547029308115",
            "policy": "{\"Statement\":[{\"Action\":\"*\",\"Effect\":\"Allow\",\"Principal\":\"*\",\"Resource\":\"*\"}],\"Version\":\"2008-10-17\"}",
            "prefix_list_id": "pl-6aa54003",
            "private_dns_enabled": false,
            "requester_managed": false,
            "route_table_ids": [
              "rtb-004266d28b5ee0b2e",
              "rtb-0c01bb3b423822277",
              "rtb-0d7aae3e1fdfc5851"
            ],
            "security_group_ids": [],
            "service_name": "com.amazonaws.sa-east-1.s3",
            "state": "available",
            "subnet_configuration": [],
            "subnet_ids": [],
            "tags": {
              "EnvName": "MyVPC",
              "Name": "MyVPC-S3-Endpoint"
            },
            "tags_all": {
              "EnvName": "MyVPC",
              "Name": "MyVPC-S3-Endpoint"
            },
            "timeouts": null,
            "vpc_endpoint_type": "Gateway",
            "vpc_id": "vpc-0b16be7e91ed1450b"
          },
          "sensitive_attributes": [],
          "private": "eyJlMmJmYjczMC1lY2FhLTExZTYtOGY4OC0zNDM2M2JjN2M0YzAiOnsiY3JlYXRlIjo2MDAwMDAwMDAwMDAsImRlbGV0ZSI6NjAwMDAwMDAwMDAwLCJ1cGRhdGUiOjYwMDAwMDAwMDAwMH19",
          "dependencies": [
            "module.network.aws_vpc.default",
            "module.network.data.aws_region.current"
          ]
        }
      ]
    },
    {
      "module": "module.network",
      "mode": "managed",
      "type": "aws_vpc_endpoint_route_table_association",
      "name": "private",
      "provider": "provider[\"registry.terraform.io/hashicorp/aws\"]",
      "instances": [
        {
          "index_key": 0,
          "schema_version": 0,
          "attributes": {
            "id": "a-vpce-0bb333f39a15b011f918181446",
            "route_table_id": "rtb-004266d28b5ee0b2e",
            "vpc_endpoint_id": "vpce-0bb333f39a15b011f"
          },
          "sensitive_attributes": [],
          "private": "bnVsbA==",
          "dependencies": [
            "module.network.aws_eip.nat_eip",
            "module.network.aws_nat_gateway.nat_gw",
            "module.network.aws_route_table.private",
            "module.network.aws_subnet.private",
            "module.network.aws_subnet.public",
            "module.network.aws_vpc.default",
            "module.network.aws_vpc_endpoint.s3",
            "module.network.data.aws_availability_zone.az",
            "module.network.data.aws_availability_zones.available",
            "module.network.data.aws_region.current"
          ]
        },
        {
          "index_key": 1,
          "schema_version": 0,
          "attributes": {
            "id": "a-vpce-0bb333f39a15b011f918181446",
            "route_table_id": "rtb-004266d28b5ee0b2e",
            "vpc_endpoint_id": "vpce-0bb333f39a15b011f"
          },
          "sensitive_attributes": [],
          "private": "bnVsbA==",
          "dependencies": [
            "module.network.aws_eip.nat_eip",
            "module.network.aws_nat_gateway.nat_gw",
            "module.network.aws_route_table.private",
            "module.network.aws_subnet.private",
            "module.network.aws_subnet.public",
            "module.network.aws_vpc.default",
            "module.network.aws_vpc_endpoint.s3",
            "module.network.data.aws_availability_zone.az",
            "module.network.data.aws_availability_zones.available",
            "module.network.data.aws_region.current"
          ]
        },
        {
          "index_key": 2,
          "schema_version": 0,
          "attributes": {
            "id": "a-vpce-0bb333f39a15b011f918181446",
            "route_table_id": "rtb-004266d28b5ee0b2e",
            "vpc_endpoint_id": "vpce-0bb333f39a15b011f"
          },
          "sensitive_attributes": [],
          "private": "bnVsbA==",
          "dependencies": [
            "module.network.aws_eip.nat_eip",
            "module.network.aws_nat_gateway.nat_gw",
            "module.network.aws_route_table.private",
            "module.network.aws_subnet.private",
            "module.network.aws_subnet.public",
            "module.network.aws_vpc.default",
            "module.network.aws_vpc_endpoint.s3",
            "module.network.data.aws_availability_zone.az",
            "module.network.data.aws_availability_zones.available",
            "module.network.data.aws_region.current"
          ]
        }
      ]
    },
    {
      "module": "module.network",
      "mode": "managed",
      "type": "aws_vpc_endpoint_route_table_association",
      "name": "public",
      "provider": "provider[\"registry.terraform.io/hashicorp/aws\"]",
      "instances": [
        {
          "index_key": 0,
          "schema_version": 0,
          "attributes": {
            "id": "a-vpce-0bb333f39a15b011f3954116527",
            "route_table_id": "rtb-0c01bb3b423822277",
            "vpc_endpoint_id": "vpce-0bb333f39a15b011f"
          },
          "sensitive_attributes": [],
          "private": "bnVsbA==",
          "dependencies": [
            "module.network.aws_route_table.public",
            "module.network.aws_vpc.default",
            "module.network.aws_vpc_endpoint.s3",
            "module.network.data.aws_region.current"
          ]
        }
      ]
    },
    {
      "module": "module.network",
      "mode": "managed",
      "type": "aws_vpc_endpoint_route_table_association",
      "name": "secure",
      "provider": "provider[\"registry.terraform.io/hashicorp/aws\"]",
      "instances": [
        {
          "index_key": 0,
          "schema_version": 0,
          "attributes": {
            "id": "a-vpce-0bb333f39a15b011f2226732811",
            "route_table_id": "rtb-0d7aae3e1fdfc5851",
            "vpc_endpoint_id": "vpce-0bb333f39a15b011f"
          },
          "sensitive_attributes": [],
          "private": "bnVsbA==",
          "dependencies": [
            "module.network.aws_route_table.secure",
            "module.network.aws_vpc.default",
            "module.network.aws_vpc_endpoint.s3",
            "module.network.data.aws_region.current"
          ]
        }
      ]
    }
  ],
  "check_results": null
}
