{
  "version": 4,
  "terraform_version": "1.9.5",
  "serial": 312,
  "lineage": "3e37191c-92ff-4c6a-7432-4efe363d6166",
  "outputs": {
    "internet-gateway-id": {
      "value": "igw-080a3aeee30e39cfb",
      "type": "string"
    },
    "subnets-private-id": {
      "value": [
        "subnet-0fcd265ce7d56ceab",
        "subnet-01cbad4cab7cacfa8"
      ],
      "type": [
        "tuple",
        [
          "string",
          "string"
        ]
      ]
    },
    "subnets-public-id": {
      "value": [
        "subnet-0297b58e5602e18d8",
        "subnet-0bc2b8da4f7a95a73"
      ],
      "type": [
        "tuple",
        [
          "string",
          "string"
        ]
      ]
    },
    "subsnet-secure-id": {
      "value": [
        "subnet-0ee1b2bbce7efe019",
        "subnet-0e4c8422b46fb44d5"
      ],
      "type": [
        "tuple",
        [
          "string",
          "string"
        ]
      ]
    },
    "vpc-id": {
      "value": "vpc-0d984489f817b25a6",
      "type": "string"
    }
  },
  "resources": [
    {
      "module": "module.network",
      "mode": "data",
      "type": "aws_availability_zone",
      "name": "az",
      "provider": "provider[\"registry.terraform.io/hashicorp/aws\"]",
      "instances": [
        {
          "index_key": 0,
          "schema_version": 0,
          "attributes": {
            "all_availability_zones": null,
            "filter": null,
            "group_name": "sa-east-1",
            "id": "sa-east-1a",
            "name": "sa-east-1a",
            "name_suffix": "a",
            "network_border_group": "sa-east-1",
            "opt_in_status": "opt-in-not-required",
            "parent_zone_id": "",
            "parent_zone_name": "",
            "region": "sa-east-1",
            "state": "available",
            "timeouts": null,
            "zone_id": "sae1-az1",
            "zone_type": "availability-zone"
          },
          "sensitive_attributes": []
        },
        {
          "index_key": 1,
          "schema_version": 0,
          "attributes": {
            "all_availability_zones": null,
            "filter": null,
            "group_name": "sa-east-1",
            "id": "sa-east-1b",
            "name": "sa-east-1b",
            "name_suffix": "b",
            "network_border_group": "sa-east-1",
            "opt_in_status": "opt-in-not-required",
            "parent_zone_id": "",
            "parent_zone_name": "",
            "region": "sa-east-1",
            "state": "available",
            "timeouts": null,
            "zone_id": "sae1-az2",
            "zone_type": "availability-zone"
          },
          "sensitive_attributes": []
        },
        {
          "index_key": 2,
          "schema_version": 0,
          "attributes": {
            "all_availability_zones": null,
            "filter": null,
            "group_name": "sa-east-1",
            "id": "sa-east-1c",
            "name": "sa-east-1c",
            "name_suffix": "c",
            "network_border_group": "sa-east-1",
            "opt_in_status": "opt-in-not-required",
            "parent_zone_id": "",
            "parent_zone_name": "",
            "region": "sa-east-1",
            "state": "available",
            "timeouts": null,
            "zone_id": "sae1-az3",
            "zone_type": "availability-zone"
          },
          "sensitive_attributes": []
        }
      ]
    },
    {
      "module": "module.network",
      "mode": "data",
      "type": "aws_availability_zones",
      "name": "available",
      "provider": "provider[\"registry.terraform.io/hashicorp/aws\"]",
      "instances": [
        {
          "schema_version": 0,
          "attributes": {
            "all_availability_zones": null,
            "exclude_names": null,
            "exclude_zone_ids": null,
            "filter": null,
            "group_names": [
              "sa-east-1"
            ],
            "id": "sa-east-1",
            "names": [
              "sa-east-1a",
              "sa-east-1b",
              "sa-east-1c"
            ],
            "state": null,
            "timeouts": null,
            "zone_ids": [
              "sae1-az1",
              "sae1-az2",
              "sae1-az3"
            ]
          },
          "sensitive_attributes": []
        }
      ]
    },
    {
      "module": "module.network",
      "mode": "data",
      "type": "aws_ec2_managed_prefix_list",
      "name": "dynamodb",
      "provider": "provider[\"registry.terraform.io/hashicorp/aws\"]",
      "instances": [
        {
          "schema_version": 0,
          "attributes": {
            "address_family": "IPv4",
            "arn": "arn:aws:ec2:sa-east-1:aws:prefix-list/pl-60a54009",
            "entries": [
              {
                "cidr": "35.71.106.0/25",
                "description": ""
              },
              {
                "cidr": "35.71.106.128/26",
                "description": ""
              },
              {
                "cidr": "52.94.7.0/24",
                "description": ""
              }
            ],
            "filter": null,
            "id": "pl-60a54009",
            "max_entries": 0,
            "name": "com.amazonaws.sa-east-1.dynamodb",
            "owner_id": "AWS",
            "tags": {},
            "timeouts": null,
            "version": 0
          },
          "sensitive_attributes": []
        }
      ]
    },
    {
      "module": "module.network",
      "mode": "data",
      "type": "aws_ec2_managed_prefix_list",
      "name": "s3",
      "provider": "provider[\"registry.terraform.io/hashicorp/aws\"]",
      "instances": [
        {
          "schema_version": 0,
          "attributes": {
            "address_family": "IPv4",
            "arn": "arn:aws:ec2:sa-east-1:aws:prefix-list/pl-6aa54003",
            "entries": [
              {
                "cidr": "16.12.0.0/23",
                "description": ""
              },
              {
                "cidr": "16.12.2.0/24",
                "description": ""
              },
              {
                "cidr": "3.5.232.0/22",
                "description": ""
              },
              {
                "cidr": "52.95.163.0/24",
                "description": ""
              },
              {
                "cidr": "52.95.164.0/23",
                "description": ""
              }
            ],
            "filter": null,
            "id": "pl-6aa54003",
            "max_entries": 0,
            "name": "com.amazonaws.sa-east-1.s3",
            "owner_id": "AWS",
            "tags": {},
            "timeouts": null,
            "version": 0
          },
          "sensitive_attributes": []
        }
      ]
    },
    {
      "module": "module.network",
      "mode": "data",
      "type": "aws_region",
      "name": "current",
      "provider": "provider[\"registry.terraform.io/hashicorp/aws\"]",
      "instances": [
        {
          "schema_version": 0,
          "attributes": {
            "description": "South America (Sao Paulo)",
            "endpoint": "ec2.sa-east-1.amazonaws.com",
            "id": "sa-east-1",
            "name": "sa-east-1"
          },
          "sensitive_attributes": []
        }
      ]
    },
    {
      "module": "module.network",
      "mode": "managed",
      "type": "aws_cloudformation_stack",
      "name": "tf_exports",
      "provider": "provider[\"registry.terraform.io/hashicorp/aws\"]",
      "instances": [
        {
          "schema_version": 0,
          "attributes": {
            "capabilities": null,
            "disable_rollback": false,
            "iam_role_arn": "",
            "id": "arn:aws:cloudformation:sa-east-1:547029308115:stack/terraform-exports-network-MyVPC/fe45b640-641f-11ef-a52e-02f52c574ab5",
            "name": "terraform-exports-network-MyVPC",
            "notification_arns": null,
            "on_failure": null,
            "outputs": {
              "CidrBlock": "10.1.0.0/16",
              "DbSubnetGroupId": "myvpc-dbsubnet",
              "InternetGatewayId": "igw-080a3aeee30e39cfb",
              "NatGatewayIds": "undefined",
              "PrivateSubnetCidrs": "10.1.5.0/24,10.1.6.0/24",
              "PrivateSubnetIds": "subnet-0fcd265ce7d56ceab,subnet-01cbad4cab7cacfa8",
              "PublicSubnetCidrs": "10.1.0.0/24,10.1.1.0/24",
              "PublicSubnetIds": "subnet-0297b58e5602e18d8,subnet-0bc2b8da4f7a95a73",
              "SecureSubnetCidrs": "10.1.10.0/24,10.1.11.0/24",
              "SecureSubnetIds": "subnet-0ee1b2bbce7efe019,subnet-0e4c8422b46fb44d5",
              "VpcId": "vpc-0d984489f817b25a6"
            },
            "parameters": {},
            "policy_body": null,
            "policy_url": null,
            "tags": null,
            "tags_all": {},
            "template_body": "---\nAWSTemplateFormatVersion: '2010-09-09'\nDescription: 'CloudFormation exports'\n\nConditions:\n  HasNot: !Equals [ 'true', 'false' ]\n\nResources:\n  NullResource:\n    Type: 'Custom::NullResource'\n    Condition: HasNot\n\nOutputs:\n  CidrBlock:\n    Value: '10.1.0.0/16'\n    Export:\n      Name: 'TfExport-Network-MyVPC-CidrBlock'\n  DbSubnetGroupId:\n    Value: 'myvpc-dbsubnet'\n    Export:\n      Name: 'TfExport-Network-MyVPC-DbSubnetGroupId'\n  InternetGatewayId:\n    Value: 'igw-080a3aeee30e39cfb'\n    Export:\n      Name: 'TfExport-Network-MyVPC-InternetGatewayId'\n  NatGatewayIds:\n    Value: 'undefined'\n    Export:\n      Name: 'TfExport-Network-MyVPC-NatGatewayIds'\n  PrivateSubnetCidrs:\n    Value: '10.1.5.0/24,10.1.6.0/24'\n    Export:\n      Name: 'TfExport-Network-MyVPC-PrivateSubnetCidrs'\n  PrivateSubnetIds:\n    Value: 'subnet-0fcd265ce7d56ceab,subnet-01cbad4cab7cacfa8'\n    Export:\n      Name: 'TfExport-Network-MyVPC-PrivateSubnetIds'\n  PublicSubnetCidrs:\n    Value: '10.1.0.0/24,10.1.1.0/24'\n    Export:\n      Name: 'TfExport-Network-MyVPC-PublicSubnetCidrs'\n  PublicSubnetIds:\n    Value: 'subnet-0297b58e5602e18d8,subnet-0bc2b8da4f7a95a73'\n    Export:\n      Name: 'TfExport-Network-MyVPC-PublicSubnetIds'\n  SecureSubnetCidrs:\n    Value: '10.1.10.0/24,10.1.11.0/24'\n    Export:\n      Name: 'TfExport-Network-MyVPC-SecureSubnetCidrs'\n  SecureSubnetIds:\n    Value: 'subnet-0ee1b2bbce7efe019,subnet-0e4c8422b46fb44d5'\n    Export:\n      Name: 'TfExport-Network-MyVPC-SecureSubnetIds'\n  VpcId:\n    Value: 'vpc-0d984489f817b25a6'\n    Export:\n      Name: 'TfExport-Network-MyVPC-VpcId'\n",
            "template_url": null,
            "timeout_in_minutes": 0,
            "timeouts": null
          },
          "sensitive_attributes": [],
          "private": "eyJlMmJmYjczMC1lY2FhLTExZTYtOGY4OC0zNDM2M2JjN2M0YzAiOnsiY3JlYXRlIjoxODAwMDAwMDAwMDAwLCJkZWxldGUiOjE4MDAwMDAwMDAwMDAsInVwZGF0ZSI6MTgwMDAwMDAwMDAwMH19",
          "dependencies": [
            "module.network.aws_db_subnet_group.secure",
            "module.network.aws_eip.nat_eip",
            "module.network.aws_internet_gateway.default",
            "module.network.aws_nat_gateway.nat_gw",
            "module.network.aws_subnet.private",
            "module.network.aws_subnet.public",
            "module.network.aws_subnet.secure",
            "module.network.aws_vpc.default",
            "module.network.data.aws_availability_zone.az",
            "module.network.data.aws_availability_zones.available"
          ]
        }
      ]
    },
    {
      "module": "module.network",
      "mode": "managed",
      "type": "aws_cloudwatch_log_group",
      "name": "vpc_flow_logs",
      "provider": "provider[\"registry.terraform.io/hashicorp/aws\"]",
      "instances": [
        {
          "index_key": 0,
          "schema_version": 0,
          "attributes": {
            "arn": "arn:aws:logs:sa-east-1:547029308115:log-group:/aws/vpc/MyVPC-VPC/flow-logs",
            "id": "/aws/vpc/MyVPC-VPC/flow-logs",
            "kms_key_id": "",
            "log_group_class": "STANDARD",
            "name": "/aws/vpc/MyVPC-VPC/flow-logs",
            "name_prefix": "",
            "retention_in_days": 365,
            "skip_destroy": false,
            "tags": {
              "EnvName": "MyVPC",
              "Name": "MyVPC-VPC-Flow-LogGroup"
            },
            "tags_all": {
              "EnvName": "MyVPC",
              "Name": "MyVPC-VPC-Flow-LogGroup"
            }
          },
          "sensitive_attributes": [],
          "private": "bnVsbA=="
        }
      ]
    },
    {
      "module": "module.network",
      "mode": "managed",
      "type": "aws_db_subnet_group",
      "name": "secure",
      "provider": "provider[\"registry.terraform.io/hashicorp/aws\"]",
      "instances": [
        {
          "schema_version": 0,
          "attributes": {
            "arn": "arn:aws:rds:sa-east-1:547029308115:subgrp:myvpc-dbsubnet",
            "description": "Managed by Terraform",
            "id": "myvpc-dbsubnet",
            "name": "myvpc-dbsubnet",
            "name_prefix": "",
            "subnet_ids": [
              "subnet-0e4c8422b46fb44d5",
              "subnet-0ee1b2bbce7efe019"
            ],
            "supported_network_types": [
              "IPV4"
            ],
            "tags": {
              "EnvName": "MyVPC",
              "Name": "MyVPC-DBSubnet",
              "Scheme": "secure"
            },
            "tags_all": {
              "EnvName": "MyVPC",
              "Name": "MyVPC-DBSubnet",
              "Scheme": "secure"
            },
            "vpc_id": "vpc-0d984489f817b25a6"
          },
          "sensitive_attributes": [],
          "private": "bnVsbA==",
          "dependencies": [
            "module.network.aws_eip.nat_eip",
            "module.network.aws_nat_gateway.nat_gw",
            "module.network.aws_subnet.public",
            "module.network.aws_subnet.secure",
            "module.network.aws_vpc.default",
            "module.network.data.aws_availability_zone.az",
            "module.network.data.aws_availability_zones.available"
          ]
        }
      ]
    },
    {
      "module": "module.network",
      "mode": "managed",
      "type": "aws_flow_log",
      "name": "vpc",
      "provider": "provider[\"registry.terraform.io/hashicorp/aws\"]",
      "instances": [
        {
          "index_key": 0,
          "schema_version": 0,
          "attributes": {
            "arn": "arn:aws:ec2:sa-east-1:547029308115:vpc-flow-log/fl-08b41abf88624d52f",
            "deliver_cross_account_role": "",
            "destination_options": [],
            "eni_id": null,
            "iam_role_arn": "arn:aws:iam::547029308115:role/MyVPC-sa-east-1-VPC-flow-logs",
            "id": "fl-08b41abf88624d52f",
            "log_destination": "arn:aws:logs:sa-east-1:547029308115:log-group:/aws/vpc/MyVPC-VPC/flow-logs",
            "log_destination_type": "cloud-watch-logs",
            "log_format": "${version} ${account-id} ${interface-id} ${srcaddr} ${dstaddr} ${srcport} ${dstport} ${protocol} ${packets} ${bytes} ${start} ${end} ${action} ${log-status}",
            "log_group_name": "/aws/vpc/MyVPC-VPC/flow-logs",
            "max_aggregation_interval": 600,
            "subnet_id": null,
            "tags": null,
            "tags_all": {},
            "traffic_type": "ALL",
            "transit_gateway_attachment_id": null,
            "transit_gateway_id": null,
            "vpc_id": "vpc-0d984489f817b25a6"
          },
          "sensitive_attributes": [],
          "private": "bnVsbA==",
          "dependencies": [
            "module.network.aws_cloudwatch_log_group.vpc_flow_logs",
            "module.network.aws_iam_role.vpc_flow_logs",
            "module.network.aws_vpc.default",
            "module.network.data.aws_region.current"
          ]
        }
      ]
    },
    {
      "module": "module.network",
      "mode": "managed",
      "type": "aws_iam_role",
      "name": "vpc_flow_logs",
      "provider": "provider[\"registry.terraform.io/hashicorp/aws\"]",
      "instances": [
        {
          "index_key": 0,
          "schema_version": 0,
          "attributes": {
            "arn": "arn:aws:iam::547029308115:role/MyVPC-sa-east-1-VPC-flow-logs",
            "assume_role_policy": "{\"Statement\":[{\"Action\":\"sts:AssumeRole\",\"Effect\":\"Allow\",\"Principal\":{\"Service\":\"vpc-flow-logs.amazonaws.com\"},\"Sid\":\"\"}],\"Version\":\"2012-10-17\"}",
            "create_date": "2024-08-27T02:56:14Z",
            "description": "",
            "force_detach_policies": false,
            "id": "MyVPC-sa-east-1-VPC-flow-logs",
            "inline_policy": [],
            "managed_policy_arns": [],
            "max_session_duration": 3600,
            "name": "MyVPC-sa-east-1-VPC-flow-logs",
            "name_prefix": "",
            "path": "/",
            "permissions_boundary": "",
            "tags": {
              "EnvName": "MyVPC",
              "Name": "MyVPC-sa-east-1-VPC-flow-logs",
              "Region": "sa-east-1"
            },
            "tags_all": {
              "EnvName": "MyVPC",
              "Name": "MyVPC-sa-east-1-VPC-flow-logs",
              "Region": "sa-east-1"
            },
            "unique_id": "AROAX6XL42LJUIEOC4DB4"
          },
          "sensitive_attributes": [],
          "private": "bnVsbA==",
          "dependencies": [
            "module.network.data.aws_region.current"
          ]
        }
      ]
    },
    {
      "module": "module.network",
      "mode": "managed",
      "type": "aws_iam_role_policy",
      "name": "vpc_flow_log",
      "provider": "provider[\"registry.terraform.io/hashicorp/aws\"]",
      "instances": [
        {
          "index_key": 0,
          "schema_version": 0,
          "attributes": {
            "id": "MyVPC-sa-east-1-VPC-flow-logs:MyVPC-sa-east-1-VPC-flow-logs",
            "name": "MyVPC-sa-east-1-VPC-flow-logs",
            "name_prefix": "",
            "policy": "{\"Version\":\"2012-10-17\",\"Statement\":[{\"Action\":[\"logs:CreateLogGroup\",\"logs:CreateLogStream\",\"logs:PutLogEvents\",\"logs:DescribeLogGroups\",\"logs:DescribeLogStreams\"],\"Effect\":\"Allow\",\"Resource\":\"*\"}]}",
            "role": "MyVPC-sa-east-1-VPC-flow-logs"
          },
          "sensitive_attributes": [],
          "private": "bnVsbA==",
          "dependencies": [
            "module.network.aws_iam_role.vpc_flow_logs",
            "module.network.data.aws_region.current"
          ]
        }
      ]
    },
    {
      "module": "module.network",
      "mode": "managed",
      "type": "aws_internet_gateway",
      "name": "default",
      "provider": "provider[\"registry.terraform.io/hashicorp/aws\"]",
      "instances": [
        {
          "schema_version": 0,
          "attributes": {
            "arn": "arn:aws:ec2:sa-east-1:547029308115:internet-gateway/igw-080a3aeee30e39cfb",
            "id": "igw-080a3aeee30e39cfb",
            "owner_id": "547029308115",
            "tags": {
              "EnvName": "MyVPC",
              "Name": "MyVPC-IG"
            },
            "tags_all": {
              "EnvName": "MyVPC",
              "Name": "MyVPC-IG"
            },
            "timeouts": null,
            "vpc_id": "vpc-0d984489f817b25a6"
          },
          "sensitive_attributes": [],
          "private": "eyJlMmJmYjczMC1lY2FhLTExZTYtOGY4OC0zNDM2M2JjN2M0YzAiOnsiY3JlYXRlIjoxMjAwMDAwMDAwMDAwLCJkZWxldGUiOjEyMDAwMDAwMDAwMDAsInVwZGF0ZSI6MTIwMDAwMDAwMDAwMH19",
          "dependencies": [
            "module.network.aws_vpc.default"
          ],
          "create_before_destroy": true
        }
      ]
    },
    {
      "module": "module.network",
      "mode": "managed",
      "type": "aws_network_acl",
      "name": "private",
      "provider": "provider[\"registry.terraform.io/hashicorp/aws\"]",
      "instances": [
        {
          "schema_version": 0,
          "attributes": {
            "arn": "arn:aws:ec2:sa-east-1:547029308115:network-acl/acl-0e72f6ad4dc9ae24f",
            "egress": [],
            "id": "acl-0e72f6ad4dc9ae24f",
            "ingress": [],
            "owner_id": "547029308115",
            "subnet_ids": [
              "subnet-01cbad4cab7cacfa8",
              "subnet-0fcd265ce7d56ceab"
            ],
            "tags": {
              "EnvName": "MyVPC",
              "Name": "MyVPC-ACL-Private",
              "Scheme": "private"
            },
            "tags_all": {
              "EnvName": "MyVPC",
              "Name": "MyVPC-ACL-Private",
              "Scheme": "private"
            },
            "vpc_id": "vpc-0d984489f817b25a6"
          },
          "sensitive_attributes": [],
          "private": "bnVsbA==",
          "dependencies": [
            "module.network.aws_subnet.private",
            "module.network.aws_vpc.default",
            "module.network.data.aws_availability_zone.az",
            "module.network.data.aws_availability_zones.available"
          ]
        }
      ]
    },
    {
      "module": "module.network",
      "mode": "managed",
      "type": "aws_network_acl",
      "name": "public",
      "provider": "provider[\"registry.terraform.io/hashicorp/aws\"]",
      "instances": [
        {
          "schema_version": 0,
          "attributes": {
            "arn": "arn:aws:ec2:sa-east-1:547029308115:network-acl/acl-03964ec6082771eaf",
            "egress": [],
            "id": "acl-03964ec6082771eaf",
            "ingress": [],
            "owner_id": "547029308115",
            "subnet_ids": [
              "subnet-0297b58e5602e18d8",
              "subnet-0bc2b8da4f7a95a73"
            ],
            "tags": {
              "EnvName": "MyVPC",
              "Name": "MyVPC-ACL-Public",
              "Scheme": "public"
            },
            "tags_all": {
              "EnvName": "MyVPC",
              "Name": "MyVPC-ACL-Public",
              "Scheme": "public"
            },
            "vpc_id": "vpc-0d984489f817b25a6"
          },
          "sensitive_attributes": [],
          "private": "bnVsbA==",
          "dependencies": [
            "module.network.aws_subnet.public",
            "module.network.aws_vpc.default",
            "module.network.data.aws_availability_zone.az",
            "module.network.data.aws_availability_zones.available"
          ]
        }
      ]
    },
    {
      "module": "module.network",
      "mode": "managed",
      "type": "aws_network_acl",
      "name": "secure",
      "provider": "provider[\"registry.terraform.io/hashicorp/aws\"]",
      "instances": [
        {
          "schema_version": 0,
          "attributes": {
            "arn": "arn:aws:ec2:sa-east-1:547029308115:network-acl/acl-0bfa8d425293f0239",
            "egress": [],
            "id": "acl-0bfa8d425293f0239",
            "ingress": [],
            "owner_id": "547029308115",
            "subnet_ids": [
              "subnet-0e4c8422b46fb44d5",
              "subnet-0ee1b2bbce7efe019"
            ],
            "tags": {
              "EnvName": "MyVPC",
              "Name": "MyVPC-ACL-Secure",
              "Scheme": "secure"
            },
            "tags_all": {
              "EnvName": "MyVPC",
              "Name": "MyVPC-ACL-Secure",
              "Scheme": "secure"
            },
            "vpc_id": "vpc-0d984489f817b25a6"
          },
          "sensitive_attributes": [],
          "private": "bnVsbA==",
          "dependencies": [
            "module.network.aws_eip.nat_eip",
            "module.network.aws_nat_gateway.nat_gw",
            "module.network.aws_subnet.public",
            "module.network.aws_subnet.secure",
            "module.network.aws_vpc.default",
            "module.network.data.aws_availability_zone.az",
            "module.network.data.aws_availability_zones.available"
          ]
        }
      ]
    },
    {
      "module": "module.network",
      "mode": "managed",
      "type": "aws_network_acl_rule",
      "name": "in_private_from_private",
      "provider": "provider[\"registry.terraform.io/hashicorp/aws\"]",
      "instances": [
        {
          "index_key": 0,
          "schema_version": 0,
          "attributes": {
            "cidr_block": "10.1.5.0/24",
            "egress": false,
            "from_port": 0,
            "icmp_code": null,
            "icmp_type": null,
            "id": "nacl-2046501326",
            "ipv6_cidr_block": "",
            "network_acl_id": "acl-0e72f6ad4dc9ae24f",
            "protocol": "-1",
            "rule_action": "allow",
            "rule_number": 301,
            "to_port": 0
          },
          "sensitive_attributes": [],
          "private": "bnVsbA==",
          "dependencies": [
            "module.network.aws_network_acl.private",
            "module.network.aws_subnet.private",
            "module.network.aws_vpc.default",
            "module.network.data.aws_availability_zone.az",
            "module.network.data.aws_availability_zones.available"
          ]
        },
        {
          "index_key": 1,
          "schema_version": 0,
          "attributes": {
            "cidr_block": "10.1.6.0/24",
            "egress": false,
            "from_port": 0,
            "icmp_code": null,
            "icmp_type": null,
            "id": "nacl-3759753167",
            "ipv6_cidr_block": "",
            "network_acl_id": "acl-0e72f6ad4dc9ae24f",
            "protocol": "-1",
            "rule_action": "allow",
            "rule_number": 302,
            "to_port": 0
          },
          "sensitive_attributes": [],
          "private": "bnVsbA==",
          "dependencies": [
            "module.network.aws_network_acl.private",
            "module.network.aws_subnet.private",
            "module.network.aws_vpc.default",
            "module.network.data.aws_availability_zone.az",
            "module.network.data.aws_availability_zones.available"
          ]
        }
      ]
    },
    {
      "module": "module.network",
      "mode": "managed",
      "type": "aws_network_acl_rule",
      "name": "in_private_from_public",
      "provider": "provider[\"registry.terraform.io/hashicorp/aws\"]",
      "instances": [
        {
          "index_key": 0,
          "schema_version": 0,
          "attributes": {
            "cidr_block": "10.1.0.0/24",
            "egress": false,
            "from_port": 0,
            "icmp_code": null,
            "icmp_type": null,
            "id": "nacl-76031894",
            "ipv6_cidr_block": "",
            "network_acl_id": "acl-0e72f6ad4dc9ae24f",
            "protocol": "-1",
            "rule_action": "allow",
            "rule_number": 401,
            "to_port": 0
          },
          "sensitive_attributes": [],
          "private": "bnVsbA==",
          "dependencies": [
            "module.network.aws_network_acl.private",
            "module.network.aws_subnet.private",
            "module.network.aws_subnet.public",
            "module.network.aws_vpc.default",
            "module.network.data.aws_availability_zone.az",
            "module.network.data.aws_availability_zones.available"
          ]
        },
        {
          "index_key": 1,
          "schema_version": 0,
          "attributes": {
            "cidr_block": "10.1.1.0/24",
            "egress": false,
            "from_port": 0,
            "icmp_code": null,
            "icmp_type": null,
            "id": "nacl-2640986519",
            "ipv6_cidr_block": "",
            "network_acl_id": "acl-0e72f6ad4dc9ae24f",
            "protocol": "-1",
            "rule_action": "allow",
            "rule_number": 402,
            "to_port": 0
          },
          "sensitive_attributes": [],
          "private": "bnVsbA==",
          "dependencies": [
            "module.network.aws_network_acl.private",
            "module.network.aws_subnet.private",
            "module.network.aws_subnet.public",
            "module.network.aws_vpc.default",
            "module.network.data.aws_availability_zone.az",
            "module.network.data.aws_availability_zones.available"
          ]
        }
      ]
    },
    {
      "module": "module.network",
      "mode": "managed",
      "type": "aws_network_acl_rule",
      "name": "in_private_from_secure",
      "provider": "provider[\"registry.terraform.io/hashicorp/aws\"]",
      "instances": [
        {
          "index_key": 0,
          "schema_version": 0,
          "attributes": {
            "cidr_block": "10.1.10.0/24",
            "egress": false,
            "from_port": 0,
            "icmp_code": null,
            "icmp_type": null,
            "id": "nacl-3642686995",
            "ipv6_cidr_block": "",
            "network_acl_id": "acl-0e72f6ad4dc9ae24f",
            "protocol": "-1",
            "rule_action": "allow",
            "rule_number": 501,
            "to_port": 0
          },
          "sensitive_attributes": [],
          "private": "bnVsbA==",
          "dependencies": [
            "module.network.aws_eip.nat_eip",
            "module.network.aws_nat_gateway.nat_gw",
            "module.network.aws_network_acl.private",
            "module.network.aws_subnet.private",
            "module.network.aws_subnet.public",
            "module.network.aws_subnet.secure",
            "module.network.aws_vpc.default",
            "module.network.data.aws_availability_zone.az",
            "module.network.data.aws_availability_zones.available"
          ]
        },
        {
          "index_key": 1,
          "schema_version": 0,
          "attributes": {
            "cidr_block": "10.1.11.0/24",
            "egress": false,
            "from_port": 0,
            "icmp_code": null,
            "icmp_type": null,
            "id": "nacl-1090295826",
            "ipv6_cidr_block": "",
            "network_acl_id": "acl-0e72f6ad4dc9ae24f",
            "protocol": "-1",
            "rule_action": "allow",
            "rule_number": 502,
            "to_port": 0
          },
          "sensitive_attributes": [],
          "private": "bnVsbA==",
          "dependencies": [
            "module.network.aws_eip.nat_eip",
            "module.network.aws_nat_gateway.nat_gw",
            "module.network.aws_network_acl.private",
            "module.network.aws_subnet.private",
            "module.network.aws_subnet.public",
            "module.network.aws_subnet.secure",
            "module.network.aws_vpc.default",
            "module.network.data.aws_availability_zone.az",
            "module.network.data.aws_availability_zones.available"
          ]
        }
      ]
    },
    {
      "module": "module.network",
      "mode": "managed",
      "type": "aws_network_acl_rule",
      "name": "in_private_from_world_icmp_reply",
      "provider": "provider[\"registry.terraform.io/hashicorp/aws\"]",
      "instances": [
        {
          "index_key": 0,
          "schema_version": 0,
          "attributes": {
            "cidr_block": "0.0.0.0/0",
            "egress": false,
            "from_port": null,
            "icmp_code": -1,
            "icmp_type": 0,
            "id": "nacl-926927761",
            "ipv6_cidr_block": "",
            "network_acl_id": "acl-0e72f6ad4dc9ae24f",
            "protocol": "1",
            "rule_action": "allow",
            "rule_number": 201,
            "to_port": null
          },
          "sensitive_attributes": [],
          "private": "bnVsbA==",
          "dependencies": [
            "module.network.aws_network_acl.private",
            "module.network.aws_subnet.private",
            "module.network.aws_vpc.default",
            "module.network.data.aws_availability_zone.az",
            "module.network.data.aws_availability_zones.available"
          ]
        }
      ]
    },
    {
      "module": "module.network",
      "mode": "managed",
      "type": "aws_network_acl_rule",
      "name": "in_private_from_world_tcp_return",
      "provider": "provider[\"registry.terraform.io/hashicorp/aws\"]",
      "instances": [
        {
          "schema_version": 0,
          "attributes": {
            "cidr_block": "0.0.0.0/0",
            "egress": false,
            "from_port": 1024,
            "icmp_code": null,
            "icmp_type": null,
            "id": "nacl-2329689688",
            "ipv6_cidr_block": "",
            "network_acl_id": "acl-0e72f6ad4dc9ae24f",
            "protocol": "6",
            "rule_action": "allow",
            "rule_number": 1,
            "to_port": 65535
          },
          "sensitive_attributes": [],
          "private": "bnVsbA==",
          "dependencies": [
            "module.network.aws_network_acl.private",
            "module.network.aws_subnet.private",
            "module.network.aws_vpc.default",
            "module.network.data.aws_availability_zone.az",
            "module.network.data.aws_availability_zones.available"
          ]
        }
      ]
    },
    {
      "module": "module.network",
      "mode": "managed",
      "type": "aws_network_acl_rule",
      "name": "in_private_from_world_udp_return",
      "provider": "provider[\"registry.terraform.io/hashicorp/aws\"]",
      "instances": [
        {
          "schema_version": 0,
          "attributes": {
            "cidr_block": "0.0.0.0/0",
            "egress": false,
            "from_port": 1024,
            "icmp_code": null,
            "icmp_type": null,
            "id": "nacl-1640860620",
            "ipv6_cidr_block": "",
            "network_acl_id": "acl-0e72f6ad4dc9ae24f",
            "protocol": "17",
            "rule_action": "allow",
            "rule_number": 101,
            "to_port": 65535
          },
          "sensitive_attributes": [],
          "private": "bnVsbA==",
          "dependencies": [
            "module.network.aws_network_acl.private",
            "module.network.aws_subnet.private",
            "module.network.aws_vpc.default",
            "module.network.data.aws_availability_zone.az",
            "module.network.data.aws_availability_zones.available"
          ]
        }
      ]
    },
    {
      "module": "module.network",
      "mode": "managed",
      "type": "aws_network_acl_rule",
      "name": "in_public_from_private",
      "provider": "provider[\"registry.terraform.io/hashicorp/aws\"]",
      "instances": [
        {
          "index_key": 0,
          "schema_version": 0,
          "attributes": {
            "cidr_block": "10.1.5.0/24",
            "egress": false,
            "from_port": 0,
            "icmp_code": null,
            "icmp_type": null,
            "id": "nacl-715006812",
            "ipv6_cidr_block": "",
            "network_acl_id": "acl-03964ec6082771eaf",
            "protocol": "-1",
            "rule_action": "allow",
            "rule_number": 601,
            "to_port": 0
          },
          "sensitive_attributes": [],
          "private": "bnVsbA==",
          "dependencies": [
            "module.network.aws_network_acl.public",
            "module.network.aws_subnet.private",
            "module.network.aws_subnet.public",
            "module.network.aws_vpc.default",
            "module.network.data.aws_availability_zone.az",
            "module.network.data.aws_availability_zones.available"
          ]
        },
        {
          "index_key": 1,
          "schema_version": 0,
          "attributes": {
            "cidr_block": "10.1.6.0/24",
            "egress": false,
            "from_port": 0,
            "icmp_code": null,
            "icmp_type": null,
            "id": "nacl-3011265885",
            "ipv6_cidr_block": "",
            "network_acl_id": "acl-03964ec6082771eaf",
            "protocol": "-1",
            "rule_action": "allow",
            "rule_number": 602,
            "to_port": 0
          },
          "sensitive_attributes": [],
          "private": "bnVsbA==",
          "dependencies": [
            "module.network.aws_network_acl.public",
            "module.network.aws_subnet.private",
            "module.network.aws_subnet.public",
            "module.network.aws_vpc.default",
            "module.network.data.aws_availability_zone.az",
            "module.network.data.aws_availability_zones.available"
          ]
        }
      ]
    },
    {
      "module": "module.network",
      "mode": "managed",
      "type": "aws_network_acl_rule",
      "name": "in_public_icmp_reply",
      "provider": "provider[\"registry.terraform.io/hashicorp/aws\"]",
      "instances": [
        {
          "index_key": 0,
          "schema_version": 0,
          "attributes": {
            "cidr_block": "0.0.0.0/0",
            "egress": false,
            "from_port": null,
            "icmp_code": -1,
            "icmp_type": 0,
            "id": "nacl-851484881",
            "ipv6_cidr_block": "",
            "network_acl_id": "acl-03964ec6082771eaf",
            "protocol": "1",
            "rule_action": "allow",
            "rule_number": 501,
            "to_port": null
          },
          "sensitive_attributes": [],
          "private": "bnVsbA==",
          "dependencies": [
            "module.network.aws_network_acl.public",
            "module.network.aws_subnet.public",
            "module.network.aws_vpc.default",
            "module.network.data.aws_availability_zone.az",
            "module.network.data.aws_availability_zones.available"
          ]
        }
      ]
    },
    {
      "module": "module.network",
      "mode": "managed",
      "type": "aws_network_acl_rule",
      "name": "in_public_local",
      "provider": "provider[\"registry.terraform.io/hashicorp/aws\"]",
      "instances": [
        {
          "schema_version": 0,
          "attributes": {
            "cidr_block": "10.1.0.0/16",
            "egress": false,
            "from_port": 0,
            "icmp_code": null,
            "icmp_type": null,
            "id": "nacl-2129753426",
            "ipv6_cidr_block": "",
            "network_acl_id": "acl-03964ec6082771eaf",
            "protocol": "-1",
            "rule_action": "allow",
            "rule_number": 1,
            "to_port": 0
          },
          "sensitive_attributes": [],
          "private": "bnVsbA==",
          "dependencies": [
            "module.network.aws_network_acl.public",
            "module.network.aws_subnet.public",
            "module.network.aws_vpc.default",
            "module.network.data.aws_availability_zone.az",
            "module.network.data.aws_availability_zones.available"
          ]
        }
      ]
    },
    {
      "module": "module.network",
      "mode": "managed",
      "type": "aws_network_acl_rule",
      "name": "in_public_tcp",
      "provider": "provider[\"registry.terraform.io/hashicorp/aws\"]",
      "instances": [
        {
          "index_key": 0,
          "schema_version": 0,
          "attributes": {
            "cidr_block": "0.0.0.0/0",
            "egress": false,
            "from_port": 80,
            "icmp_code": null,
            "icmp_type": null,
            "id": "nacl-1187971883",
            "ipv6_cidr_block": "",
            "network_acl_id": "acl-03964ec6082771eaf",
            "protocol": "6",
            "rule_action": "allow",
            "rule_number": 101,
            "to_port": 80
          },
          "sensitive_attributes": [],
          "private": "bnVsbA==",
          "dependencies": [
            "module.network.aws_network_acl.public",
            "module.network.aws_subnet.public",
            "module.network.aws_vpc.default",
            "module.network.data.aws_availability_zone.az",
            "module.network.data.aws_availability_zones.available"
          ]
        },
        {
          "index_key": 1,
          "schema_version": 0,
          "attributes": {
            "cidr_block": "0.0.0.0/0",
            "egress": false,
            "from_port": 443,
            "icmp_code": null,
            "icmp_type": null,
            "id": "nacl-827445723",
            "ipv6_cidr_block": "",
            "network_acl_id": "acl-03964ec6082771eaf",
            "protocol": "6",
            "rule_action": "allow",
            "rule_number": 102,
            "to_port": 443
          },
          "sensitive_attributes": [],
          "private": "bnVsbA==",
          "dependencies": [
            "module.network.aws_network_acl.public",
            "module.network.aws_subnet.public",
            "module.network.aws_vpc.default",
            "module.network.data.aws_availability_zone.az",
            "module.network.data.aws_availability_zones.available"
          ]
        },
        {
          "index_key": 2,
          "schema_version": 0,
          "attributes": {
            "cidr_block": "0.0.0.0/0",
            "egress": false,
            "from_port": 22,
            "icmp_code": null,
            "icmp_type": null,
            "id": "nacl-2868157876",
            "ipv6_cidr_block": "",
            "network_acl_id": "acl-03964ec6082771eaf",
            "protocol": "6",
            "rule_action": "allow",
            "rule_number": 103,
            "to_port": 22
          },
          "sensitive_attributes": [],
          "private": "bnVsbA==",
          "dependencies": [
            "module.network.aws_network_acl.public",
            "module.network.aws_subnet.public",
            "module.network.aws_vpc.default",
            "module.network.data.aws_availability_zone.az",
            "module.network.data.aws_availability_zones.available"
          ]
        },
        {
          "index_key": 3,
          "schema_version": 0,
          "attributes": {
            "cidr_block": "0.0.0.0/0",
            "egress": false,
            "from_port": 1194,
            "icmp_code": null,
            "icmp_type": null,
            "id": "nacl-3731649595",
            "ipv6_cidr_block": "",
            "network_acl_id": "acl-03964ec6082771eaf",
            "protocol": "6",
            "rule_action": "allow",
            "rule_number": 104,
            "to_port": 1194
          },
          "sensitive_attributes": [],
          "private": "bnVsbA==",
          "dependencies": [
            "module.network.aws_network_acl.public",
            "module.network.aws_subnet.public",
            "module.network.aws_vpc.default",
            "module.network.data.aws_availability_zone.az",
            "module.network.data.aws_availability_zones.available"
          ]
        }
      ]
    },
    {
      "module": "module.network",
      "mode": "managed",
      "type": "aws_network_acl_rule",
      "name": "in_public_tcp_return",
      "provider": "provider[\"registry.terraform.io/hashicorp/aws\"]",
      "instances": [
        {
          "schema_version": 0,
          "attributes": {
            "cidr_block": "0.0.0.0/0",
            "egress": false,
            "from_port": 1024,
            "icmp_code": null,
            "icmp_type": null,
            "id": "nacl-984491760",
            "ipv6_cidr_block": "",
            "network_acl_id": "acl-03964ec6082771eaf",
            "protocol": "6",
            "rule_action": "allow",
            "rule_number": 201,
            "to_port": 65535
          },
          "sensitive_attributes": [],
          "private": "bnVsbA==",
          "dependencies": [
            "module.network.aws_network_acl.public",
            "module.network.aws_subnet.public",
            "module.network.aws_vpc.default",
            "module.network.data.aws_availability_zone.az",
            "module.network.data.aws_availability_zones.available"
          ]
        }
      ]
    },
    {
      "module": "module.network",
      "mode": "managed",
      "type": "aws_network_acl_rule",
      "name": "in_public_udp_return",
      "provider": "provider[\"registry.terraform.io/hashicorp/aws\"]",
      "instances": [
        {
          "schema_version": 0,
          "attributes": {
            "cidr_block": "0.0.0.0/0",
            "egress": false,
            "from_port": 1024,
            "icmp_code": null,
            "icmp_type": null,
            "id": "nacl-2141133990",
            "ipv6_cidr_block": "",
            "network_acl_id": "acl-03964ec6082771eaf",
            "protocol": "17",
            "rule_action": "allow",
            "rule_number": 401,
            "to_port": 65535
          },
          "sensitive_attributes": [],
          "private": "bnVsbA==",
          "dependencies": [
            "module.network.aws_network_acl.public",
            "module.network.aws_subnet.public",
            "module.network.aws_vpc.default",
            "module.network.data.aws_availability_zone.az",
            "module.network.data.aws_availability_zones.available"
          ]
        }
      ]
    },
    {
      "module": "module.network",
      "mode": "managed",
      "type": "aws_network_acl_rule",
      "name": "in_secure_from_private",
      "provider": "provider[\"registry.terraform.io/hashicorp/aws\"]",
      "instances": [
        {
          "index_key": 0,
          "schema_version": 0,
          "attributes": {
            "cidr_block": "10.1.5.0/24",
            "egress": false,
            "from_port": null,
            "icmp_code": null,
            "icmp_type": null,
            "id": "nacl-3851997253",
            "ipv6_cidr_block": "",
            "network_acl_id": "acl-0bfa8d425293f0239",
            "protocol": "-1",
            "rule_action": "allow",
            "rule_number": 201,
            "to_port": null
          },
          "sensitive_attributes": [],
          "private": "bnVsbA==",
          "dependencies": [
            "module.network.aws_eip.nat_eip",
            "module.network.aws_nat_gateway.nat_gw",
            "module.network.aws_network_acl.secure",
            "module.network.aws_subnet.private",
            "module.network.aws_subnet.public",
            "module.network.aws_subnet.secure",
            "module.network.aws_vpc.default",
            "module.network.data.aws_availability_zone.az",
            "module.network.data.aws_availability_zones.available"
          ]
        },
        {
          "index_key": 1,
          "schema_version": 0,
          "attributes": {
            "cidr_block": "10.1.6.0/24",
            "egress": false,
            "from_port": null,
            "icmp_code": null,
            "icmp_type": null,
            "id": "nacl-2088416836",
            "ipv6_cidr_block": "",
            "network_acl_id": "acl-0bfa8d425293f0239",
            "protocol": "-1",
            "rule_action": "allow",
            "rule_number": 202,
            "to_port": null
          },
          "sensitive_attributes": [],
          "private": "bnVsbA==",
          "dependencies": [
            "module.network.aws_eip.nat_eip",
            "module.network.aws_nat_gateway.nat_gw",
            "module.network.aws_network_acl.secure",
            "module.network.aws_subnet.private",
            "module.network.aws_subnet.public",
            "module.network.aws_subnet.secure",
            "module.network.aws_vpc.default",
            "module.network.data.aws_availability_zone.az",
            "module.network.data.aws_availability_zones.available"
          ]
        }
      ]
    },
    {
      "module": "module.network",
      "mode": "managed",
      "type": "aws_network_acl_rule",
      "name": "in_secure_from_secure",
      "provider": "provider[\"registry.terraform.io/hashicorp/aws\"]",
      "instances": [
        {
          "index_key": 0,
          "schema_version": 0,
          "attributes": {
            "cidr_block": "10.1.10.0/24",
            "egress": false,
            "from_port": null,
            "icmp_code": null,
            "icmp_type": null,
            "id": "nacl-1481817227",
            "ipv6_cidr_block": "",
            "network_acl_id": "acl-0bfa8d425293f0239",
            "protocol": "-1",
            "rule_action": "allow",
            "rule_number": 101,
            "to_port": null
          },
          "sensitive_attributes": [],
          "private": "bnVsbA==",
          "dependencies": [
            "module.network.aws_eip.nat_eip",
            "module.network.aws_nat_gateway.nat_gw",
            "module.network.aws_network_acl.secure",
            "module.network.aws_subnet.public",
            "module.network.aws_subnet.secure",
            "module.network.aws_vpc.default",
            "module.network.data.aws_availability_zone.az",
            "module.network.data.aws_availability_zones.available"
          ]
        },
        {
          "index_key": 1,
          "schema_version": 0,
          "attributes": {
            "cidr_block": "10.1.11.0/24",
            "egress": false,
            "from_port": null,
            "icmp_code": null,
            "icmp_type": null,
            "id": "nacl-3249592970",
            "ipv6_cidr_block": "",
            "network_acl_id": "acl-0bfa8d425293f0239",
            "protocol": "-1",
            "rule_action": "allow",
            "rule_number": 102,
            "to_port": null
          },
          "sensitive_attributes": [],
          "private": "bnVsbA==",
          "dependencies": [
            "module.network.aws_eip.nat_eip",
            "module.network.aws_nat_gateway.nat_gw",
            "module.network.aws_network_acl.secure",
            "module.network.aws_subnet.public",
            "module.network.aws_subnet.secure",
            "module.network.aws_vpc.default",
            "module.network.data.aws_availability_zone.az",
            "module.network.data.aws_availability_zones.available"
          ]
        }
      ]
    },
    {
      "module": "module.network",
      "mode": "managed",
      "type": "aws_network_acl_rule",
      "name": "out_private_from_private",
      "provider": "provider[\"registry.terraform.io/hashicorp/aws\"]",
      "instances": [
        {
          "index_key": 0,
          "schema_version": 0,
          "attributes": {
            "cidr_block": "10.1.5.0/24",
            "egress": true,
            "from_port": 0,
            "icmp_code": null,
            "icmp_type": null,
            "id": "nacl-670362294",
            "ipv6_cidr_block": "",
            "network_acl_id": "acl-0e72f6ad4dc9ae24f",
            "protocol": "-1",
            "rule_action": "allow",
            "rule_number": 301,
            "to_port": 0
          },
          "sensitive_attributes": [],
          "private": "bnVsbA==",
          "dependencies": [
            "module.network.aws_network_acl.private",
            "module.network.aws_subnet.private",
            "module.network.aws_vpc.default",
            "module.network.data.aws_availability_zone.az",
            "module.network.data.aws_availability_zones.available"
          ]
        },
        {
          "index_key": 1,
          "schema_version": 0,
          "attributes": {
            "cidr_block": "10.1.6.0/24",
            "egress": true,
            "from_port": 0,
            "icmp_code": null,
            "icmp_type": null,
            "id": "nacl-3435352501",
            "ipv6_cidr_block": "",
            "network_acl_id": "acl-0e72f6ad4dc9ae24f",
            "protocol": "-1",
            "rule_action": "allow",
            "rule_number": 302,
            "to_port": 0
          },
          "sensitive_attributes": [],
          "private": "bnVsbA==",
          "dependencies": [
            "module.network.aws_network_acl.private",
            "module.network.aws_subnet.private",
            "module.network.aws_vpc.default",
            "module.network.data.aws_availability_zone.az",
            "module.network.data.aws_availability_zones.available"
          ]
        }
      ]
    },
    {
      "module": "module.network",
      "mode": "managed",
      "type": "aws_network_acl_rule",
      "name": "out_private_from_public",
      "provider": "provider[\"registry.terraform.io/hashicorp/aws\"]",
      "instances": [
        {
          "index_key": 0,
          "schema_version": 0,
          "attributes": {
            "cidr_block": "10.1.0.0/24",
            "egress": true,
            "from_port": 0,
            "icmp_code": null,
            "icmp_type": null,
            "id": "nacl-1399587641",
            "ipv6_cidr_block": "",
            "network_acl_id": "acl-0e72f6ad4dc9ae24f",
            "protocol": "-1",
            "rule_action": "allow",
            "rule_number": 401,
            "to_port": 0
          },
          "sensitive_attributes": [],
          "private": "bnVsbA==",
          "dependencies": [
            "module.network.aws_network_acl.private",
            "module.network.aws_subnet.private",
            "module.network.aws_subnet.public",
            "module.network.aws_vpc.default",
            "module.network.data.aws_availability_zone.az",
            "module.network.data.aws_availability_zones.available"
          ]
        },
        {
          "index_key": 1,
          "schema_version": 0,
          "attributes": {
            "cidr_block": "10.1.1.0/24",
            "egress": true,
            "from_port": 0,
            "icmp_code": null,
            "icmp_type": null,
            "id": "nacl-3093018682",
            "ipv6_cidr_block": "",
            "network_acl_id": "acl-0e72f6ad4dc9ae24f",
            "protocol": "-1",
            "rule_action": "allow",
            "rule_number": 402,
            "to_port": 0
          },
          "sensitive_attributes": [],
          "private": "bnVsbA==",
          "dependencies": [
            "module.network.aws_network_acl.private",
            "module.network.aws_subnet.private",
            "module.network.aws_subnet.public",
            "module.network.aws_vpc.default",
            "module.network.data.aws_availability_zone.az",
            "module.network.data.aws_availability_zones.available"
          ]
        }
      ]
    },
    {
      "module": "module.network",
      "mode": "managed",
      "type": "aws_network_acl_rule",
      "name": "out_private_from_secure",
      "provider": "provider[\"registry.terraform.io/hashicorp/aws\"]",
      "instances": [
        {
          "index_key": 0,
          "schema_version": 0,
          "attributes": {
            "cidr_block": "10.1.10.0/24",
            "egress": true,
            "from_port": 0,
            "icmp_code": null,
            "icmp_type": null,
            "id": "nacl-3368636246",
            "ipv6_cidr_block": "",
            "network_acl_id": "acl-0e72f6ad4dc9ae24f",
            "protocol": "-1",
            "rule_action": "allow",
            "rule_number": 501,
            "to_port": 0
          },
          "sensitive_attributes": [],
          "private": "bnVsbA==",
          "dependencies": [
            "module.network.aws_eip.nat_eip",
            "module.network.aws_nat_gateway.nat_gw",
            "module.network.aws_network_acl.private",
            "module.network.aws_subnet.private",
            "module.network.aws_subnet.public",
            "module.network.aws_subnet.secure",
            "module.network.aws_vpc.default",
            "module.network.data.aws_availability_zone.az",
            "module.network.data.aws_availability_zones.available"
          ]
        },
        {
          "index_key": 1,
          "schema_version": 0,
          "attributes": {
            "cidr_block": "10.1.11.0/24",
            "egress": true,
            "from_port": 0,
            "icmp_code": null,
            "icmp_type": null,
            "id": "nacl-603911253",
            "ipv6_cidr_block": "",
            "network_acl_id": "acl-0e72f6ad4dc9ae24f",
            "protocol": "-1",
            "rule_action": "allow",
            "rule_number": 502,
            "to_port": 0
          },
          "sensitive_attributes": [],
          "private": "bnVsbA==",
          "dependencies": [
            "module.network.aws_eip.nat_eip",
            "module.network.aws_nat_gateway.nat_gw",
            "module.network.aws_network_acl.private",
            "module.network.aws_subnet.private",
            "module.network.aws_subnet.public",
            "module.network.aws_subnet.secure",
            "module.network.aws_vpc.default",
            "module.network.data.aws_availability_zone.az",
            "module.network.data.aws_availability_zones.available"
          ]
        }
      ]
    },
    {
      "module": "module.network",
      "mode": "managed",
      "type": "aws_network_acl_rule",
      "name": "out_private_from_world_icmp",
      "provider": "provider[\"registry.terraform.io/hashicorp/aws\"]",
      "instances": [
        {
          "index_key": 0,
          "schema_version": 0,
          "attributes": {
            "cidr_block": "0.0.0.0/0",
            "egress": true,
            "from_port": null,
            "icmp_code": -1,
            "icmp_type": 8,
            "id": "nacl-4170926022",
            "ipv6_cidr_block": "",
            "network_acl_id": "acl-0e72f6ad4dc9ae24f",
            "protocol": "1",
            "rule_action": "allow",
            "rule_number": 201,
            "to_port": null
          },
          "sensitive_attributes": [],
          "private": "bnVsbA==",
          "dependencies": [
            "module.network.aws_network_acl.private",
            "module.network.aws_subnet.private",
            "module.network.aws_vpc.default",
            "module.network.data.aws_availability_zone.az",
            "module.network.data.aws_availability_zones.available"
          ]
        }
      ]
    },
    {
      "module": "module.network",
      "mode": "managed",
      "type": "aws_network_acl_rule",
      "name": "out_private_to_world_tcp",
      "provider": "provider[\"registry.terraform.io/hashicorp/aws\"]",
      "instances": [
        {
          "index_key": 0,
          "schema_version": 0,
          "attributes": {
            "cidr_block": "0.0.0.0/0",
            "egress": true,
            "from_port": 0,
            "icmp_code": null,
            "icmp_type": null,
            "id": "nacl-1384917562",
            "ipv6_cidr_block": "",
            "network_acl_id": "acl-0e72f6ad4dc9ae24f",
            "protocol": "6",
            "rule_action": "allow",
            "rule_number": 1,
            "to_port": 65535
          },
          "sensitive_attributes": [],
          "private": "bnVsbA==",
          "dependencies": [
            "module.network.aws_network_acl.private",
            "module.network.aws_subnet.private",
            "module.network.aws_vpc.default",
            "module.network.data.aws_availability_zone.az",
            "module.network.data.aws_availability_zones.available"
          ]
        }
      ]
    },
    {
      "module": "module.network",
      "mode": "managed",
      "type": "aws_network_acl_rule",
      "name": "out_private_to_world_udp",
      "provider": "provider[\"registry.terraform.io/hashicorp/aws\"]",
      "instances": [
        {
          "index_key": 0,
          "schema_version": 0,
          "attributes": {
            "cidr_block": "0.0.0.0/0",
            "egress": true,
            "from_port": 0,
            "icmp_code": null,
            "icmp_type": null,
            "id": "nacl-3195997423",
            "ipv6_cidr_block": "",
            "network_acl_id": "acl-0e72f6ad4dc9ae24f",
            "protocol": "17",
            "rule_action": "allow",
            "rule_number": 101,
            "to_port": 65535
          },
          "sensitive_attributes": [],
          "private": "bnVsbA==",
          "dependencies": [
            "module.network.aws_network_acl.private",
            "module.network.aws_subnet.private",
            "module.network.aws_vpc.default",
            "module.network.data.aws_availability_zone.az",
            "module.network.data.aws_availability_zones.available"
          ]
        }
      ]
    },
    {
      "module": "module.network",
      "mode": "managed",
      "type": "aws_network_acl_rule",
      "name": "out_public_icmp",
      "provider": "provider[\"registry.terraform.io/hashicorp/aws\"]",
      "instances": [
        {
          "index_key": 0,
          "schema_version": 0,
          "attributes": {
            "cidr_block": "0.0.0.0/0",
            "egress": true,
            "from_port": null,
            "icmp_code": -1,
            "icmp_type": 8,
            "id": "nacl-128390145",
            "ipv6_cidr_block": "",
            "network_acl_id": "acl-03964ec6082771eaf",
            "protocol": "1",
            "rule_action": "allow",
            "rule_number": 501,
            "to_port": null
          },
          "sensitive_attributes": [],
          "private": "bnVsbA==",
          "dependencies": [
            "module.network.aws_network_acl.public",
            "module.network.aws_subnet.public",
            "module.network.aws_vpc.default",
            "module.network.data.aws_availability_zone.az",
            "module.network.data.aws_availability_zones.available"
          ]
        }
      ]
    },
    {
      "module": "module.network",
      "mode": "managed",
      "type": "aws_network_acl_rule",
      "name": "out_public_local",
      "provider": "provider[\"registry.terraform.io/hashicorp/aws\"]",
      "instances": [
        {
          "schema_version": 0,
          "attributes": {
            "cidr_block": "10.1.0.0/16",
            "egress": true,
            "from_port": 0,
            "icmp_code": null,
            "icmp_type": null,
            "id": "nacl-1080324018",
            "ipv6_cidr_block": "",
            "network_acl_id": "acl-03964ec6082771eaf",
            "protocol": "-1",
            "rule_action": "allow",
            "rule_number": 1,
            "to_port": 0
          },
          "sensitive_attributes": [],
          "private": "bnVsbA==",
          "dependencies": [
            "module.network.aws_network_acl.public",
            "module.network.aws_subnet.public",
            "module.network.aws_vpc.default",
            "module.network.data.aws_availability_zone.az",
            "module.network.data.aws_availability_zones.available"
          ]
        }
      ]
    },
    {
      "module": "module.network",
      "mode": "managed",
      "type": "aws_network_acl_rule",
      "name": "out_public_tcp",
      "provider": "provider[\"registry.terraform.io/hashicorp/aws\"]",
      "instances": [
        {
          "index_key": 0,
          "schema_version": 0,
          "attributes": {
            "cidr_block": "0.0.0.0/0",
            "egress": true,
            "from_port": 0,
            "icmp_code": null,
            "icmp_type": null,
            "id": "nacl-1304874126",
            "ipv6_cidr_block": "",
            "network_acl_id": "acl-03964ec6082771eaf",
            "protocol": "6",
            "rule_action": "allow",
            "rule_number": 101,
            "to_port": 65535
          },
          "sensitive_attributes": [],
          "private": "bnVsbA==",
          "dependencies": [
            "module.network.aws_network_acl.public",
            "module.network.aws_subnet.public",
            "module.network.aws_vpc.default",
            "module.network.data.aws_availability_zone.az",
            "module.network.data.aws_availability_zones.available"
          ]
        }
      ]
    },
    {
      "module": "module.network",
      "mode": "managed",
      "type": "aws_network_acl_rule",
      "name": "out_public_tcp_return",
      "provider": "provider[\"registry.terraform.io/hashicorp/aws\"]",
      "instances": [
        {
          "schema_version": 0,
          "attributes": {
            "cidr_block": "0.0.0.0/0",
            "egress": true,
            "from_port": 1024,
            "icmp_code": null,
            "icmp_type": null,
            "id": "nacl-4027359296",
            "ipv6_cidr_block": "",
            "network_acl_id": "acl-03964ec6082771eaf",
            "protocol": "6",
            "rule_action": "allow",
            "rule_number": 201,
            "to_port": 65535
          },
          "sensitive_attributes": [],
          "private": "bnVsbA==",
          "dependencies": [
            "module.network.aws_network_acl.public",
            "module.network.aws_subnet.public",
            "module.network.aws_vpc.default",
            "module.network.data.aws_availability_zone.az",
            "module.network.data.aws_availability_zones.available"
          ]
        }
      ]
    },
    {
      "module": "module.network",
      "mode": "managed",
      "type": "aws_network_acl_rule",
      "name": "out_secure_to_private",
      "provider": "provider[\"registry.terraform.io/hashicorp/aws\"]",
      "instances": [
        {
          "index_key": 0,
          "schema_version": 0,
          "attributes": {
            "cidr_block": "10.1.5.0/24",
            "egress": true,
            "from_port": null,
            "icmp_code": null,
            "icmp_type": null,
            "id": "nacl-983374466",
            "ipv6_cidr_block": "",
            "network_acl_id": "acl-0bfa8d425293f0239",
            "protocol": "-1",
            "rule_action": "allow",
            "rule_number": 101,
            "to_port": null
          },
          "sensitive_attributes": [],
          "private": "bnVsbA==",
          "dependencies": [
            "module.network.aws_eip.nat_eip",
            "module.network.aws_nat_gateway.nat_gw",
            "module.network.aws_network_acl.secure",
            "module.network.aws_subnet.private",
            "module.network.aws_subnet.public",
            "module.network.aws_subnet.secure",
            "module.network.aws_vpc.default",
            "module.network.data.aws_availability_zone.az",
            "module.network.data.aws_availability_zones.available"
          ]
        },
        {
          "index_key": 1,
          "schema_version": 0,
          "attributes": {
            "cidr_block": "10.1.6.0/24",
            "egress": true,
            "from_port": null,
            "icmp_code": null,
            "icmp_type": null,
            "id": "nacl-3517620609",
            "ipv6_cidr_block": "",
            "network_acl_id": "acl-0bfa8d425293f0239",
            "protocol": "-1",
            "rule_action": "allow",
            "rule_number": 102,
            "to_port": null
          },
          "sensitive_attributes": [],
          "private": "bnVsbA==",
          "dependencies": [
            "module.network.aws_eip.nat_eip",
            "module.network.aws_nat_gateway.nat_gw",
            "module.network.aws_network_acl.secure",
            "module.network.aws_subnet.private",
            "module.network.aws_subnet.public",
            "module.network.aws_subnet.secure",
            "module.network.aws_vpc.default",
            "module.network.data.aws_availability_zone.az",
            "module.network.data.aws_availability_zones.available"
          ]
        }
      ]
    },
    {
      "module": "module.network",
      "mode": "managed",
      "type": "aws_network_acl_rule",
      "name": "out_secure_to_secure",
      "provider": "provider[\"registry.terraform.io/hashicorp/aws\"]",
      "instances": [
        {
          "index_key": 0,
          "schema_version": 0,
          "attributes": {
            "cidr_block": "10.1.10.0/24",
            "egress": true,
            "from_port": null,
            "icmp_code": null,
            "icmp_type": null,
            "id": "nacl-1252228808",
            "ipv6_cidr_block": "",
            "network_acl_id": "acl-0bfa8d425293f0239",
            "protocol": "-1",
            "rule_action": "allow",
            "rule_number": 1,
            "to_port": null
          },
          "sensitive_attributes": [],
          "private": "bnVsbA==",
          "dependencies": [
            "module.network.aws_eip.nat_eip",
            "module.network.aws_nat_gateway.nat_gw",
            "module.network.aws_network_acl.secure",
            "module.network.aws_subnet.public",
            "module.network.aws_subnet.secure",
            "module.network.aws_vpc.default",
            "module.network.data.aws_availability_zone.az",
            "module.network.data.aws_availability_zones.available"
          ]
        },
        {
          "index_key": 1,
          "schema_version": 0,
          "attributes": {
            "cidr_block": "10.1.11.0/24",
            "egress": true,
            "from_port": null,
            "icmp_code": null,
            "icmp_type": null,
            "id": "nacl-2710881739",
            "ipv6_cidr_block": "",
            "network_acl_id": "acl-0bfa8d425293f0239",
            "protocol": "-1",
            "rule_action": "allow",
            "rule_number": 2,
            "to_port": null
          },
          "sensitive_attributes": [],
          "private": "bnVsbA==",
          "dependencies": [
            "module.network.aws_eip.nat_eip",
            "module.network.aws_nat_gateway.nat_gw",
            "module.network.aws_network_acl.secure",
            "module.network.aws_subnet.public",
            "module.network.aws_subnet.secure",
            "module.network.aws_vpc.default",
            "module.network.data.aws_availability_zone.az",
            "module.network.data.aws_availability_zones.available"
          ]
        }
      ]
    },
    {
      "module": "module.network",
      "mode": "managed",
      "type": "aws_route",
      "name": "public_internet_route",
      "provider": "provider[\"registry.terraform.io/hashicorp/aws\"]",
      "instances": [
        {
          "schema_version": 0,
          "attributes": {
            "carrier_gateway_id": "",
            "core_network_arn": "",
            "destination_cidr_block": "0.0.0.0/0",
            "destination_ipv6_cidr_block": "",
            "destination_prefix_list_id": "",
            "egress_only_gateway_id": "",
            "gateway_id": "igw-080a3aeee30e39cfb",
            "id": "r-rtb-03b4856d07bd808a21080289494",
            "instance_id": "",
            "instance_owner_id": "",
            "local_gateway_id": "",
            "nat_gateway_id": "",
            "network_interface_id": "",
            "origin": "CreateRoute",
            "route_table_id": "rtb-03b4856d07bd808a2",
            "state": "active",
            "timeouts": null,
            "transit_gateway_id": "",
            "vpc_endpoint_id": "",
            "vpc_peering_connection_id": ""
          },
          "sensitive_attributes": [],
          "private": "eyJlMmJmYjczMC1lY2FhLTExZTYtOGY4OC0zNDM2M2JjN2M0YzAiOnsiY3JlYXRlIjozMDAwMDAwMDAwMDAsImRlbGV0ZSI6MzAwMDAwMDAwMDAwLCJ1cGRhdGUiOjEyMDAwMDAwMDAwMH19",
          "dependencies": [
            "module.network.aws_internet_gateway.default",
            "module.network.aws_networkfirewall_firewall.default",
            "module.network.aws_networkfirewall_firewall_policy.default",
            "module.network.aws_networkfirewall_rule_group.stateful_custom",
            "module.network.aws_networkfirewall_rule_group.stateful_default",
            "module.network.aws_networkfirewall_rule_group.stateful_domain",
            "module.network.aws_networkfirewall_rule_group.stateless_forward",
            "module.network.aws_route_table.public",
            "module.network.aws_subnet.firewall",
            "module.network.aws_vpc.default",
            "module.network.data.aws_availability_zone.az",
            "module.network.data.aws_availability_zones.available"
          ],
          "create_before_destroy": true
        }
      ]
    },
    {
      "module": "module.network",
      "mode": "managed",
      "type": "aws_route_table",
      "name": "private",
      "provider": "provider[\"registry.terraform.io/hashicorp/aws\"]",
      "instances": [
        {
          "index_key": 0,
          "schema_version": 0,
          "attributes": {
            "arn": "arn:aws:ec2:sa-east-1:547029308115:route-table/rtb-09b705dc8b30452d2",
            "id": "rtb-09b705dc8b30452d2",
            "owner_id": "547029308115",
            "propagating_vgws": [],
            "route": [],
            "tags": {
              "EnvName": "MyVPC",
              "Name": "MyVPC-RouteTable-Private-0",
              "Scheme": "private"
            },
            "tags_all": {
              "EnvName": "MyVPC",
              "Name": "MyVPC-RouteTable-Private-0",
              "Scheme": "private"
            },
            "timeouts": null,
            "vpc_id": "vpc-0d984489f817b25a6"
          },
          "sensitive_attributes": [],
          "private": "eyJlMmJmYjczMC1lY2FhLTExZTYtOGY4OC0zNDM2M2JjN2M0YzAiOnsiY3JlYXRlIjozMDAwMDAwMDAwMDAsImRlbGV0ZSI6MzAwMDAwMDAwMDAwLCJ1cGRhdGUiOjEyMDAwMDAwMDAwMH19",
          "dependencies": [
            "module.network.aws_vpc.default",
            "module.network.data.aws_availability_zones.available"
          ],
          "create_before_destroy": true
        }
      ]
    },
    {
      "module": "module.network",
      "mode": "managed",
      "type": "aws_route_table",
      "name": "public",
      "provider": "provider[\"registry.terraform.io/hashicorp/aws\"]",
      "instances": [
        {
          "schema_version": 0,
          "attributes": {
            "arn": "arn:aws:ec2:sa-east-1:547029308115:route-table/rtb-03b4856d07bd808a2",
            "id": "rtb-03b4856d07bd808a2",
            "owner_id": "547029308115",
            "propagating_vgws": [],
            "route": [],
            "tags": {
              "EnvName": "MyVPC",
              "Name": "MyVPC-RouteTable-Public",
              "Scheme": "public"
            },
            "tags_all": {
              "EnvName": "MyVPC",
              "Name": "MyVPC-RouteTable-Public",
              "Scheme": "public"
            },
            "timeouts": null,
            "vpc_id": "vpc-0d984489f817b25a6"
          },
          "sensitive_attributes": [],
          "private": "eyJlMmJmYjczMC1lY2FhLTExZTYtOGY4OC0zNDM2M2JjN2M0YzAiOnsiY3JlYXRlIjozMDAwMDAwMDAwMDAsImRlbGV0ZSI6MzAwMDAwMDAwMDAwLCJ1cGRhdGUiOjEyMDAwMDAwMDAwMH19",
          "dependencies": [
            "module.network.aws_vpc.default"
          ],
          "create_before_destroy": true
        }
      ]
    },
    {
      "module": "module.network",
      "mode": "managed",
      "type": "aws_route_table",
      "name": "secure",
      "provider": "provider[\"registry.terraform.io/hashicorp/aws\"]",
      "instances": [
        {
          "schema_version": 0,
          "attributes": {
            "arn": "arn:aws:ec2:sa-east-1:547029308115:route-table/rtb-01bdb8502d71c9378",
            "id": "rtb-01bdb8502d71c9378",
            "owner_id": "547029308115",
            "propagating_vgws": [],
            "route": [],
            "tags": {
              "EnvName": "MyVPC",
              "Name": "MyVPC-RouteTable-Secure",
              "Scheme": "secure"
            },
            "tags_all": {
              "EnvName": "MyVPC",
              "Name": "MyVPC-RouteTable-Secure",
              "Scheme": "secure"
            },
            "timeouts": null,
            "vpc_id": "vpc-0d984489f817b25a6"
          },
          "sensitive_attributes": [],
          "private": "eyJlMmJmYjczMC1lY2FhLTExZTYtOGY4OC0zNDM2M2JjN2M0YzAiOnsiY3JlYXRlIjozMDAwMDAwMDAwMDAsImRlbGV0ZSI6MzAwMDAwMDAwMDAwLCJ1cGRhdGUiOjEyMDAwMDAwMDAwMH19",
          "dependencies": [
            "module.network.aws_vpc.default"
          ],
          "create_before_destroy": true
        }
      ]
    },
    {
      "module": "module.network",
      "mode": "managed",
      "type": "aws_route_table_association",
      "name": "private",
      "provider": "provider[\"registry.terraform.io/hashicorp/aws\"]",
      "instances": [
        {
          "index_key": 0,
          "schema_version": 0,
          "attributes": {
            "gateway_id": "",
            "id": "rtbassoc-0cba6ba54e1ccc57a",
            "route_table_id": "rtb-09b705dc8b30452d2",
            "subnet_id": "subnet-0fcd265ce7d56ceab",
            "timeouts": null
          },
          "sensitive_attributes": [],
          "private": "eyJlMmJmYjczMC1lY2FhLTExZTYtOGY4OC0zNDM2M2JjN2M0YzAiOnsiY3JlYXRlIjozMDAwMDAwMDAwMDAsImRlbGV0ZSI6MzAwMDAwMDAwMDAwLCJ1cGRhdGUiOjEyMDAwMDAwMDAwMH19",
          "dependencies": [
            "module.network.aws_route_table.private",
            "module.network.aws_subnet.private",
            "module.network.aws_vpc.default",
            "module.network.data.aws_availability_zone.az",
            "module.network.data.aws_availability_zones.available"
          ],
          "create_before_destroy": true
        },
        {
          "index_key": 1,
          "schema_version": 0,
          "attributes": {
            "gateway_id": "",
            "id": "rtbassoc-0d334c1e5d86c05d2",
            "route_table_id": "rtb-09b705dc8b30452d2",
            "subnet_id": "subnet-01cbad4cab7cacfa8",
            "timeouts": null
          },
          "sensitive_attributes": [],
          "private": "eyJlMmJmYjczMC1lY2FhLTExZTYtOGY4OC0zNDM2M2JjN2M0YzAiOnsiY3JlYXRlIjozMDAwMDAwMDAwMDAsImRlbGV0ZSI6MzAwMDAwMDAwMDAwLCJ1cGRhdGUiOjEyMDAwMDAwMDAwMH19",
          "dependencies": [
            "module.network.aws_route_table.private",
            "module.network.aws_subnet.private",
            "module.network.aws_vpc.default",
            "module.network.data.aws_availability_zone.az",
            "module.network.data.aws_availability_zones.available"
          ],
          "create_before_destroy": true
        }
      ]
    },
    {
      "module": "module.network",
      "mode": "managed",
      "type": "aws_route_table_association",
      "name": "public",
      "provider": "provider[\"registry.terraform.io/hashicorp/aws\"]",
      "instances": [
        {
          "index_key": 0,
          "schema_version": 0,
          "attributes": {
            "gateway_id": "",
            "id": "rtbassoc-0dc50a13d20b3a1ef",
            "route_table_id": "rtb-03b4856d07bd808a2",
            "subnet_id": "subnet-0297b58e5602e18d8",
            "timeouts": null
          },
          "sensitive_attributes": [],
          "private": "eyJlMmJmYjczMC1lY2FhLTExZTYtOGY4OC0zNDM2M2JjN2M0YzAiOnsiY3JlYXRlIjozMDAwMDAwMDAwMDAsImRlbGV0ZSI6MzAwMDAwMDAwMDAwLCJ1cGRhdGUiOjEyMDAwMDAwMDAwMH19",
          "dependencies": [
            "module.network.aws_route_table.public",
            "module.network.aws_subnet.public",
            "module.network.aws_vpc.default",
            "module.network.data.aws_availability_zone.az",
            "module.network.data.aws_availability_zones.available"
          ],
          "create_before_destroy": true
        },
        {
          "index_key": 1,
          "schema_version": 0,
          "attributes": {
            "gateway_id": "",
            "id": "rtbassoc-090adfe59f01d2dae",
            "route_table_id": "rtb-03b4856d07bd808a2",
            "subnet_id": "subnet-0bc2b8da4f7a95a73",
            "timeouts": null
          },
          "sensitive_attributes": [],
          "private": "eyJlMmJmYjczMC1lY2FhLTExZTYtOGY4OC0zNDM2M2JjN2M0YzAiOnsiY3JlYXRlIjozMDAwMDAwMDAwMDAsImRlbGV0ZSI6MzAwMDAwMDAwMDAwLCJ1cGRhdGUiOjEyMDAwMDAwMDAwMH19",
          "dependencies": [
            "module.network.aws_route_table.public",
            "module.network.aws_subnet.public",
            "module.network.aws_vpc.default",
            "module.network.data.aws_availability_zone.az",
            "module.network.data.aws_availability_zones.available"
          ],
          "create_before_destroy": true
        }
      ]
    },
    {
      "module": "module.network",
      "mode": "managed",
      "type": "aws_route_table_association",
      "name": "secure",
      "provider": "provider[\"registry.terraform.io/hashicorp/aws\"]",
      "instances": [
        {
          "index_key": 0,
          "schema_version": 0,
          "attributes": {
            "gateway_id": "",
            "id": "rtbassoc-0387ce977316af4f2",
            "route_table_id": "rtb-01bdb8502d71c9378",
            "subnet_id": "subnet-0ee1b2bbce7efe019",
            "timeouts": null
          },
          "sensitive_attributes": [],
          "private": "eyJlMmJmYjczMC1lY2FhLTExZTYtOGY4OC0zNDM2M2JjN2M0YzAiOnsiY3JlYXRlIjozMDAwMDAwMDAwMDAsImRlbGV0ZSI6MzAwMDAwMDAwMDAwLCJ1cGRhdGUiOjEyMDAwMDAwMDAwMH19",
          "dependencies": [
            "module.network.aws_eip.nat_eip",
            "module.network.aws_nat_gateway.nat_gw",
            "module.network.aws_route_table.secure",
            "module.network.aws_subnet.public",
            "module.network.aws_subnet.secure",
            "module.network.aws_vpc.default",
            "module.network.data.aws_availability_zone.az",
            "module.network.data.aws_availability_zones.available"
          ],
          "create_before_destroy": true
        },
        {
          "index_key": 1,
          "schema_version": 0,
          "attributes": {
            "gateway_id": "",
            "id": "rtbassoc-09a26698dd0ec692f",
            "route_table_id": "rtb-01bdb8502d71c9378",
            "subnet_id": "subnet-0e4c8422b46fb44d5",
            "timeouts": null
          },
          "sensitive_attributes": [],
          "private": "eyJlMmJmYjczMC1lY2FhLTExZTYtOGY4OC0zNDM2M2JjN2M0YzAiOnsiY3JlYXRlIjozMDAwMDAwMDAwMDAsImRlbGV0ZSI6MzAwMDAwMDAwMDAwLCJ1cGRhdGUiOjEyMDAwMDAwMDAwMH19",
          "dependencies": [
            "module.network.aws_eip.nat_eip",
            "module.network.aws_nat_gateway.nat_gw",
            "module.network.aws_route_table.secure",
            "module.network.aws_subnet.public",
            "module.network.aws_subnet.secure",
            "module.network.aws_vpc.default",
            "module.network.data.aws_availability_zone.az",
            "module.network.data.aws_availability_zones.available"
          ],
          "create_before_destroy": true
        }
      ]
    },
    {
      "module": "module.network",
      "mode": "managed",
      "type": "aws_subnet",
      "name": "private",
      "provider": "provider[\"registry.terraform.io/hashicorp/aws\"]",
      "instances": [
        {
          "index_key": 0,
          "schema_version": 1,
          "attributes": {
            "arn": "arn:aws:ec2:sa-east-1:547029308115:subnet/subnet-0fcd265ce7d56ceab",
            "assign_ipv6_address_on_creation": false,
            "availability_zone": "sa-east-1a",
            "availability_zone_id": "sae1-az1",
            "cidr_block": "10.1.5.0/24",
            "customer_owned_ipv4_pool": "",
            "enable_dns64": false,
            "enable_lni_at_device_index": 0,
            "enable_resource_name_dns_a_record_on_launch": false,
            "enable_resource_name_dns_aaaa_record_on_launch": false,
            "id": "subnet-0fcd265ce7d56ceab",
            "ipv6_cidr_block": "",
            "ipv6_cidr_block_association_id": "",
            "ipv6_native": false,
            "map_customer_owned_ip_on_launch": false,
            "map_public_ip_on_launch": false,
            "outpost_arn": "",
            "owner_id": "547029308115",
            "private_dns_hostname_type_on_launch": "ip-name",
            "tags": {
              "EnvName": "MyVPC",
              "Name": "MyVPC-Subnet-Private-A",
              "Scheme": "private",
              "aws-cdk:subnet-name": "Private",
              "aws-cdk:subnet-type": "Private"
            },
            "tags_all": {
              "EnvName": "MyVPC",
              "Name": "MyVPC-Subnet-Private-A",
              "Scheme": "private",
              "aws-cdk:subnet-name": "Private",
              "aws-cdk:subnet-type": "Private"
            },
            "timeouts": null,
            "vpc_id": "vpc-0d984489f817b25a6"
          },
          "sensitive_attributes": [],
          "private": "eyJlMmJmYjczMC1lY2FhLTExZTYtOGY4OC0zNDM2M2JjN2M0YzAiOnsiY3JlYXRlIjo2MDAwMDAwMDAwMDAsImRlbGV0ZSI6MTIwMDAwMDAwMDAwMH0sInNjaGVtYV92ZXJzaW9uIjoiMSJ9",
          "dependencies": [
            "module.network.aws_vpc.default",
            "module.network.data.aws_availability_zone.az",
            "module.network.data.aws_availability_zones.available"
          ],
          "create_before_destroy": true
        },
        {
          "index_key": 1,
          "schema_version": 1,
          "attributes": {
            "arn": "arn:aws:ec2:sa-east-1:547029308115:subnet/subnet-01cbad4cab7cacfa8",
            "assign_ipv6_address_on_creation": false,
            "availability_zone": "sa-east-1b",
            "availability_zone_id": "sae1-az2",
            "cidr_block": "10.1.6.0/24",
            "customer_owned_ipv4_pool": "",
            "enable_dns64": false,
            "enable_lni_at_device_index": 0,
            "enable_resource_name_dns_a_record_on_launch": false,
            "enable_resource_name_dns_aaaa_record_on_launch": false,
            "id": "subnet-01cbad4cab7cacfa8",
            "ipv6_cidr_block": "",
            "ipv6_cidr_block_association_id": "",
            "ipv6_native": false,
            "map_customer_owned_ip_on_launch": false,
            "map_public_ip_on_launch": false,
            "outpost_arn": "",
            "owner_id": "547029308115",
            "private_dns_hostname_type_on_launch": "ip-name",
            "tags": {
              "EnvName": "MyVPC",
              "Name": "MyVPC-Subnet-Private-B",
              "Scheme": "private",
              "aws-cdk:subnet-name": "Private",
              "aws-cdk:subnet-type": "Private"
            },
            "tags_all": {
              "EnvName": "MyVPC",
              "Name": "MyVPC-Subnet-Private-B",
              "Scheme": "private",
              "aws-cdk:subnet-name": "Private",
              "aws-cdk:subnet-type": "Private"
            },
            "timeouts": null,
            "vpc_id": "vpc-0d984489f817b25a6"
          },
          "sensitive_attributes": [],
          "private": "eyJlMmJmYjczMC1lY2FhLTExZTYtOGY4OC0zNDM2M2JjN2M0YzAiOnsiY3JlYXRlIjo2MDAwMDAwMDAwMDAsImRlbGV0ZSI6MTIwMDAwMDAwMDAwMH0sInNjaGVtYV92ZXJzaW9uIjoiMSJ9",
          "dependencies": [
            "module.network.aws_vpc.default",
            "module.network.data.aws_availability_zone.az",
            "module.network.data.aws_availability_zones.available"
          ],
          "create_before_destroy": true
        }
      ]
    },
    {
      "module": "module.network",
      "mode": "managed",
      "type": "aws_subnet",
      "name": "public",
      "provider": "provider[\"registry.terraform.io/hashicorp/aws\"]",
      "instances": [
        {
          "index_key": 0,
          "schema_version": 1,
          "attributes": {
            "arn": "arn:aws:ec2:sa-east-1:547029308115:subnet/subnet-0297b58e5602e18d8",
            "assign_ipv6_address_on_creation": false,
            "availability_zone": "sa-east-1a",
            "availability_zone_id": "sae1-az1",
            "cidr_block": "10.1.0.0/24",
            "customer_owned_ipv4_pool": "",
            "enable_dns64": false,
            "enable_lni_at_device_index": 0,
            "enable_resource_name_dns_a_record_on_launch": false,
            "enable_resource_name_dns_aaaa_record_on_launch": false,
            "id": "subnet-0297b58e5602e18d8",
            "ipv6_cidr_block": "",
            "ipv6_cidr_block_association_id": "",
            "ipv6_native": false,
            "map_customer_owned_ip_on_launch": false,
            "map_public_ip_on_launch": true,
            "outpost_arn": "",
            "owner_id": "547029308115",
            "private_dns_hostname_type_on_launch": "ip-name",
            "tags": {
              "EnvName": "MyVPC",
              "Name": "MyVPC-Subnet-Public-A",
              "Scheme": "public",
              "aws-cdk:subnet-name": "Public",
              "aws-cdk:subnet-type": "Public"
            },
            "tags_all": {
              "EnvName": "MyVPC",
              "Name": "MyVPC-Subnet-Public-A",
              "Scheme": "public",
              "aws-cdk:subnet-name": "Public",
              "aws-cdk:subnet-type": "Public"
            },
            "timeouts": null,
            "vpc_id": "vpc-0d984489f817b25a6"
          },
          "sensitive_attributes": [],
          "private": "eyJlMmJmYjczMC1lY2FhLTExZTYtOGY4OC0zNDM2M2JjN2M0YzAiOnsiY3JlYXRlIjo2MDAwMDAwMDAwMDAsImRlbGV0ZSI6MTIwMDAwMDAwMDAwMH0sInNjaGVtYV92ZXJzaW9uIjoiMSJ9",
          "dependencies": [
            "module.network.aws_vpc.default",
            "module.network.data.aws_availability_zone.az",
            "module.network.data.aws_availability_zones.available"
          ],
          "create_before_destroy": true
        },
        {
          "index_key": 1,
          "schema_version": 1,
          "attributes": {
            "arn": "arn:aws:ec2:sa-east-1:547029308115:subnet/subnet-0bc2b8da4f7a95a73",
            "assign_ipv6_address_on_creation": false,
            "availability_zone": "sa-east-1b",
            "availability_zone_id": "sae1-az2",
            "cidr_block": "10.1.1.0/24",
            "customer_owned_ipv4_pool": "",
            "enable_dns64": false,
            "enable_lni_at_device_index": 0,
            "enable_resource_name_dns_a_record_on_launch": false,
            "enable_resource_name_dns_aaaa_record_on_launch": false,
            "id": "subnet-0bc2b8da4f7a95a73",
            "ipv6_cidr_block": "",
            "ipv6_cidr_block_association_id": "",
            "ipv6_native": false,
            "map_customer_owned_ip_on_launch": false,
            "map_public_ip_on_launch": true,
            "outpost_arn": "",
            "owner_id": "547029308115",
            "private_dns_hostname_type_on_launch": "ip-name",
            "tags": {
              "EnvName": "MyVPC",
              "Name": "MyVPC-Subnet-Public-B",
              "Scheme": "public",
              "aws-cdk:subnet-name": "Public",
              "aws-cdk:subnet-type": "Public"
            },
            "tags_all": {
              "EnvName": "MyVPC",
              "Name": "MyVPC-Subnet-Public-B",
              "Scheme": "public",
              "aws-cdk:subnet-name": "Public",
              "aws-cdk:subnet-type": "Public"
            },
            "timeouts": null,
            "vpc_id": "vpc-0d984489f817b25a6"
          },
          "sensitive_attributes": [],
          "private": "eyJlMmJmYjczMC1lY2FhLTExZTYtOGY4OC0zNDM2M2JjN2M0YzAiOnsiY3JlYXRlIjo2MDAwMDAwMDAwMDAsImRlbGV0ZSI6MTIwMDAwMDAwMDAwMH0sInNjaGVtYV92ZXJzaW9uIjoiMSJ9",
          "dependencies": [
            "module.network.aws_vpc.default",
            "module.network.data.aws_availability_zone.az",
            "module.network.data.aws_availability_zones.available"
          ],
          "create_before_destroy": true
        }
      ]
    },
    {
      "module": "module.network",
      "mode": "managed",
      "type": "aws_subnet",
      "name": "secure",
      "provider": "provider[\"registry.terraform.io/hashicorp/aws\"]",
      "instances": [
        {
          "index_key": 0,
          "schema_version": 1,
          "attributes": {
            "arn": "arn:aws:ec2:sa-east-1:547029308115:subnet/subnet-0ee1b2bbce7efe019",
            "assign_ipv6_address_on_creation": false,
            "availability_zone": "sa-east-1a",
            "availability_zone_id": "sae1-az1",
            "cidr_block": "10.1.10.0/24",
            "customer_owned_ipv4_pool": "",
            "enable_dns64": false,
            "enable_lni_at_device_index": 0,
            "enable_resource_name_dns_a_record_on_launch": false,
            "enable_resource_name_dns_aaaa_record_on_launch": false,
            "id": "subnet-0ee1b2bbce7efe019",
            "ipv6_cidr_block": "",
            "ipv6_cidr_block_association_id": "",
            "ipv6_native": false,
            "map_customer_owned_ip_on_launch": false,
            "map_public_ip_on_launch": false,
            "outpost_arn": "",
            "owner_id": "547029308115",
            "private_dns_hostname_type_on_launch": "ip-name",
            "tags": {
              "EnvName": "MyVPC",
              "Name": "MyVPC-Subnet-Secure-A",
              "Scheme": "secure",
              "aws-cdk:subnet-name": "Secure",
              "aws-cdk:subnet-type": "Isolated"
            },
            "tags_all": {
              "EnvName": "MyVPC",
              "Name": "MyVPC-Subnet-Secure-A",
              "Scheme": "secure",
              "aws-cdk:subnet-name": "Secure",
              "aws-cdk:subnet-type": "Isolated"
            },
            "timeouts": null,
            "vpc_id": "vpc-0d984489f817b25a6"
          },
          "sensitive_attributes": [],
          "private": "eyJlMmJmYjczMC1lY2FhLTExZTYtOGY4OC0zNDM2M2JjN2M0YzAiOnsiY3JlYXRlIjo2MDAwMDAwMDAwMDAsImRlbGV0ZSI6MTIwMDAwMDAwMDAwMH0sInNjaGVtYV92ZXJzaW9uIjoiMSJ9",
          "dependencies": [
            "module.network.aws_eip.nat_eip",
            "module.network.aws_nat_gateway.nat_gw",
            "module.network.aws_subnet.public",
            "module.network.aws_vpc.default",
            "module.network.data.aws_availability_zone.az",
            "module.network.data.aws_availability_zones.available"
          ],
          "create_before_destroy": true
        },
        {
          "index_key": 1,
          "schema_version": 1,
          "attributes": {
            "arn": "arn:aws:ec2:sa-east-1:547029308115:subnet/subnet-0e4c8422b46fb44d5",
            "assign_ipv6_address_on_creation": false,
            "availability_zone": "sa-east-1b",
            "availability_zone_id": "sae1-az2",
            "cidr_block": "10.1.11.0/24",
            "customer_owned_ipv4_pool": "",
            "enable_dns64": false,
            "enable_lni_at_device_index": 0,
            "enable_resource_name_dns_a_record_on_launch": false,
            "enable_resource_name_dns_aaaa_record_on_launch": false,
            "id": "subnet-0e4c8422b46fb44d5",
            "ipv6_cidr_block": "",
            "ipv6_cidr_block_association_id": "",
            "ipv6_native": false,
            "map_customer_owned_ip_on_launch": false,
            "map_public_ip_on_launch": false,
            "outpost_arn": "",
            "owner_id": "547029308115",
            "private_dns_hostname_type_on_launch": "ip-name",
            "tags": {
              "EnvName": "MyVPC",
              "Name": "MyVPC-Subnet-Secure-B",
              "Scheme": "secure",
              "aws-cdk:subnet-name": "Secure",
              "aws-cdk:subnet-type": "Isolated"
            },
            "tags_all": {
              "EnvName": "MyVPC",
              "Name": "MyVPC-Subnet-Secure-B",
              "Scheme": "secure",
              "aws-cdk:subnet-name": "Secure",
              "aws-cdk:subnet-type": "Isolated"
            },
            "timeouts": null,
            "vpc_id": "vpc-0d984489f817b25a6"
          },
          "sensitive_attributes": [],
          "private": "eyJlMmJmYjczMC1lY2FhLTExZTYtOGY4OC0zNDM2M2JjN2M0YzAiOnsiY3JlYXRlIjo2MDAwMDAwMDAwMDAsImRlbGV0ZSI6MTIwMDAwMDAwMDAwMH0sInNjaGVtYV92ZXJzaW9uIjoiMSJ9",
          "dependencies": [
            "module.network.aws_eip.nat_eip",
            "module.network.aws_nat_gateway.nat_gw",
            "module.network.aws_subnet.public",
            "module.network.aws_vpc.default",
            "module.network.data.aws_availability_zone.az",
            "module.network.data.aws_availability_zones.available"
          ],
          "create_before_destroy": true
        }
      ]
    },
    {
      "module": "module.network",
      "mode": "managed",
      "type": "aws_vpc",
      "name": "default",
      "provider": "provider[\"registry.terraform.io/hashicorp/aws\"]",
      "instances": [
        {
          "schema_version": 1,
          "attributes": {
            "arn": "arn:aws:ec2:sa-east-1:547029308115:vpc/vpc-0d984489f817b25a6",
            "assign_generated_ipv6_cidr_block": false,
            "cidr_block": "10.1.0.0/16",
            "default_network_acl_id": "acl-0a7cfdf4a71e77b83",
            "default_route_table_id": "rtb-0cb8bb6f9ab5c5d29",
            "default_security_group_id": "sg-0191208d8db1e658f",
            "dhcp_options_id": "dopt-07893a2470d0448a3",
            "enable_dns_hostnames": true,
            "enable_dns_support": true,
            "enable_network_address_usage_metrics": false,
            "id": "vpc-0d984489f817b25a6",
            "instance_tenancy": "default",
            "ipv4_ipam_pool_id": null,
            "ipv4_netmask_length": null,
            "ipv6_association_id": "",
            "ipv6_cidr_block": "",
            "ipv6_cidr_block_network_border_group": "",
            "ipv6_ipam_pool_id": "",
            "ipv6_netmask_length": 0,
            "main_route_table_id": "rtb-0cb8bb6f9ab5c5d29",
            "owner_id": "547029308115",
            "tags": {
              "EnvName": "MyVPC",
              "Name": "MyVPC-VPC"
            },
            "tags_all": {
              "EnvName": "MyVPC",
              "Name": "MyVPC-VPC"
            }
          },
          "sensitive_attributes": [],
          "private": "eyJzY2hlbWFfdmVyc2lvbiI6IjEifQ==",
          "create_before_destroy": true
        }
      ]
    }
  ],
  "check_results": null
}
